// !$*UTF8*$!
{
	archiveVersion = 1;
	classes = {
	};
	objectVersion = 46;
	objects = {

/* Begin PBXBuildFile section */
		65EE9A7D1E15AA7D008C2091 /* openFrameworksDebug.a in Frameworks */ = {isa = PBXBuildFile; fileRef = E4328148138ABC890047C5CB /* openFrameworksDebug.a */; };
		65EE9A7E1E15AA89008C2091 /* Action.h in Sources */ = {isa = PBXBuildFile; fileRef = 65BC80FC1DF8D8BB00331165 /* Action.h */; };
		65EE9A7F1E15AA89008C2091 /* Action.mm in Sources */ = {isa = PBXBuildFile; fileRef = 65BC80FD1DF8D8BB00331165 /* Action.mm */; };
		65EE9A801E15AA89008C2091 /* AppProtocol.h in Sources */ = {isa = PBXBuildFile; fileRef = 65BC80FE1DF8D8BB00331165 /* AppProtocol.h */; };
		65EE9A811E15AA89008C2091 /* Controller.h in Sources */ = {isa = PBXBuildFile; fileRef = 65BC80FF1DF8D8BB00331165 /* Controller.h */; };
		65EE9A821E15AA89008C2091 /* Controller.mm in Sources */ = {isa = PBXBuildFile; fileRef = 65BC81001DF8D8BB00331165 /* Controller.mm */; };
		65EE9A831E15AA89008C2091 /* Engine.h in Sources */ = {isa = PBXBuildFile; fileRef = 65BC81011DF8D8BB00331165 /* Engine.h */; };
		65EE9A841E15AA89008C2091 /* Engine.mm in Sources */ = {isa = PBXBuildFile; fileRef = 65BC81021DF8D8BB00331165 /* Engine.mm */; };
		65EE9A871E15AA89008C2091 /* FreeFrameFilters.h in Sources */ = {isa = PBXBuildFile; fileRef = 65BC81051DF8D8BB00331165 /* FreeFrameFilters.h */; };
		65EE9A881E15AA89008C2091 /* FreeFrameFilters.mm in Sources */ = {isa = PBXBuildFile; fileRef = 65BC81061DF8D8BB00331165 /* FreeFrameFilters.mm */; };
		65EE9A891E15AA89008C2091 /* Layer.h in Sources */ = {isa = PBXBuildFile; fileRef = 65BC81071DF8D8BB00331165 /* Layer.h */; };
		65EE9A8A1E15AA89008C2091 /* Layer.mm in Sources */ = {isa = PBXBuildFile; fileRef = 65BC81081DF8D8BB00331165 /* Layer.mm */; };
		65EE9A8B1E15AA89008C2091 /* Metronome.h in Sources */ = {isa = PBXBuildFile; fileRef = 65BC81091DF8D8BB00331165 /* Metronome.h */; };
		65EE9A8C1E15AA89008C2091 /* Metronome.mm in Sources */ = {isa = PBXBuildFile; fileRef = 65BC810A1DF8D8BB00331165 /* Metronome.mm */; };
		65EE9A8D1E15AA89008C2091 /* Midi.h in Sources */ = {isa = PBXBuildFile; fileRef = 65BC810B1DF8D8BB00331165 /* Midi.h */; };
		65EE9A8E1E15AA89008C2091 /* Midi.mm in Sources */ = {isa = PBXBuildFile; fileRef = 65BC810C1DF8D8BB00331165 /* Midi.mm */; };
		65EE9A8F1E15AA89008C2091 /* Osc.h in Sources */ = {isa = PBXBuildFile; fileRef = 65BC810D1DF8D8BB00331165 /* Osc.h */; };
		65EE9A901E15AA89008C2091 /* Osc.mm in Sources */ = {isa = PBXBuildFile; fileRef = 65BC810E1DF8D8BB00331165 /* Osc.mm */; };
		65EE9A911E15AA89008C2091 /* LayerProperties.h in Sources */ = {isa = PBXBuildFile; fileRef = 65BC81101DF8D8BB00331165 /* LayerProperties.h */; };
		65EE9A921E15AA89008C2091 /* LayerProperties.mm in Sources */ = {isa = PBXBuildFile; fileRef = 65BC81111DF8D8BB00331165 /* LayerProperties.mm */; };
		65EE9A931E15AA89008C2091 /* Properties.h in Sources */ = {isa = PBXBuildFile; fileRef = 65BC81121DF8D8BB00331165 /* Properties.h */; };
		65EE9A941E15AA89008C2091 /* Properties.mm in Sources */ = {isa = PBXBuildFile; fileRef = 65BC81131DF8D8BB00331165 /* Properties.mm */; };
		65EE9A951E15AA89008C2091 /* SetProperties.h in Sources */ = {isa = PBXBuildFile; fileRef = 65BC81141DF8D8BB00331165 /* SetProperties.h */; };
		65EE9A961E15AA89008C2091 /* SetProperties.mm in Sources */ = {isa = PBXBuildFile; fileRef = 65BC81151DF8D8BB00331165 /* SetProperties.mm */; };
		65EE9A971E15AA89008C2091 /* VisualInstancesProperties.h in Sources */ = {isa = PBXBuildFile; fileRef = 65BC81161DF8D8BB00331165 /* VisualInstancesProperties.h */; };
		65EE9A981E15AA89008C2091 /* VisualInstancesProperties.mm in Sources */ = {isa = PBXBuildFile; fileRef = 65BC81171DF8D8BB00331165 /* VisualInstancesProperties.mm */; };
		65EE9A991E15AA89008C2091 /* Scene.h in Sources */ = {isa = PBXBuildFile; fileRef = 65BC81181DF8D8BB00331165 /* Scene.h */; };
		65EE9A9A1E15AA89008C2091 /* Scene.mm in Sources */ = {isa = PBXBuildFile; fileRef = 65BC81191DF8D8BB00331165 /* Scene.mm */; };
		65EE9A9B1E15AA89008C2091 /* Screen.h in Sources */ = {isa = PBXBuildFile; fileRef = 65BC811A1DF8D8BB00331165 /* Screen.h */; };
		65EE9A9C1E15AA89008C2091 /* Screen.mm in Sources */ = {isa = PBXBuildFile; fileRef = 65BC811B1DF8D8BB00331165 /* Screen.mm */; };
		65EE9A9D1E15AA89008C2091 /* Set.h in Sources */ = {isa = PBXBuildFile; fileRef = 65BC811C1DF8D8BB00331165 /* Set.h */; };
		65EE9A9E1E15AA89008C2091 /* Set.mm in Sources */ = {isa = PBXBuildFile; fileRef = 65BC811D1DF8D8BB00331165 /* Set.mm */; };
		65EE9A9F1E15AA89008C2091 /* SyphonOutputManager.h in Sources */ = {isa = PBXBuildFile; fileRef = 65BC811E1DF8D8BB00331165 /* SyphonOutputManager.h */; };
		65EE9AA01E15AA89008C2091 /* SyphonOutputManager.mm in Sources */ = {isa = PBXBuildFile; fileRef = 65BC811F1DF8D8BB00331165 /* SyphonOutputManager.mm */; };
		65EE9AA11E15AA89008C2091 /* Visual.h in Sources */ = {isa = PBXBuildFile; fileRef = 65BC81201DF8D8BB00331165 /* Visual.h */; };
		65EE9AA21E15AA89008C2091 /* Visual.mm in Sources */ = {isa = PBXBuildFile; fileRef = 65BC81211DF8D8BB00331165 /* Visual.mm */; };
		65EE9AA31E15AA89008C2091 /* VisualCamera.h in Sources */ = {isa = PBXBuildFile; fileRef = 65BC81221DF8D8BB00331165 /* VisualCamera.h */; };
		65EE9AA41E15AA89008C2091 /* VisualCamera.mm in Sources */ = {isa = PBXBuildFile; fileRef = 65BC81231DF8D8BB00331165 /* VisualCamera.mm */; };
		65EE9AA51E15AA89008C2091 /* VisualInstance.h in Sources */ = {isa = PBXBuildFile; fileRef = 65BC81241DF8D8BB00331165 /* VisualInstance.h */; };
		65EE9AA61E15AA89008C2091 /* VisualInstance.mm in Sources */ = {isa = PBXBuildFile; fileRef = 65BC81251DF8D8BB00331165 /* VisualInstance.mm */; };
		65EE9AA71E15AA89008C2091 /* VisualSyphon.h in Sources */ = {isa = PBXBuildFile; fileRef = 65BC81261DF8D8BB00331165 /* VisualSyphon.h */; };
		65EE9AA81E15AA89008C2091 /* VisualSyphon.mm in Sources */ = {isa = PBXBuildFile; fileRef = 65BC81271DF8D8BB00331165 /* VisualSyphon.mm */; };
		65EE9AA91E15AA89008C2091 /* VisualVideo.h in Sources */ = {isa = PBXBuildFile; fileRef = 65BC81281DF8D8BB00331165 /* VisualVideo.h */; };
		65EE9AAA1E15AA89008C2091 /* VisualVideo.mm in Sources */ = {isa = PBXBuildFile; fileRef = 65BC81291DF8D8BB00331165 /* VisualVideo.mm */; };
/* End PBXBuildFile section */

/* Begin PBXContainerItemProxy section */
		65EE9A7B1E15AA6F008C2091 /* PBXContainerItemProxy */ = {
			isa = PBXContainerItemProxy;
			containerPortal = E4328143138ABC890047C5CB /* openFrameworksLib.xcodeproj */;
			proxyType = 1;
			remoteGlobalIDString = E4B27C1410CBEB8E00536013;
			remoteInfo = openFrameworks;
		};
		E4328147138ABC890047C5CB /* PBXContainerItemProxy */ = {
			isa = PBXContainerItemProxy;
			containerPortal = E4328143138ABC890047C5CB /* openFrameworksLib.xcodeproj */;
			proxyType = 2;
			remoteGlobalIDString = E4B27C1510CBEB8E00536013;
			remoteInfo = openFrameworks;
		};
/* End PBXContainerItemProxy section */

/* Begin PBXFileReference section */
		659E25D51E70BCAE00217A12 /* CoreVideo.framework */ = {isa = PBXFileReference; lastKnownFileType = wrapper.framework; name = CoreVideo.framework; path = System/Library/Frameworks/CoreVideo.framework; sourceTree = SDKROOT; };
		65A186601DF8DF9200BE0219 /* libArbutusLib.a */ = {isa = PBXFileReference; explicitFileType = archive.ar; includeInIndex = 0; path = libArbutusLib.a; sourceTree = BUILT_PRODUCTS_DIR; };
		65BC80FC1DF8D8BB00331165 /* Action.h */ = {isa = PBXFileReference; lastKnownFileType = sourcecode.c.h; path = Action.h; sourceTree = "<group>"; };
		65BC80FD1DF8D8BB00331165 /* Action.mm */ = {isa = PBXFileReference; lastKnownFileType = sourcecode.cpp.objcpp; path = Action.mm; sourceTree = "<group>"; };
		65BC80FE1DF8D8BB00331165 /* AppProtocol.h */ = {isa = PBXFileReference; lastKnownFileType = sourcecode.c.h; path = AppProtocol.h; sourceTree = "<group>"; };
		65BC80FF1DF8D8BB00331165 /* Controller.h */ = {isa = PBXFileReference; lastKnownFileType = sourcecode.c.h; path = Controller.h; sourceTree = "<group>"; };
		65BC81001DF8D8BB00331165 /* Controller.mm */ = {isa = PBXFileReference; lastKnownFileType = sourcecode.cpp.objcpp; path = Controller.mm; sourceTree = "<group>"; };
		65BC81011DF8D8BB00331165 /* Engine.h */ = {isa = PBXFileReference; explicitFileType = sourcecode.cpp.h; path = Engine.h; sourceTree = "<group>"; };
		65BC81021DF8D8BB00331165 /* Engine.mm */ = {isa = PBXFileReference; lastKnownFileType = sourcecode.cpp.objcpp; path = Engine.mm; sourceTree = "<group>"; };
		65BC81051DF8D8BB00331165 /* FreeFrameFilters.h */ = {isa = PBXFileReference; lastKnownFileType = sourcecode.c.h; path = FreeFrameFilters.h; sourceTree = "<group>"; };
		65BC81061DF8D8BB00331165 /* FreeFrameFilters.mm */ = {isa = PBXFileReference; lastKnownFileType = sourcecode.cpp.objcpp; path = FreeFrameFilters.mm; sourceTree = "<group>"; };
		65BC81071DF8D8BB00331165 /* Layer.h */ = {isa = PBXFileReference; lastKnownFileType = sourcecode.c.h; path = Layer.h; sourceTree = "<group>"; };
		65BC81081DF8D8BB00331165 /* Layer.mm */ = {isa = PBXFileReference; lastKnownFileType = sourcecode.cpp.objcpp; path = Layer.mm; sourceTree = "<group>"; };
		65BC81091DF8D8BB00331165 /* Metronome.h */ = {isa = PBXFileReference; lastKnownFileType = sourcecode.c.h; path = Metronome.h; sourceTree = "<group>"; };
		65BC810A1DF8D8BB00331165 /* Metronome.mm */ = {isa = PBXFileReference; lastKnownFileType = sourcecode.cpp.objcpp; path = Metronome.mm; sourceTree = "<group>"; };
		65BC810B1DF8D8BB00331165 /* Midi.h */ = {isa = PBXFileReference; lastKnownFileType = sourcecode.c.h; path = Midi.h; sourceTree = "<group>"; };
		65BC810C1DF8D8BB00331165 /* Midi.mm */ = {isa = PBXFileReference; lastKnownFileType = sourcecode.cpp.objcpp; path = Midi.mm; sourceTree = "<group>"; };
		65BC810D1DF8D8BB00331165 /* Osc.h */ = {isa = PBXFileReference; lastKnownFileType = sourcecode.c.h; path = Osc.h; sourceTree = "<group>"; };
		65BC810E1DF8D8BB00331165 /* Osc.mm */ = {isa = PBXFileReference; lastKnownFileType = sourcecode.cpp.objcpp; path = Osc.mm; sourceTree = "<group>"; };
		65BC81101DF8D8BB00331165 /* LayerProperties.h */ = {isa = PBXFileReference; lastKnownFileType = sourcecode.c.h; path = LayerProperties.h; sourceTree = "<group>"; };
		65BC81111DF8D8BB00331165 /* LayerProperties.mm */ = {isa = PBXFileReference; lastKnownFileType = sourcecode.cpp.objcpp; path = LayerProperties.mm; sourceTree = "<group>"; };
		65BC81121DF8D8BB00331165 /* Properties.h */ = {isa = PBXFileReference; lastKnownFileType = sourcecode.c.h; path = Properties.h; sourceTree = "<group>"; };
		65BC81131DF8D8BB00331165 /* Properties.mm */ = {isa = PBXFileReference; lastKnownFileType = sourcecode.cpp.objcpp; path = Properties.mm; sourceTree = "<group>"; };
		65BC81141DF8D8BB00331165 /* SetProperties.h */ = {isa = PBXFileReference; lastKnownFileType = sourcecode.c.h; path = SetProperties.h; sourceTree = "<group>"; };
		65BC81151DF8D8BB00331165 /* SetProperties.mm */ = {isa = PBXFileReference; lastKnownFileType = sourcecode.cpp.objcpp; path = SetProperties.mm; sourceTree = "<group>"; };
		65BC81161DF8D8BB00331165 /* VisualInstancesProperties.h */ = {isa = PBXFileReference; lastKnownFileType = sourcecode.c.h; path = VisualInstancesProperties.h; sourceTree = "<group>"; };
		65BC81171DF8D8BB00331165 /* VisualInstancesProperties.mm */ = {isa = PBXFileReference; lastKnownFileType = sourcecode.cpp.objcpp; path = VisualInstancesProperties.mm; sourceTree = "<group>"; };
		65BC81181DF8D8BB00331165 /* Scene.h */ = {isa = PBXFileReference; lastKnownFileType = sourcecode.c.h; path = Scene.h; sourceTree = "<group>"; };
		65BC81191DF8D8BB00331165 /* Scene.mm */ = {isa = PBXFileReference; lastKnownFileType = sourcecode.cpp.objcpp; path = Scene.mm; sourceTree = "<group>"; };
		65BC811A1DF8D8BB00331165 /* Screen.h */ = {isa = PBXFileReference; lastKnownFileType = sourcecode.c.h; path = Screen.h; sourceTree = "<group>"; };
		65BC811B1DF8D8BB00331165 /* Screen.mm */ = {isa = PBXFileReference; lastKnownFileType = sourcecode.cpp.objcpp; path = Screen.mm; sourceTree = "<group>"; };
		65BC811C1DF8D8BB00331165 /* Set.h */ = {isa = PBXFileReference; lastKnownFileType = sourcecode.c.h; path = Set.h; sourceTree = "<group>"; };
		65BC811D1DF8D8BB00331165 /* Set.mm */ = {isa = PBXFileReference; lastKnownFileType = sourcecode.cpp.objcpp; path = Set.mm; sourceTree = "<group>"; };
		65BC811E1DF8D8BB00331165 /* SyphonOutputManager.h */ = {isa = PBXFileReference; lastKnownFileType = sourcecode.c.h; path = SyphonOutputManager.h; sourceTree = "<group>"; };
		65BC811F1DF8D8BB00331165 /* SyphonOutputManager.mm */ = {isa = PBXFileReference; lastKnownFileType = sourcecode.cpp.objcpp; path = SyphonOutputManager.mm; sourceTree = "<group>"; };
		65BC81201DF8D8BB00331165 /* Visual.h */ = {isa = PBXFileReference; lastKnownFileType = sourcecode.c.h; path = Visual.h; sourceTree = "<group>"; };
		65BC81211DF8D8BB00331165 /* Visual.mm */ = {isa = PBXFileReference; lastKnownFileType = sourcecode.cpp.objcpp; path = Visual.mm; sourceTree = "<group>"; };
		65BC81221DF8D8BB00331165 /* VisualCamera.h */ = {isa = PBXFileReference; lastKnownFileType = sourcecode.c.h; path = VisualCamera.h; sourceTree = "<group>"; };
		65BC81231DF8D8BB00331165 /* VisualCamera.mm */ = {isa = PBXFileReference; lastKnownFileType = sourcecode.cpp.objcpp; path = VisualCamera.mm; sourceTree = "<group>"; };
		65BC81241DF8D8BB00331165 /* VisualInstance.h */ = {isa = PBXFileReference; lastKnownFileType = sourcecode.c.h; path = VisualInstance.h; sourceTree = "<group>"; };
		65BC81251DF8D8BB00331165 /* VisualInstance.mm */ = {isa = PBXFileReference; lastKnownFileType = sourcecode.cpp.objcpp; path = VisualInstance.mm; sourceTree = "<group>"; };
		65BC81261DF8D8BB00331165 /* VisualSyphon.h */ = {isa = PBXFileReference; lastKnownFileType = sourcecode.c.h; path = VisualSyphon.h; sourceTree = "<group>"; };
		65BC81271DF8D8BB00331165 /* VisualSyphon.mm */ = {isa = PBXFileReference; lastKnownFileType = sourcecode.cpp.objcpp; path = VisualSyphon.mm; sourceTree = "<group>"; };
		65BC81281DF8D8BB00331165 /* VisualVideo.h */ = {isa = PBXFileReference; lastKnownFileType = sourcecode.c.h; path = VisualVideo.h; sourceTree = "<group>"; };
		65BC81291DF8D8BB00331165 /* VisualVideo.mm */ = {isa = PBXFileReference; lastKnownFileType = sourcecode.cpp.objcpp; path = VisualVideo.mm; sourceTree = "<group>"; };
		65BC812F1DF8D94600331165 /* Syphon.framework */ = {isa = PBXFileReference; lastKnownFileType = wrapper.framework; path = Syphon.framework; sourceTree = "<group>"; };
		65BC81311DF8D94600331165 /* SyphonNameboundClient.h */ = {isa = PBXFileReference; lastKnownFileType = sourcecode.c.h; path = SyphonNameboundClient.h; sourceTree = "<group>"; };
		65BC81321DF8D94600331165 /* SyphonNameboundClient.m */ = {isa = PBXFileReference; lastKnownFileType = sourcecode.c.objc; path = SyphonNameboundClient.m; sourceTree = "<group>"; };
		65BC81341DF8D94600331165 /* ofxSyphon.h */ = {isa = PBXFileReference; lastKnownFileType = sourcecode.c.h; path = ofxSyphon.h; sourceTree = "<group>"; };
		65BC81351DF8D94600331165 /* ofxSyphonClient.h */ = {isa = PBXFileReference; lastKnownFileType = sourcecode.c.h; path = ofxSyphonClient.h; sourceTree = "<group>"; };
		65BC81361DF8D94600331165 /* ofxSyphonClient.mm */ = {isa = PBXFileReference; lastKnownFileType = sourcecode.cpp.objcpp; path = ofxSyphonClient.mm; sourceTree = "<group>"; };
		65BC81371DF8D94600331165 /* ofxSyphonServer.h */ = {isa = PBXFileReference; lastKnownFileType = sourcecode.c.h; path = ofxSyphonServer.h; sourceTree = "<group>"; };
		65BC81381DF8D94600331165 /* ofxSyphonServer.mm */ = {isa = PBXFileReference; lastKnownFileType = sourcecode.cpp.objcpp; path = ofxSyphonServer.mm; sourceTree = "<group>"; };
		65BC81391DF8D94600331165 /* ofxSyphonServerDirectory.h */ = {isa = PBXFileReference; lastKnownFileType = sourcecode.c.h; path = ofxSyphonServerDirectory.h; sourceTree = "<group>"; };
		65BC813A1DF8D94600331165 /* ofxSyphonServerDirectory.mm */ = {isa = PBXFileReference; lastKnownFileType = sourcecode.cpp.objcpp; path = ofxSyphonServerDirectory.mm; sourceTree = "<group>"; };
		65BC81401DF8D96500331165 /* IpEndpointName.cpp */ = {isa = PBXFileReference; lastKnownFileType = sourcecode.cpp.cpp; path = IpEndpointName.cpp; sourceTree = "<group>"; };
		65BC81411DF8D96500331165 /* IpEndpointName.h */ = {isa = PBXFileReference; lastKnownFileType = sourcecode.c.h; path = IpEndpointName.h; sourceTree = "<group>"; };
		65BC81421DF8D96500331165 /* NetworkingUtils.h */ = {isa = PBXFileReference; lastKnownFileType = sourcecode.c.h; path = NetworkingUtils.h; sourceTree = "<group>"; };
		65BC81431DF8D96500331165 /* PacketListener.h */ = {isa = PBXFileReference; lastKnownFileType = sourcecode.c.h; path = PacketListener.h; sourceTree = "<group>"; };
		65BC81451DF8D96500331165 /* NetworkingUtils.cpp */ = {isa = PBXFileReference; lastKnownFileType = sourcecode.cpp.cpp; path = NetworkingUtils.cpp; sourceTree = "<group>"; };
		65BC81461DF8D96500331165 /* UdpSocket.cpp */ = {isa = PBXFileReference; lastKnownFileType = sourcecode.cpp.cpp; path = UdpSocket.cpp; sourceTree = "<group>"; };
		65BC81471DF8D96500331165 /* TimerListener.h */ = {isa = PBXFileReference; lastKnownFileType = sourcecode.c.h; path = TimerListener.h; sourceTree = "<group>"; };
		65BC81481DF8D96500331165 /* UdpSocket.h */ = {isa = PBXFileReference; lastKnownFileType = sourcecode.c.h; path = UdpSocket.h; sourceTree = "<group>"; };
		65BC814A1DF8D96500331165 /* NetworkingUtils.cpp */ = {isa = PBXFileReference; lastKnownFileType = sourcecode.cpp.cpp; path = NetworkingUtils.cpp; sourceTree = "<group>"; };
		65BC814B1DF8D96500331165 /* UdpSocket.cpp */ = {isa = PBXFileReference; lastKnownFileType = sourcecode.cpp.cpp; path = UdpSocket.cpp; sourceTree = "<group>"; };
		65BC814D1DF8D96500331165 /* MessageMappingOscPacketListener.h */ = {isa = PBXFileReference; lastKnownFileType = sourcecode.c.h; path = MessageMappingOscPacketListener.h; sourceTree = "<group>"; };
		65BC814E1DF8D96500331165 /* OscException.h */ = {isa = PBXFileReference; lastKnownFileType = sourcecode.c.h; path = OscException.h; sourceTree = "<group>"; };
		65BC814F1DF8D96500331165 /* OscHostEndianness.h */ = {isa = PBXFileReference; lastKnownFileType = sourcecode.c.h; path = OscHostEndianness.h; sourceTree = "<group>"; };
		65BC81501DF8D96500331165 /* OscOutboundPacketStream.cpp */ = {isa = PBXFileReference; lastKnownFileType = sourcecode.cpp.cpp; path = OscOutboundPacketStream.cpp; sourceTree = "<group>"; };
		65BC81511DF8D96500331165 /* OscOutboundPacketStream.h */ = {isa = PBXFileReference; lastKnownFileType = sourcecode.c.h; path = OscOutboundPacketStream.h; sourceTree = "<group>"; };
		65BC81521DF8D96500331165 /* OscPacketListener.h */ = {isa = PBXFileReference; lastKnownFileType = sourcecode.c.h; path = OscPacketListener.h; sourceTree = "<group>"; };
		65BC81531DF8D96500331165 /* OscPrintReceivedElements.cpp */ = {isa = PBXFileReference; lastKnownFileType = sourcecode.cpp.cpp; path = OscPrintReceivedElements.cpp; sourceTree = "<group>"; };
		65BC81541DF8D96500331165 /* OscPrintReceivedElements.h */ = {isa = PBXFileReference; lastKnownFileType = sourcecode.c.h; path = OscPrintReceivedElements.h; sourceTree = "<group>"; };
		65BC81551DF8D96500331165 /* OscReceivedElements.cpp */ = {isa = PBXFileReference; lastKnownFileType = sourcecode.cpp.cpp; path = OscReceivedElements.cpp; sourceTree = "<group>"; };
		65BC81561DF8D96500331165 /* OscReceivedElements.h */ = {isa = PBXFileReference; lastKnownFileType = sourcecode.c.h; path = OscReceivedElements.h; sourceTree = "<group>"; };
		65BC81571DF8D96500331165 /* OscTypes.cpp */ = {isa = PBXFileReference; lastKnownFileType = sourcecode.cpp.cpp; path = OscTypes.cpp; sourceTree = "<group>"; };
		65BC81581DF8D96500331165 /* OscTypes.h */ = {isa = PBXFileReference; lastKnownFileType = sourcecode.c.h; path = OscTypes.h; sourceTree = "<group>"; };
		65BC815A1DF8D96500331165 /* ofxOsc.h */ = {isa = PBXFileReference; lastKnownFileType = sourcecode.c.h; path = ofxOsc.h; sourceTree = "<group>"; };
		65BC815B1DF8D96500331165 /* ofxOscArg.h */ = {isa = PBXFileReference; lastKnownFileType = sourcecode.c.h; path = ofxOscArg.h; sourceTree = "<group>"; };
		65BC815C1DF8D96500331165 /* ofxOscBundle.cpp */ = {isa = PBXFileReference; lastKnownFileType = sourcecode.cpp.cpp; path = ofxOscBundle.cpp; sourceTree = "<group>"; };
		65BC815D1DF8D96500331165 /* ofxOscBundle.h */ = {isa = PBXFileReference; lastKnownFileType = sourcecode.c.h; path = ofxOscBundle.h; sourceTree = "<group>"; };
		65BC815E1DF8D96500331165 /* ofxOscMessage.cpp */ = {isa = PBXFileReference; lastKnownFileType = sourcecode.cpp.cpp; path = ofxOscMessage.cpp; sourceTree = "<group>"; };
		65BC815F1DF8D96500331165 /* ofxOscMessage.h */ = {isa = PBXFileReference; lastKnownFileType = sourcecode.c.h; path = ofxOscMessage.h; sourceTree = "<group>"; };
		65BC81601DF8D96500331165 /* ofxOscParameterSync.cpp */ = {isa = PBXFileReference; lastKnownFileType = sourcecode.cpp.cpp; path = ofxOscParameterSync.cpp; sourceTree = "<group>"; };
		65BC81611DF8D96500331165 /* ofxOscParameterSync.h */ = {isa = PBXFileReference; lastKnownFileType = sourcecode.c.h; path = ofxOscParameterSync.h; sourceTree = "<group>"; };
		65BC81621DF8D96500331165 /* ofxOscReceiver.cpp */ = {isa = PBXFileReference; lastKnownFileType = sourcecode.cpp.cpp; path = ofxOscReceiver.cpp; sourceTree = "<group>"; };
		65BC81631DF8D96500331165 /* ofxOscReceiver.h */ = {isa = PBXFileReference; lastKnownFileType = sourcecode.c.h; path = ofxOscReceiver.h; sourceTree = "<group>"; };
		65BC81641DF8D96500331165 /* ofxOscSender.cpp */ = {isa = PBXFileReference; lastKnownFileType = sourcecode.cpp.cpp; path = ofxOscSender.cpp; sourceTree = "<group>"; };
		65BC81651DF8D96500331165 /* ofxOscSender.h */ = {isa = PBXFileReference; lastKnownFileType = sourcecode.c.h; path = ofxOscSender.h; sourceTree = "<group>"; };
		65BC81691DF8D9CA00331165 /* ofxRtMidiIn.cpp */ = {isa = PBXFileReference; lastKnownFileType = sourcecode.cpp.cpp; path = ofxRtMidiIn.cpp; sourceTree = "<group>"; };
		65BC816A1DF8D9CA00331165 /* ofxRtMidiIn.h */ = {isa = PBXFileReference; lastKnownFileType = sourcecode.c.h; path = ofxRtMidiIn.h; sourceTree = "<group>"; };
		65BC816B1DF8D9CA00331165 /* ofxRtMidiOut.cpp */ = {isa = PBXFileReference; lastKnownFileType = sourcecode.cpp.cpp; path = ofxRtMidiOut.cpp; sourceTree = "<group>"; };
		65BC816C1DF8D9CA00331165 /* ofxRtMidiOut.h */ = {isa = PBXFileReference; lastKnownFileType = sourcecode.c.h; path = ofxRtMidiOut.h; sourceTree = "<group>"; };
		65BC81731DF8D9CA00331165 /* ofxPGMidiContext.h */ = {isa = PBXFileReference; lastKnownFileType = sourcecode.c.h; path = ofxPGMidiContext.h; sourceTree = "<group>"; };
		65BC81741DF8D9CA00331165 /* ofxPGMidiContext.mm */ = {isa = PBXFileReference; lastKnownFileType = sourcecode.cpp.objcpp; path = ofxPGMidiContext.mm; sourceTree = "<group>"; };
		65BC81751DF8D9CA00331165 /* ofxPGMidiDelegate.h */ = {isa = PBXFileReference; lastKnownFileType = sourcecode.c.h; path = ofxPGMidiDelegate.h; sourceTree = "<group>"; };
		65BC81761DF8D9CA00331165 /* ofxPGMidiDelegate.mm */ = {isa = PBXFileReference; lastKnownFileType = sourcecode.cpp.objcpp; path = ofxPGMidiDelegate.mm; sourceTree = "<group>"; };
		65BC81771DF8D9CA00331165 /* ofxPGMidiIn.h */ = {isa = PBXFileReference; lastKnownFileType = sourcecode.c.h; path = ofxPGMidiIn.h; sourceTree = "<group>"; };
		65BC81781DF8D9CA00331165 /* ofxPGMidiIn.mm */ = {isa = PBXFileReference; lastKnownFileType = sourcecode.cpp.objcpp; path = ofxPGMidiIn.mm; sourceTree = "<group>"; };
		65BC81791DF8D9CA00331165 /* ofxPGMidiOut.h */ = {isa = PBXFileReference; lastKnownFileType = sourcecode.c.h; path = ofxPGMidiOut.h; sourceTree = "<group>"; };
		65BC817A1DF8D9CA00331165 /* ofxPGMidiOut.mm */ = {isa = PBXFileReference; lastKnownFileType = sourcecode.cpp.objcpp; path = ofxPGMidiOut.mm; sourceTree = "<group>"; };
		65BC817B1DF8D9CA00331165 /* ofxPGMidiSourceDelegate.h */ = {isa = PBXFileReference; lastKnownFileType = sourcecode.c.h; path = ofxPGMidiSourceDelegate.h; sourceTree = "<group>"; };
		65BC817C1DF8D9CA00331165 /* ofxPGMidiSourceDelegate.mm */ = {isa = PBXFileReference; lastKnownFileType = sourcecode.cpp.objcpp; path = ofxPGMidiSourceDelegate.mm; sourceTree = "<group>"; };
		65BC81871DF8D9CA00331165 /* ofxBaseMidi.cpp */ = {isa = PBXFileReference; lastKnownFileType = sourcecode.cpp.cpp; path = ofxBaseMidi.cpp; sourceTree = "<group>"; };
		65BC81881DF8D9CA00331165 /* ofxBaseMidi.h */ = {isa = PBXFileReference; lastKnownFileType = sourcecode.c.h; path = ofxBaseMidi.h; sourceTree = "<group>"; };
		65BC81891DF8D9CA00331165 /* ofxMidi.cpp */ = {isa = PBXFileReference; lastKnownFileType = sourcecode.cpp.cpp; path = ofxMidi.cpp; sourceTree = "<group>"; };
		65BC818A1DF8D9CA00331165 /* ofxMidi.h */ = {isa = PBXFileReference; lastKnownFileType = sourcecode.c.h; path = ofxMidi.h; sourceTree = "<group>"; };
		65BC818B1DF8D9CA00331165 /* ofxMidiConstants.h */ = {isa = PBXFileReference; lastKnownFileType = sourcecode.c.h; path = ofxMidiConstants.h; sourceTree = "<group>"; };
		65BC818C1DF8D9CA00331165 /* ofxMidiIn.cpp */ = {isa = PBXFileReference; lastKnownFileType = sourcecode.cpp.cpp; path = ofxMidiIn.cpp; sourceTree = "<group>"; };
		65BC818D1DF8D9CA00331165 /* ofxMidiIn.h */ = {isa = PBXFileReference; lastKnownFileType = sourcecode.c.h; path = ofxMidiIn.h; sourceTree = "<group>"; };
		65BC818E1DF8D9CA00331165 /* ofxMidiMessage.cpp */ = {isa = PBXFileReference; lastKnownFileType = sourcecode.cpp.cpp; path = ofxMidiMessage.cpp; sourceTree = "<group>"; };
		65BC818F1DF8D9CA00331165 /* ofxMidiMessage.h */ = {isa = PBXFileReference; lastKnownFileType = sourcecode.c.h; path = ofxMidiMessage.h; sourceTree = "<group>"; };
		65BC81901DF8D9CA00331165 /* ofxMidiOut.cpp */ = {isa = PBXFileReference; lastKnownFileType = sourcecode.cpp.cpp; path = ofxMidiOut.cpp; sourceTree = "<group>"; };
		65BC81911DF8D9CA00331165 /* ofxMidiOut.h */ = {isa = PBXFileReference; lastKnownFileType = sourcecode.c.h; path = ofxMidiOut.h; sourceTree = "<group>"; };
		65BC81921DF8D9CA00331165 /* ofxMidiTypes.h */ = {isa = PBXFileReference; lastKnownFileType = sourcecode.c.h; path = ofxMidiTypes.h; sourceTree = "<group>"; };
		65BC81951DF8D9D600331165 /* tinyxml.cpp */ = {isa = PBXFileReference; lastKnownFileType = sourcecode.cpp.cpp; path = tinyxml.cpp; sourceTree = "<group>"; };
		65BC81961DF8D9D600331165 /* tinyxml.h */ = {isa = PBXFileReference; lastKnownFileType = sourcecode.c.h; path = tinyxml.h; sourceTree = "<group>"; };
		65BC81971DF8D9D600331165 /* tinyxmlerror.cpp */ = {isa = PBXFileReference; lastKnownFileType = sourcecode.cpp.cpp; path = tinyxmlerror.cpp; sourceTree = "<group>"; };
		65BC81981DF8D9D600331165 /* tinyxmlparser.cpp */ = {isa = PBXFileReference; lastKnownFileType = sourcecode.cpp.cpp; path = tinyxmlparser.cpp; sourceTree = "<group>"; };
		65BC819A1DF8D9D600331165 /* ofxXmlSettings.cpp */ = {isa = PBXFileReference; lastKnownFileType = sourcecode.cpp.cpp; path = ofxXmlSettings.cpp; sourceTree = "<group>"; };
		65BC819B1DF8D9D600331165 /* ofxXmlSettings.h */ = {isa = PBXFileReference; lastKnownFileType = sourcecode.c.h; path = ofxXmlSettings.h; sourceTree = "<group>"; };
		65C1EB161E6E1D16003F731D /* readme */ = {isa = PBXFileReference; lastKnownFileType = text; path = readme; sourceTree = "<group>"; };
		65C1EB171E6E1D16003F731D /* RtMidi.cpp */ = {isa = PBXFileReference; lastKnownFileType = sourcecode.cpp.cpp; path = RtMidi.cpp; sourceTree = "<group>"; };
		65C1EB181E6E1D16003F731D /* RtMidi.h */ = {isa = PBXFileReference; lastKnownFileType = sourcecode.c.h; path = RtMidi.h; sourceTree = "<group>"; };
		65C1EB1A1E6E1DD9003F731D /* ofApp.cpp */ = {isa = PBXFileReference; fileEncoding = 4; lastKnownFileType = sourcecode.cpp.cpp; name = ofApp.cpp; path = Frontend/ofApp.cpp; sourceTree = "<group>"; };
		65C1EB1B1E6E1DD9003F731D /* ofApp.h */ = {isa = PBXFileReference; fileEncoding = 4; lastKnownFileType = sourcecode.c.h; name = ofApp.h; path = Frontend/ofApp.h; sourceTree = "<group>"; };
		E4328143138ABC890047C5CB /* openFrameworksLib.xcodeproj */ = {isa = PBXFileReference; lastKnownFileType = "wrapper.pb-project"; name = openFrameworksLib.xcodeproj; path = ../../../libs/openFrameworksCompiled/project/osx/openFrameworksLib.xcodeproj; sourceTree = SOURCE_ROOT; };
		E4B6FCAD0C3E899E008CF71C /* openFrameworks-Info.plist */ = {isa = PBXFileReference; fileEncoding = 30; lastKnownFileType = text.plist.xml; path = "openFrameworks-Info.plist"; sourceTree = "<group>"; };
		E4EB691F138AFCF100A09F29 /* CoreOF.xcconfig */ = {isa = PBXFileReference; fileEncoding = 4; lastKnownFileType = text.xcconfig; name = CoreOF.xcconfig; path = ../../../libs/openFrameworksCompiled/project/osx/CoreOF.xcconfig; sourceTree = SOURCE_ROOT; };
		E4EB6923138AFD0F00A09F29 /* Project.xcconfig */ = {isa = PBXFileReference; fileEncoding = 4; lastKnownFileType = text.xcconfig; path = Project.xcconfig; sourceTree = "<group>"; };
/* End PBXFileReference section */

/* Begin PBXFrameworksBuildPhase section */
		65A1865D1DF8DF9200BE0219 /* Frameworks */ = {
			isa = PBXFrameworksBuildPhase;
			buildActionMask = 2147483647;
			files = (
				65EE9A7D1E15AA7D008C2091 /* openFrameworksDebug.a in Frameworks */,
			);
			runOnlyForDeploymentPostprocessing = 0;
		};
/* End PBXFrameworksBuildPhase section */

/* Begin PBXGroup section */
		659E25D41E70BCAE00217A12 /* Frameworks */ = {
			isa = PBXGroup;
			children = (
				659E25D51E70BCAE00217A12 /* CoreVideo.framework */,
			);
			name = Frameworks;
			sourceTree = "<group>";
		};
		65BC80FA1DF8D8BB00331165 /* Library */ = {
			isa = PBXGroup;
			children = (
				65BC80FB1DF8D8BB00331165 /* Engine */,
			);
			path = Library;
			sourceTree = "<group>";
		};
		65BC80FB1DF8D8BB00331165 /* Engine */ = {
			isa = PBXGroup;
			children = (
				65BC80FC1DF8D8BB00331165 /* Action.h */,
				65BC80FD1DF8D8BB00331165 /* Action.mm */,
				65BC80FE1DF8D8BB00331165 /* AppProtocol.h */,
				65BC80FF1DF8D8BB00331165 /* Controller.h */,
				65BC81001DF8D8BB00331165 /* Controller.mm */,
				65BC81011DF8D8BB00331165 /* Engine.h */,
				65BC81021DF8D8BB00331165 /* Engine.mm */,
				65BC81051DF8D8BB00331165 /* FreeFrameFilters.h */,
				65BC81061DF8D8BB00331165 /* FreeFrameFilters.mm */,
				65BC81071DF8D8BB00331165 /* Layer.h */,
				65BC81081DF8D8BB00331165 /* Layer.mm */,
				65BC81091DF8D8BB00331165 /* Metronome.h */,
				65BC810A1DF8D8BB00331165 /* Metronome.mm */,
				65BC810B1DF8D8BB00331165 /* Midi.h */,
				65BC810C1DF8D8BB00331165 /* Midi.mm */,
				65BC810D1DF8D8BB00331165 /* Osc.h */,
				65BC810E1DF8D8BB00331165 /* Osc.mm */,
				65BC810F1DF8D8BB00331165 /* Properties */,
				65BC81181DF8D8BB00331165 /* Scene.h */,
				65BC81191DF8D8BB00331165 /* Scene.mm */,
				65BC811A1DF8D8BB00331165 /* Screen.h */,
				65BC811B1DF8D8BB00331165 /* Screen.mm */,
				65BC811C1DF8D8BB00331165 /* Set.h */,
				65BC811D1DF8D8BB00331165 /* Set.mm */,
				65BC811E1DF8D8BB00331165 /* SyphonOutputManager.h */,
				65BC811F1DF8D8BB00331165 /* SyphonOutputManager.mm */,
				65BC81201DF8D8BB00331165 /* Visual.h */,
				65BC81211DF8D8BB00331165 /* Visual.mm */,
				65BC81221DF8D8BB00331165 /* VisualCamera.h */,
				65BC81231DF8D8BB00331165 /* VisualCamera.mm */,
				65BC81241DF8D8BB00331165 /* VisualInstance.h */,
				65BC81251DF8D8BB00331165 /* VisualInstance.mm */,
				65BC81261DF8D8BB00331165 /* VisualSyphon.h */,
				65BC81271DF8D8BB00331165 /* VisualSyphon.mm */,
				65BC81281DF8D8BB00331165 /* VisualVideo.h */,
				65BC81291DF8D8BB00331165 /* VisualVideo.mm */,
			);
			path = Engine;
			sourceTree = "<group>";
		};
		65BC810F1DF8D8BB00331165 /* Properties */ = {
			isa = PBXGroup;
			children = (
				65BC81101DF8D8BB00331165 /* LayerProperties.h */,
				65BC81111DF8D8BB00331165 /* LayerProperties.mm */,
				65BC81121DF8D8BB00331165 /* Properties.h */,
				65BC81131DF8D8BB00331165 /* Properties.mm */,
				65BC81141DF8D8BB00331165 /* SetProperties.h */,
				65BC81151DF8D8BB00331165 /* SetProperties.mm */,
				65BC81161DF8D8BB00331165 /* VisualInstancesProperties.h */,
				65BC81171DF8D8BB00331165 /* VisualInstancesProperties.mm */,
			);
			path = Properties;
			sourceTree = "<group>";
		};
		65BC812A1DF8D8E400331165 /* ofxSyphon */ = {
			isa = PBXGroup;
			children = (
				65BC812B1DF8D94600331165 /* libs */,
				65BC81331DF8D94600331165 /* src */,
			);
			name = ofxSyphon;
			sourceTree = "<group>";
		};
		65BC812B1DF8D94600331165 /* libs */ = {
			isa = PBXGroup;
			children = (
				65BC812C1DF8D94600331165 /* Syphon */,
			);
			name = libs;
			path = ../../../addons/ofxSyphon/libs;
			sourceTree = "<group>";
		};
		65BC812C1DF8D94600331165 /* Syphon */ = {
			isa = PBXGroup;
			children = (
				65BC812D1DF8D94600331165 /* lib */,
				65BC81301DF8D94600331165 /* src */,
			);
			path = Syphon;
			sourceTree = "<group>";
		};
		65BC812D1DF8D94600331165 /* lib */ = {
			isa = PBXGroup;
			children = (
				65BC812E1DF8D94600331165 /* osx */,
			);
			path = lib;
			sourceTree = "<group>";
		};
		65BC812E1DF8D94600331165 /* osx */ = {
			isa = PBXGroup;
			children = (
				65BC812F1DF8D94600331165 /* Syphon.framework */,
			);
			path = osx;
			sourceTree = "<group>";
		};
		65BC81301DF8D94600331165 /* src */ = {
			isa = PBXGroup;
			children = (
				65BC81311DF8D94600331165 /* SyphonNameboundClient.h */,
				65BC81321DF8D94600331165 /* SyphonNameboundClient.m */,
			);
			path = src;
			sourceTree = "<group>";
		};
		65BC81331DF8D94600331165 /* src */ = {
			isa = PBXGroup;
			children = (
				65BC81341DF8D94600331165 /* ofxSyphon.h */,
				65BC81351DF8D94600331165 /* ofxSyphonClient.h */,
				65BC81361DF8D94600331165 /* ofxSyphonClient.mm */,
				65BC81371DF8D94600331165 /* ofxSyphonServer.h */,
				65BC81381DF8D94600331165 /* ofxSyphonServer.mm */,
				65BC81391DF8D94600331165 /* ofxSyphonServerDirectory.h */,
				65BC813A1DF8D94600331165 /* ofxSyphonServerDirectory.mm */,
			);
			name = src;
			path = ../../../addons/ofxSyphon/src;
			sourceTree = "<group>";
		};
		65BC813B1DF8D95600331165 /* ofxOsc */ = {
			isa = PBXGroup;
			children = (
				65BC81591DF8D96500331165 /* src */,
				65BC813C1DF8D96500331165 /* libs */,
			);
			name = ofxOsc;
			sourceTree = "<group>";
		};
		65BC813C1DF8D96500331165 /* libs */ = {
			isa = PBXGroup;
			children = (
				65BC813D1DF8D96500331165 /* oscpack */,
			);
			name = libs;
			path = ../../../addons/ofxOsc/libs;
			sourceTree = "<group>";
		};
		65BC813D1DF8D96500331165 /* oscpack */ = {
			isa = PBXGroup;
			children = (
				65BC813E1DF8D96500331165 /* src */,
			);
			path = oscpack;
			sourceTree = "<group>";
		};
		65BC813E1DF8D96500331165 /* src */ = {
			isa = PBXGroup;
			children = (
				65BC813F1DF8D96500331165 /* ip */,
				65BC814C1DF8D96500331165 /* osc */,
			);
			path = src;
			sourceTree = "<group>";
		};
		65BC813F1DF8D96500331165 /* ip */ = {
			isa = PBXGroup;
			children = (
				65BC81401DF8D96500331165 /* IpEndpointName.cpp */,
				65BC81411DF8D96500331165 /* IpEndpointName.h */,
				65BC81421DF8D96500331165 /* NetworkingUtils.h */,
				65BC81431DF8D96500331165 /* PacketListener.h */,
				65BC81441DF8D96500331165 /* posix */,
				65BC81471DF8D96500331165 /* TimerListener.h */,
				65BC81481DF8D96500331165 /* UdpSocket.h */,
				65BC81491DF8D96500331165 /* win32 */,
			);
			path = ip;
			sourceTree = "<group>";
		};
		65BC81441DF8D96500331165 /* posix */ = {
			isa = PBXGroup;
			children = (
				65BC81451DF8D96500331165 /* NetworkingUtils.cpp */,
				65BC81461DF8D96500331165 /* UdpSocket.cpp */,
			);
			path = posix;
			sourceTree = "<group>";
		};
		65BC81491DF8D96500331165 /* win32 */ = {
			isa = PBXGroup;
			children = (
				65BC814A1DF8D96500331165 /* NetworkingUtils.cpp */,
				65BC814B1DF8D96500331165 /* UdpSocket.cpp */,
			);
			path = win32;
			sourceTree = "<group>";
		};
		65BC814C1DF8D96500331165 /* osc */ = {
			isa = PBXGroup;
			children = (
				65BC814D1DF8D96500331165 /* MessageMappingOscPacketListener.h */,
				65BC814E1DF8D96500331165 /* OscException.h */,
				65BC814F1DF8D96500331165 /* OscHostEndianness.h */,
				65BC81501DF8D96500331165 /* OscOutboundPacketStream.cpp */,
				65BC81511DF8D96500331165 /* OscOutboundPacketStream.h */,
				65BC81521DF8D96500331165 /* OscPacketListener.h */,
				65BC81531DF8D96500331165 /* OscPrintReceivedElements.cpp */,
				65BC81541DF8D96500331165 /* OscPrintReceivedElements.h */,
				65BC81551DF8D96500331165 /* OscReceivedElements.cpp */,
				65BC81561DF8D96500331165 /* OscReceivedElements.h */,
				65BC81571DF8D96500331165 /* OscTypes.cpp */,
				65BC81581DF8D96500331165 /* OscTypes.h */,
			);
			path = osc;
			sourceTree = "<group>";
		};
		65BC81591DF8D96500331165 /* src */ = {
			isa = PBXGroup;
			children = (
				65BC815A1DF8D96500331165 /* ofxOsc.h */,
				65BC815B1DF8D96500331165 /* ofxOscArg.h */,
				65BC815C1DF8D96500331165 /* ofxOscBundle.cpp */,
				65BC815D1DF8D96500331165 /* ofxOscBundle.h */,
				65BC815E1DF8D96500331165 /* ofxOscMessage.cpp */,
				65BC815F1DF8D96500331165 /* ofxOscMessage.h */,
				65BC81601DF8D96500331165 /* ofxOscParameterSync.cpp */,
				65BC81611DF8D96500331165 /* ofxOscParameterSync.h */,
				65BC81621DF8D96500331165 /* ofxOscReceiver.cpp */,
				65BC81631DF8D96500331165 /* ofxOscReceiver.h */,
				65BC81641DF8D96500331165 /* ofxOscSender.cpp */,
				65BC81651DF8D96500331165 /* ofxOscSender.h */,
			);
			name = src;
			path = ../../../addons/ofxOsc/src;
			sourceTree = "<group>";
		};
		65BC81661DF8D9A300331165 /* ofxMidi */ = {
			isa = PBXGroup;
			children = (
				65BC81671DF8D9CA00331165 /* src */,
			);
			name = ofxMidi;
			sourceTree = "<group>";
		};
		65BC81671DF8D9CA00331165 /* src */ = {
			isa = PBXGroup;
			children = (
				65BC81681DF8D9CA00331165 /* desktop */,
				65BC81721DF8D9CA00331165 /* ios */,
				65BC81871DF8D9CA00331165 /* ofxBaseMidi.cpp */,
				65BC81881DF8D9CA00331165 /* ofxBaseMidi.h */,
				65BC81891DF8D9CA00331165 /* ofxMidi.cpp */,
				65BC818A1DF8D9CA00331165 /* ofxMidi.h */,
				65BC818B1DF8D9CA00331165 /* ofxMidiConstants.h */,
				65BC818C1DF8D9CA00331165 /* ofxMidiIn.cpp */,
				65BC818D1DF8D9CA00331165 /* ofxMidiIn.h */,
				65BC818E1DF8D9CA00331165 /* ofxMidiMessage.cpp */,
				65BC818F1DF8D9CA00331165 /* ofxMidiMessage.h */,
				65BC81901DF8D9CA00331165 /* ofxMidiOut.cpp */,
				65BC81911DF8D9CA00331165 /* ofxMidiOut.h */,
				65BC81921DF8D9CA00331165 /* ofxMidiTypes.h */,
			);
			name = src;
			path = ../../../addons/ofxMidi/src;
			sourceTree = "<group>";
		};
		65BC81681DF8D9CA00331165 /* desktop */ = {
			isa = PBXGroup;
			children = (
				65BC81691DF8D9CA00331165 /* ofxRtMidiIn.cpp */,
				65BC816A1DF8D9CA00331165 /* ofxRtMidiIn.h */,
				65BC816B1DF8D9CA00331165 /* ofxRtMidiOut.cpp */,
				65BC816C1DF8D9CA00331165 /* ofxRtMidiOut.h */,
				65C1EB151E6E1D16003F731D /* rtmidi */,
			);
			path = desktop;
			sourceTree = "<group>";
		};
		65BC81721DF8D9CA00331165 /* ios */ = {
			isa = PBXGroup;
			children = (
				65BC81731DF8D9CA00331165 /* ofxPGMidiContext.h */,
				65BC81741DF8D9CA00331165 /* ofxPGMidiContext.mm */,
				65BC81751DF8D9CA00331165 /* ofxPGMidiDelegate.h */,
				65BC81761DF8D9CA00331165 /* ofxPGMidiDelegate.mm */,
				65BC81771DF8D9CA00331165 /* ofxPGMidiIn.h */,
				65BC81781DF8D9CA00331165 /* ofxPGMidiIn.mm */,
				65BC81791DF8D9CA00331165 /* ofxPGMidiOut.h */,
				65BC817A1DF8D9CA00331165 /* ofxPGMidiOut.mm */,
				65BC817B1DF8D9CA00331165 /* ofxPGMidiSourceDelegate.h */,
				65BC817C1DF8D9CA00331165 /* ofxPGMidiSourceDelegate.mm */,
			);
			path = ios;
			sourceTree = "<group>";
		};
		65BC81931DF8D9D600331165 /* ofxXmlSettings */ = {
			isa = PBXGroup;
			children = (
				65BC81941DF8D9D600331165 /* libs */,
				65BC81991DF8D9D600331165 /* src */,
			);
			name = ofxXmlSettings;
			path = ../../../addons/ofxXmlSettings;
			sourceTree = "<group>";
		};
		65BC81941DF8D9D600331165 /* libs */ = {
			isa = PBXGroup;
			children = (
				65BC81951DF8D9D600331165 /* tinyxml.cpp */,
				65BC81961DF8D9D600331165 /* tinyxml.h */,
				65BC81971DF8D9D600331165 /* tinyxmlerror.cpp */,
				65BC81981DF8D9D600331165 /* tinyxmlparser.cpp */,
			);
			path = libs;
			sourceTree = "<group>";
		};
		65BC81991DF8D9D600331165 /* src */ = {
			isa = PBXGroup;
			children = (
				65BC819A1DF8D9D600331165 /* ofxXmlSettings.cpp */,
				65BC819B1DF8D9D600331165 /* ofxXmlSettings.h */,
			);
			path = src;
			sourceTree = "<group>";
		};
		65C1EB151E6E1D16003F731D /* rtmidi */ = {
			isa = PBXGroup;
			children = (
				65C1EB161E6E1D16003F731D /* readme */,
				65C1EB171E6E1D16003F731D /* RtMidi.cpp */,
				65C1EB181E6E1D16003F731D /* RtMidi.h */,
			);
			name = rtmidi;
			path = ../../libs/rtmidi;
			sourceTree = "<group>";
		};
		65C1EB191E6E1DC8003F731D /* Frontend */ = {
			isa = PBXGroup;
			children = (
				65C1EB1A1E6E1DD9003F731D /* ofApp.cpp */,
				65C1EB1B1E6E1DD9003F731D /* ofApp.h */,
			);
			name = Frontend;
			sourceTree = "<group>";
		};
		6948EE371B920CB800B5AC1A /* local_addons */ = {
			isa = PBXGroup;
			children = (
			);
			name = local_addons;
			sourceTree = "<group>";
		};
		BB4B014C10F69532006C3DED /* addons */ = {
			isa = PBXGroup;
			children = (
				65BC81931DF8D9D600331165 /* ofxXmlSettings */,
				65BC81661DF8D9A300331165 /* ofxMidi */,
				65BC813B1DF8D95600331165 /* ofxOsc */,
				65BC812A1DF8D8E400331165 /* ofxSyphon */,
			);
			name = addons;
			sourceTree = "<group>";
		};
		E4328144138ABC890047C5CB /* Products */ = {
			isa = PBXGroup;
			children = (
				E4328148138ABC890047C5CB /* openFrameworksDebug.a */,
			);
			name = Products;
			sourceTree = "<group>";
		};
		E4B69B4A0A3A1720003C02F2 = {
			isa = PBXGroup;
			children = (
				E4B6FCAD0C3E899E008CF71C /* openFrameworks-Info.plist */,
				E4EB6923138AFD0F00A09F29 /* Project.xcconfig */,
				E4B69E1C0A3A1BDC003C02F2 /* src */,
				E4EEC9E9138DF44700A80321 /* openFrameworks */,
				BB4B014C10F69532006C3DED /* addons */,
				6948EE371B920CB800B5AC1A /* local_addons */,
				65A186601DF8DF9200BE0219 /* libArbutusLib.a */,
				659E25D41E70BCAE00217A12 /* Frameworks */,
			);
			sourceTree = "<group>";
		};
		E4B69E1C0A3A1BDC003C02F2 /* src */ = {
			isa = PBXGroup;
			children = (
				65C1EB191E6E1DC8003F731D /* Frontend */,
				65BC80FA1DF8D8BB00331165 /* Library */,
			);
			path = src;
			sourceTree = SOURCE_ROOT;
		};
		E4EEC9E9138DF44700A80321 /* openFrameworks */ = {
			isa = PBXGroup;
			children = (
				E4EB691F138AFCF100A09F29 /* CoreOF.xcconfig */,
				E4328143138ABC890047C5CB /* openFrameworksLib.xcodeproj */,
			);
			name = openFrameworks;
			sourceTree = "<group>";
		};
/* End PBXGroup section */

/* Begin PBXHeadersBuildPhase section */
		65A1865E1DF8DF9200BE0219 /* Headers */ = {
			isa = PBXHeadersBuildPhase;
			buildActionMask = 2147483647;
			files = (
			);
			runOnlyForDeploymentPostprocessing = 0;
		};
/* End PBXHeadersBuildPhase section */

/* Begin PBXNativeTarget section */
		65A1865F1DF8DF9200BE0219 /* ArbutusLib */ = {
			isa = PBXNativeTarget;
			buildConfigurationList = 65A1866A1DF8DF9200BE0219 /* Build configuration list for PBXNativeTarget "ArbutusLib" */;
			buildPhases = (
				65A1865C1DF8DF9200BE0219 /* Sources */,
				65A1865D1DF8DF9200BE0219 /* Frameworks */,
				65A1865E1DF8DF9200BE0219 /* Headers */,
			);
			buildRules = (
			);
			dependencies = (
				65EE9A7C1E15AA6F008C2091 /* PBXTargetDependency */,
			);
			name = ArbutusLib;
			productName = ArbutusLib;
			productReference = 65A186601DF8DF9200BE0219 /* libArbutusLib.a */;
			productType = "com.apple.product-type.library.static";
		};
/* End PBXNativeTarget section */

/* Begin PBXProject section */
		E4B69B4C0A3A1720003C02F2 /* Project object */ = {
			isa = PBXProject;
			attributes = {
				LastUpgradeCheck = 0810;
				TargetAttributes = {
					65A1865F1DF8DF9200BE0219 = {
						CreatedOnToolsVersion = 8.1;
						ProvisioningStyle = Automatic;
					};
				};
			};
			buildConfigurationList = E4B69B4D0A3A1720003C02F2 /* Build configuration list for PBXProject "ArbutusEngine" */;
			compatibilityVersion = "Xcode 3.2";
			developmentRegion = English;
			hasScannedForEncodings = 0;
			knownRegions = (
				English,
				Japanese,
				French,
				German,
			);
			mainGroup = E4B69B4A0A3A1720003C02F2;
			productRefGroup = E4B69B4A0A3A1720003C02F2;
			projectDirPath = "";
			projectReferences = (
				{
					ProductGroup = E4328144138ABC890047C5CB /* Products */;
					ProjectRef = E4328143138ABC890047C5CB /* openFrameworksLib.xcodeproj */;
				},
			);
			projectRoot = "";
			targets = (
				65A1865F1DF8DF9200BE0219 /* ArbutusLib */,
			);
		};
/* End PBXProject section */

/* Begin PBXReferenceProxy section */
		E4328148138ABC890047C5CB /* openFrameworksDebug.a */ = {
			isa = PBXReferenceProxy;
			fileType = archive.ar;
			path = openFrameworksDebug.a;
			remoteRef = E4328147138ABC890047C5CB /* PBXContainerItemProxy */;
			sourceTree = BUILT_PRODUCTS_DIR;
		};
/* End PBXReferenceProxy section */

/* Begin PBXSourcesBuildPhase section */
		65A1865C1DF8DF9200BE0219 /* Sources */ = {
			isa = PBXSourcesBuildPhase;
			buildActionMask = 2147483647;
			files = (
				65EE9A7E1E15AA89008C2091 /* Action.h in Sources */,
				65EE9A7F1E15AA89008C2091 /* Action.mm in Sources */,
				65EE9A801E15AA89008C2091 /* AppProtocol.h in Sources */,
				65EE9A811E15AA89008C2091 /* Controller.h in Sources */,
				65EE9A821E15AA89008C2091 /* Controller.mm in Sources */,
				65EE9A831E15AA89008C2091 /* Engine.h in Sources */,
				65EE9A841E15AA89008C2091 /* Engine.mm in Sources */,
				65EE9A871E15AA89008C2091 /* FreeFrameFilters.h in Sources */,
				65EE9A881E15AA89008C2091 /* FreeFrameFilters.mm in Sources */,
				65EE9A891E15AA89008C2091 /* Layer.h in Sources */,
				65EE9A8A1E15AA89008C2091 /* Layer.mm in Sources */,
				65EE9A8B1E15AA89008C2091 /* Metronome.h in Sources */,
				65EE9A8C1E15AA89008C2091 /* Metronome.mm in Sources */,
				65EE9A8D1E15AA89008C2091 /* Midi.h in Sources */,
				65EE9A8E1E15AA89008C2091 /* Midi.mm in Sources */,
				65EE9A8F1E15AA89008C2091 /* Osc.h in Sources */,
				65EE9A901E15AA89008C2091 /* Osc.mm in Sources */,
				65EE9A911E15AA89008C2091 /* LayerProperties.h in Sources */,
				65EE9A921E15AA89008C2091 /* LayerProperties.mm in Sources */,
				65EE9A931E15AA89008C2091 /* Properties.h in Sources */,
				65EE9A941E15AA89008C2091 /* Properties.mm in Sources */,
				65EE9A951E15AA89008C2091 /* SetProperties.h in Sources */,
				65EE9A961E15AA89008C2091 /* SetProperties.mm in Sources */,
				65EE9A971E15AA89008C2091 /* VisualInstancesProperties.h in Sources */,
				65EE9A981E15AA89008C2091 /* VisualInstancesProperties.mm in Sources */,
				65EE9A991E15AA89008C2091 /* Scene.h in Sources */,
				65EE9A9A1E15AA89008C2091 /* Scene.mm in Sources */,
				65EE9A9B1E15AA89008C2091 /* Screen.h in Sources */,
				65EE9A9C1E15AA89008C2091 /* Screen.mm in Sources */,
				65EE9A9D1E15AA89008C2091 /* Set.h in Sources */,
				65EE9A9E1E15AA89008C2091 /* Set.mm in Sources */,
				65EE9A9F1E15AA89008C2091 /* SyphonOutputManager.h in Sources */,
				65EE9AA01E15AA89008C2091 /* SyphonOutputManager.mm in Sources */,
				65EE9AA11E15AA89008C2091 /* Visual.h in Sources */,
				65EE9AA21E15AA89008C2091 /* Visual.mm in Sources */,
				65EE9AA31E15AA89008C2091 /* VisualCamera.h in Sources */,
				65EE9AA41E15AA89008C2091 /* VisualCamera.mm in Sources */,
				65EE9AA51E15AA89008C2091 /* VisualInstance.h in Sources */,
				65EE9AA61E15AA89008C2091 /* VisualInstance.mm in Sources */,
				65EE9AA71E15AA89008C2091 /* VisualSyphon.h in Sources */,
				65EE9AA81E15AA89008C2091 /* VisualSyphon.mm in Sources */,
				65EE9AA91E15AA89008C2091 /* VisualVideo.h in Sources */,
				65EE9AAA1E15AA89008C2091 /* VisualVideo.mm in Sources */,
			);
			runOnlyForDeploymentPostprocessing = 0;
		};
/* End PBXSourcesBuildPhase section */

/* Begin PBXTargetDependency section */
		65EE9A7C1E15AA6F008C2091 /* PBXTargetDependency */ = {
			isa = PBXTargetDependency;
			name = openFrameworks;
			targetProxy = 65EE9A7B1E15AA6F008C2091 /* PBXContainerItemProxy */;
		};
/* End PBXTargetDependency section */

/* Begin XCBuildConfiguration section */
		65A186681DF8DF9200BE0219 /* Debug */ = {
			isa = XCBuildConfiguration;
			buildSettings = {
				ALWAYS_SEARCH_USER_PATHS = NO;
				CLANG_ANALYZER_NONNULL = YES;
				CLANG_CXX_LANGUAGE_STANDARD = "gnu++0x";
				CLANG_CXX_LIBRARY = "libc++";
				CLANG_ENABLE_MODULES = YES;
				CLANG_ENABLE_OBJC_ARC = YES;
				CLANG_WARN_BOOL_CONVERSION = YES;
				CLANG_WARN_CONSTANT_CONVERSION = YES;
				CLANG_WARN_DIRECT_OBJC_ISA_USAGE = YES_ERROR;
				CLANG_WARN_DOCUMENTATION_COMMENTS = YES;
				CLANG_WARN_EMPTY_BODY = YES;
				CLANG_WARN_ENUM_CONVERSION = YES;
				CLANG_WARN_INFINITE_RECURSION = YES;
				CLANG_WARN_INT_CONVERSION = YES;
				CLANG_WARN_OBJC_ROOT_CLASS = YES_ERROR;
				CLANG_WARN_SUSPICIOUS_MOVES = YES;
				CLANG_WARN_UNREACHABLE_CODE = YES;
				CLANG_WARN__DUPLICATE_METHOD_MATCH = YES;
				CODE_SIGN_IDENTITY = "-";
				DEBUG_INFORMATION_FORMAT = dwarf;
				ENABLE_STRICT_OBJC_MSGSEND = YES;
				ENABLE_TESTABILITY = YES;
				EXECUTABLE_PREFIX = lib;
				GCC_C_LANGUAGE_STANDARD = gnu99;
				GCC_DYNAMIC_NO_PIC = NO;
				GCC_ENABLE_CPP_EXCEPTIONS = YES;
				GCC_ENABLE_CPP_RTTI = YES;
				GCC_NO_COMMON_BLOCKS = YES;
				GCC_PREPROCESSOR_DEFINITIONS = (
					"DEBUG=1",
					"$(inherited)",
				);
				GCC_WARN_64_TO_32_BIT_CONVERSION = YES;
				GCC_WARN_ABOUT_RETURN_TYPE = YES_ERROR;
				GCC_WARN_UNDECLARED_SELECTOR = YES;
				GCC_WARN_UNINITIALIZED_AUTOS = YES_AGGRESSIVE;
				GCC_WARN_UNUSED_FUNCTION = YES;
				GCC_WARN_UNUSED_VARIABLE = YES;
				MACOSX_DEPLOYMENT_TARGET = 10.11;
				MTL_ENABLE_DEBUG_INFO = YES;
				PRODUCT_NAME = "$(TARGET_NAME)";
			};
			name = Debug;
		};
		65A186691DF8DF9200BE0219 /* Release */ = {
			isa = XCBuildConfiguration;
			buildSettings = {
				ALWAYS_SEARCH_USER_PATHS = NO;
				CLANG_ANALYZER_NONNULL = YES;
				CLANG_CXX_LANGUAGE_STANDARD = "gnu++0x";
				CLANG_CXX_LIBRARY = "libc++";
				CLANG_ENABLE_MODULES = YES;
				CLANG_ENABLE_OBJC_ARC = YES;
				CLANG_WARN_BOOL_CONVERSION = YES;
				CLANG_WARN_CONSTANT_CONVERSION = YES;
				CLANG_WARN_DIRECT_OBJC_ISA_USAGE = YES_ERROR;
				CLANG_WARN_DOCUMENTATION_COMMENTS = YES;
				CLANG_WARN_EMPTY_BODY = YES;
				CLANG_WARN_ENUM_CONVERSION = YES;
				CLANG_WARN_INFINITE_RECURSION = YES;
				CLANG_WARN_INT_CONVERSION = YES;
				CLANG_WARN_OBJC_ROOT_CLASS = YES_ERROR;
				CLANG_WARN_SUSPICIOUS_MOVES = YES;
				CLANG_WARN_UNREACHABLE_CODE = YES;
				CLANG_WARN__DUPLICATE_METHOD_MATCH = YES;
				CODE_SIGN_IDENTITY = "-";
				COPY_PHASE_STRIP = NO;
				DEBUG_INFORMATION_FORMAT = "dwarf-with-dsym";
				ENABLE_NS_ASSERTIONS = NO;
				ENABLE_STRICT_OBJC_MSGSEND = YES;
				EXECUTABLE_PREFIX = lib;
				GCC_C_LANGUAGE_STANDARD = gnu99;
				GCC_ENABLE_CPP_EXCEPTIONS = YES;
				GCC_ENABLE_CPP_RTTI = YES;
				GCC_NO_COMMON_BLOCKS = YES;
				GCC_WARN_64_TO_32_BIT_CONVERSION = YES;
				GCC_WARN_ABOUT_RETURN_TYPE = YES_ERROR;
				GCC_WARN_UNDECLARED_SELECTOR = YES;
				GCC_WARN_UNINITIALIZED_AUTOS = YES_AGGRESSIVE;
				GCC_WARN_UNUSED_FUNCTION = YES;
				GCC_WARN_UNUSED_VARIABLE = YES;
				MACOSX_DEPLOYMENT_TARGET = 10.11;
				MTL_ENABLE_DEBUG_INFO = NO;
				PRODUCT_NAME = "$(TARGET_NAME)";
			};
			name = Release;
		};
		E4B69B4E0A3A1720003C02F2 /* Debug */ = {
			isa = XCBuildConfiguration;
			baseConfigurationReference = E4EB6923138AFD0F00A09F29 /* Project.xcconfig */;
			buildSettings = {
				CLANG_ANALYZER_LOCALIZABILITY_NONLOCALIZED = YES;
				CONFIGURATION_BUILD_DIR = "$(SRCROOT)/bin/";
				COPY_PHASE_STRIP = NO;
				DEAD_CODE_STRIPPING = YES;
				ENABLE_TESTABILITY = YES;
				GCC_AUTO_VECTORIZATION = YES;
				GCC_ENABLE_SSE3_EXTENSIONS = YES;
				GCC_ENABLE_SUPPLEMENTAL_SSE3_INSTRUCTIONS = YES;
				GCC_INLINES_ARE_PRIVATE_EXTERN = NO;
				GCC_OPTIMIZATION_LEVEL = 0;
				GCC_SYMBOLS_PRIVATE_EXTERN = NO;
				GCC_WARN_ABOUT_DEPRECATED_FUNCTIONS = YES;
				GCC_WARN_ABOUT_INVALID_OFFSETOF_MACRO = NO;
				GCC_WARN_ALLOW_INCOMPLETE_PROTOCOL = NO;
				GCC_WARN_UNINITIALIZED_AUTOS = NO;
				GCC_WARN_UNUSED_VALUE = NO;
				GCC_WARN_UNUSED_VARIABLE = NO;
				HEADER_SEARCH_PATHS = (
					"$(OF_CORE_HEADERS)",
					src,
				);
				MACOSX_DEPLOYMENT_TARGET = 10.8;
				ONLY_ACTIVE_ARCH = YES;
				OTHER_CPLUSPLUSFLAGS = (
					"-D__MACOSX_CORE__",
					"-mtune=native",
				);
				SDKROOT = macosx;
			};
			name = Debug;
		};
		E4B69B4F0A3A1720003C02F2 /* Release */ = {
			isa = XCBuildConfiguration;
			baseConfigurationReference = E4EB6923138AFD0F00A09F29 /* Project.xcconfig */;
			buildSettings = {
				CLANG_ANALYZER_LOCALIZABILITY_NONLOCALIZED = YES;
				CONFIGURATION_BUILD_DIR = "$(SRCROOT)/bin/";
				COPY_PHASE_STRIP = YES;
				DEAD_CODE_STRIPPING = YES;
				GCC_AUTO_VECTORIZATION = YES;
				GCC_ENABLE_SSE3_EXTENSIONS = YES;
				GCC_ENABLE_SUPPLEMENTAL_SSE3_INSTRUCTIONS = YES;
				GCC_INLINES_ARE_PRIVATE_EXTERN = NO;
				GCC_OPTIMIZATION_LEVEL = 3;
				GCC_SYMBOLS_PRIVATE_EXTERN = NO;
				GCC_UNROLL_LOOPS = YES;
				GCC_WARN_ABOUT_DEPRECATED_FUNCTIONS = YES;
				GCC_WARN_ABOUT_INVALID_OFFSETOF_MACRO = NO;
				GCC_WARN_ALLOW_INCOMPLETE_PROTOCOL = NO;
				GCC_WARN_UNINITIALIZED_AUTOS = NO;
				GCC_WARN_UNUSED_VALUE = NO;
				GCC_WARN_UNUSED_VARIABLE = NO;
				HEADER_SEARCH_PATHS = (
					"$(OF_CORE_HEADERS)",
					src,
				);
				MACOSX_DEPLOYMENT_TARGET = 10.8;
				OTHER_CPLUSPLUSFLAGS = (
					"-D__MACOSX_CORE__",
					"-mtune=native",
				);
				SDKROOT = macosx;
			};
			name = Release;
		};
/* End XCBuildConfiguration section */

/* Begin XCConfigurationList section */
		65A1866A1DF8DF9200BE0219 /* Build configuration list for PBXNativeTarget "ArbutusLib" */ = {
			isa = XCConfigurationList;
			buildConfigurations = (
				65A186681DF8DF9200BE0219 /* Debug */,
				65A186691DF8DF9200BE0219 /* Release */,
			);
			defaultConfigurationIsVisible = 0;
			defaultConfigurationName = Release;
		};
		E4B69B4D0A3A1720003C02F2 /* Build configuration list for PBXProject "ArbutusEngine" */ = {
			isa = XCConfigurationList;
			buildConfigurations = (
				E4B69B4E0A3A1720003C02F2 /* Debug */,
				E4B69B4F0A3A1720003C02F2 /* Release */,
			);
			defaultConfigurationIsVisible = 0;
			defaultConfigurationName = Release;
		};
/* End XCConfigurationList section */
	};
	rootObject = E4B69B4C0A3A1720003C02F2 /* Project object */;
}
