// !$*UTF8*$!
{
	archiveVersion = 1;
	classes = {
	};
	objectVersion = 46;
	objects = {

/* Begin PBXBuildFile section */
		6504CA6E1ECE4E0000355E4A /* Loop001.mp4 in CopyFiles */ = {isa = PBXBuildFile; fileRef = 6504CA6B1ECE4DCC00355E4A /* Loop001.mp4 */; };
		6511F61B1F388F7000B750C2 /* VisualInstancesPropertiesTest.cpp in Sources */ = {isa = PBXBuildFile; fileRef = 6511F61A1F388F7000B750C2 /* VisualInstancesPropertiesTest.cpp */; };
		651E5BA81F2E1673008B4FEF /* Utils.cpp in Sources */ = {isa = PBXBuildFile; fileRef = 651E5BA71F2E1673008B4FEF /* Utils.cpp */; };
		651E5BA91F2E1673008B4FEF /* Utils.cpp in Sources */ = {isa = PBXBuildFile; fileRef = 651E5BA71F2E1673008B4FEF /* Utils.cpp */; };
		65324F9D1F324187007C9FCF /* SetFile.cpp in Sources */ = {isa = PBXBuildFile; fileRef = 65324F9B1F324187007C9FCF /* SetFile.cpp */; };
		65324F9E1F324187007C9FCF /* SetFile.cpp in Sources */ = {isa = PBXBuildFile; fileRef = 65324F9B1F324187007C9FCF /* SetFile.cpp */; };
		65324F9F1F324187007C9FCF /* SetFile.hpp in Headers */ = {isa = PBXBuildFile; fileRef = 65324F9C1F324187007C9FCF /* SetFile.hpp */; };
		65324FAC1F35D280007C9FCF /* JsonLoad.cpp in Sources */ = {isa = PBXBuildFile; fileRef = 65324FAB1F35D280007C9FCF /* JsonLoad.cpp */; };
		65324FAD1F35D280007C9FCF /* JsonLoad.cpp in Sources */ = {isa = PBXBuildFile; fileRef = 65324FAB1F35D280007C9FCF /* JsonLoad.cpp */; };
		655BFAF91E7355BD00B74446 /* CoreMIDI.framework in Frameworks */ = {isa = PBXBuildFile; fileRef = 655BFAF81E7355BD00B74446 /* CoreMIDI.framework */; };
		655BFAFA1E7358C000B74446 /* UdpSocket.cpp in Sources */ = {isa = PBXBuildFile; fileRef = 65BC81461DF8D96500331165 /* UdpSocket.cpp */; };
		655BFAFB1E735A3D00B74446 /* IpEndpointName.cpp in Sources */ = {isa = PBXBuildFile; fileRef = 65BC81401DF8D96500331165 /* IpEndpointName.cpp */; };
		655BFAFD1E735BC100B74446 /* SyphonNameboundClient.m in Sources */ = {isa = PBXBuildFile; fileRef = 65BC81321DF8D94600331165 /* SyphonNameboundClient.m */; };
		655BFB001E735F3E00B74446 /* Engine.cpp in Sources */ = {isa = PBXBuildFile; fileRef = 65E8966A1E73098F000D470B /* Engine.cpp */; };
		655BFB021E73673000B74446 /* Layer.cpp in Sources */ = {isa = PBXBuildFile; fileRef = 655BFB011E73673000B74446 /* Layer.cpp */; };
		657E13FA1E85D6D900DDE6D2 /* Utils.h in Headers */ = {isa = PBXBuildFile; fileRef = 657E13F91E85D6D900DDE6D2 /* Utils.h */; };
		65CCD0391F2C7EA600EB2AC5 /* JsonLoadTest.cpp in Sources */ = {isa = PBXBuildFile; fileRef = 65CCD0381F2C7EA600EB2AC5 /* JsonLoadTest.cpp */; };
		65CCD0471F2CACA900EB2AC5 /* Engine.h in Headers */ = {isa = PBXBuildFile; fileRef = 65CCD0461F2CACA900EB2AC5 /* Engine.h */; };
		65CCD04F1F2CC30400EB2AC5 /* EngineProperties.mm in Sources */ = {isa = PBXBuildFile; fileRef = 65CCD04D1F2CC30400EB2AC5 /* EngineProperties.mm */; };
		65CCD0501F2CC30400EB2AC5 /* EngineProperties.h in Headers */ = {isa = PBXBuildFile; fileRef = 65CCD04E1F2CC30400EB2AC5 /* EngineProperties.h */; };
		65D3A5D01F2A9B8600CE6885 /* JsonLoad.hpp in Headers */ = {isa = PBXBuildFile; fileRef = 65D3A5CD1F2A9B8600CE6885 /* JsonLoad.hpp */; };
		65D3A5D51F2A9BCF00CE6885 /* JsonSave.cpp in Sources */ = {isa = PBXBuildFile; fileRef = 65D3A5D31F2A9BCF00CE6885 /* JsonSave.cpp */; };
		65D3A5D61F2A9BCF00CE6885 /* JsonSave.cpp in Sources */ = {isa = PBXBuildFile; fileRef = 65D3A5D31F2A9BCF00CE6885 /* JsonSave.cpp */; };
		65D3A5D71F2A9BCF00CE6885 /* JsonSave.hpp in Headers */ = {isa = PBXBuildFile; fileRef = 65D3A5D41F2A9BCF00CE6885 /* JsonSave.hpp */; };
		65D3A5DB1F2AA13100CE6885 /* JsonSaveTest.cpp in Sources */ = {isa = PBXBuildFile; fileRef = 65D3A5D91F2AA13100CE6885 /* JsonSaveTest.cpp */; };
		65D3A5DC1F2AA13100CE6885 /* JsonSaveTest.cpp in Sources */ = {isa = PBXBuildFile; fileRef = 65D3A5D91F2AA13100CE6885 /* JsonSaveTest.cpp */; };
		65E21BC81EC6764F006D1C37 /* ofApp.cpp in Sources */ = {isa = PBXBuildFile; fileRef = 65E21BC61EC6764F006D1C37 /* ofApp.cpp */; };
		65E6BD321F4467A0008E4F9E /* ofxMidiMessage.cpp in Sources */ = {isa = PBXBuildFile; fileRef = 65BC818E1DF8D9CA00331165 /* ofxMidiMessage.cpp */; };
		65E6BD331F4467B1008E4F9E /* ofxMidi.cpp in Sources */ = {isa = PBXBuildFile; fileRef = 65BC81891DF8D9CA00331165 /* ofxMidi.cpp */; };
		65E6BD341F4467C1008E4F9E /* ofxMidiIn.cpp in Sources */ = {isa = PBXBuildFile; fileRef = 65BC818C1DF8D9CA00331165 /* ofxMidiIn.cpp */; };
		65E6BD351F4467C5008E4F9E /* ofxMidiOut.cpp in Sources */ = {isa = PBXBuildFile; fileRef = 65BC81901DF8D9CA00331165 /* ofxMidiOut.cpp */; };
		65E6BD3A1F44691E008E4F9E /* tinyxml.cpp in Sources */ = {isa = PBXBuildFile; fileRef = 65E6BD361F44691E008E4F9E /* tinyxml.cpp */; };
		65E6BD3B1F44691E008E4F9E /* tinyxmlerror.cpp in Sources */ = {isa = PBXBuildFile; fileRef = 65E6BD381F44691E008E4F9E /* tinyxmlerror.cpp */; };
		65E6BD3C1F44691E008E4F9E /* tinyxmlparser.cpp in Sources */ = {isa = PBXBuildFile; fileRef = 65E6BD391F44691E008E4F9E /* tinyxmlparser.cpp */; };
		65E6BD3E1F4469DB008E4F9E /* ofxXmlSettings.cpp in Sources */ = {isa = PBXBuildFile; fileRef = 65BC819A1DF8D9D600331165 /* ofxXmlSettings.cpp */; };
		65E6BD3F1F446BB5008E4F9E /* NetworkingUtils.cpp in Sources */ = {isa = PBXBuildFile; fileRef = 65BC81451DF8D96500331165 /* NetworkingUtils.cpp */; };
		65E6BD461F464E83008E4F9E /* libfmodex.dylib in Copy Files */ = {isa = PBXBuildFile; fileRef = 65E6BD451F464E83008E4F9E /* libfmodex.dylib */; };
		65E6BD481F464F4E008E4F9E /* Syphon.framework in Copy Files */ = {isa = PBXBuildFile; fileRef = 65E6BD471F464F4E008E4F9E /* Syphon.framework */; };
		65E896661E730453000D470B /* main.cpp in Sources */ = {isa = PBXBuildFile; fileRef = 65E896651E730453000D470B /* main.cpp */; };
		65E8967F1E733433000D470B /* libArbutusLib.a in Frameworks */ = {isa = PBXBuildFile; fileRef = 65A186601DF8DF9200BE0219 /* libArbutusLib.a */; };
		65E896811E733454000D470B /* Foundation.framework in Frameworks */ = {isa = PBXBuildFile; fileRef = 65E8967B1E73311F000D470B /* Foundation.framework */; };
		65E896821E73347B000D470B /* Syphon.framework in Frameworks */ = {isa = PBXBuildFile; fileRef = 65BC812F1DF8D94600331165 /* Syphon.framework */; };
		65E896891E733C88000D470B /* LayerProperties.cpp in Sources */ = {isa = PBXBuildFile; fileRef = 65E8966C1E730C45000D470B /* LayerProperties.cpp */; };
		65E896911E733DD2000D470B /* ofxOscMessage.cpp in Sources */ = {isa = PBXBuildFile; fileRef = 65BC815E1DF8D96500331165 /* ofxOscMessage.cpp */; };
		65E896921E734275000D470B /* ofxOscReceiver.cpp in Sources */ = {isa = PBXBuildFile; fileRef = 65BC81621DF8D96500331165 /* ofxOscReceiver.cpp */; };
		65E896931E7342BC000D470B /* ofxSyphonServer.mm in Sources */ = {isa = PBXBuildFile; fileRef = 65BC81381DF8D94600331165 /* ofxSyphonServer.mm */; };
		65E896941E734340000D470B /* ofxSyphonClient.mm in Sources */ = {isa = PBXBuildFile; fileRef = 65BC81361DF8D94600331165 /* ofxSyphonClient.mm */; };
		65E8969A1E734482000D470B /* ofxBaseMidi.cpp in Sources */ = {isa = PBXBuildFile; fileRef = 65BC81871DF8D9CA00331165 /* ofxBaseMidi.cpp */; };
		65E8969B1E734EB6000D470B /* ofxRtMidiIn.cpp in Sources */ = {isa = PBXBuildFile; fileRef = 65BC81691DF8D9CA00331165 /* ofxRtMidiIn.cpp */; };
		65E8969C1E734ED7000D470B /* ofxRtMidiOut.cpp in Sources */ = {isa = PBXBuildFile; fileRef = 65BC816B1DF8D9CA00331165 /* ofxRtMidiOut.cpp */; };
		65E8969D1E734EEF000D470B /* OscTypes.cpp in Sources */ = {isa = PBXBuildFile; fileRef = 65BC81571DF8D96500331165 /* OscTypes.cpp */; };
		65E8969E1E734EFF000D470B /* OscReceivedElements.cpp in Sources */ = {isa = PBXBuildFile; fileRef = 65BC81551DF8D96500331165 /* OscReceivedElements.cpp */; };
		65E8969F1E734F02000D470B /* OscPrintReceivedElements.cpp in Sources */ = {isa = PBXBuildFile; fileRef = 65BC81531DF8D96500331165 /* OscPrintReceivedElements.cpp */; };
		65E896A01E734F05000D470B /* OscOutboundPacketStream.cpp in Sources */ = {isa = PBXBuildFile; fileRef = 65BC81501DF8D96500331165 /* OscOutboundPacketStream.cpp */; };
		65E896A11E734F37000D470B /* RtMidi.cpp in Sources */ = {isa = PBXBuildFile; fileRef = 65C1EB171E6E1D16003F731D /* RtMidi.cpp */; };
		65EE9A7E1E15AA89008C2091 /* Action.h in Sources */ = {isa = PBXBuildFile; fileRef = 65BC80FC1DF8D8BB00331165 /* Action.h */; };
		65EE9A7F1E15AA89008C2091 /* Action.mm in Sources */ = {isa = PBXBuildFile; fileRef = 65BC80FD1DF8D8BB00331165 /* Action.mm */; };
		65EE9A801E15AA89008C2091 /* AppProtocol.h in Sources */ = {isa = PBXBuildFile; fileRef = 65BC80FE1DF8D8BB00331165 /* AppProtocol.h */; };
		65EE9A811E15AA89008C2091 /* Controller.h in Sources */ = {isa = PBXBuildFile; fileRef = 65BC80FF1DF8D8BB00331165 /* Controller.h */; };
		65EE9A821E15AA89008C2091 /* Controller.mm in Sources */ = {isa = PBXBuildFile; fileRef = 65BC81001DF8D8BB00331165 /* Controller.mm */; };
		65EE9A841E15AA89008C2091 /* Engine.mm in Sources */ = {isa = PBXBuildFile; fileRef = 65BC81021DF8D8BB00331165 /* Engine.mm */; };
		65EE9A871E15AA89008C2091 /* FreeFrameFilters.h in Sources */ = {isa = PBXBuildFile; fileRef = 65BC81051DF8D8BB00331165 /* FreeFrameFilters.h */; };
		65EE9A881E15AA89008C2091 /* FreeFrameFilters.mm in Sources */ = {isa = PBXBuildFile; fileRef = 65BC81061DF8D8BB00331165 /* FreeFrameFilters.mm */; };
		65EE9A891E15AA89008C2091 /* Layer.h in Sources */ = {isa = PBXBuildFile; fileRef = 65BC81071DF8D8BB00331165 /* Layer.h */; };
		65EE9A8A1E15AA89008C2091 /* Layer.mm in Sources */ = {isa = PBXBuildFile; fileRef = 65BC81081DF8D8BB00331165 /* Layer.mm */; };
		65EE9A8B1E15AA89008C2091 /* Metronome.h in Sources */ = {isa = PBXBuildFile; fileRef = 65BC81091DF8D8BB00331165 /* Metronome.h */; };
		65EE9A8C1E15AA89008C2091 /* Metronome.mm in Sources */ = {isa = PBXBuildFile; fileRef = 65BC810A1DF8D8BB00331165 /* Metronome.mm */; };
		65EE9A8D1E15AA89008C2091 /* Midi.h in Sources */ = {isa = PBXBuildFile; fileRef = 65BC810B1DF8D8BB00331165 /* Midi.h */; };
		65EE9A8E1E15AA89008C2091 /* Midi.mm in Sources */ = {isa = PBXBuildFile; fileRef = 65BC810C1DF8D8BB00331165 /* Midi.mm */; };
		65EE9A8F1E15AA89008C2091 /* Osc.h in Sources */ = {isa = PBXBuildFile; fileRef = 65BC810D1DF8D8BB00331165 /* Osc.h */; };
		65EE9A901E15AA89008C2091 /* Osc.mm in Sources */ = {isa = PBXBuildFile; fileRef = 65BC810E1DF8D8BB00331165 /* Osc.mm */; };
		65EE9A911E15AA89008C2091 /* LayerProperties.h in Sources */ = {isa = PBXBuildFile; fileRef = 65BC81101DF8D8BB00331165 /* LayerProperties.h */; };
		65EE9A921E15AA89008C2091 /* LayerProperties.mm in Sources */ = {isa = PBXBuildFile; fileRef = 65BC81111DF8D8BB00331165 /* LayerProperties.mm */; };
		65EE9A931E15AA89008C2091 /* Properties.h in Sources */ = {isa = PBXBuildFile; fileRef = 65BC81121DF8D8BB00331165 /* Properties.h */; };
		65EE9A941E15AA89008C2091 /* Properties.mm in Sources */ = {isa = PBXBuildFile; fileRef = 65BC81131DF8D8BB00331165 /* Properties.mm */; };
		65EE9A951E15AA89008C2091 /* SetProperties.h in Sources */ = {isa = PBXBuildFile; fileRef = 65BC81141DF8D8BB00331165 /* SetProperties.h */; };
		65EE9A961E15AA89008C2091 /* SetProperties.mm in Sources */ = {isa = PBXBuildFile; fileRef = 65BC81151DF8D8BB00331165 /* SetProperties.mm */; };
		65EE9A971E15AA89008C2091 /* VisualInstancesProperties.h in Sources */ = {isa = PBXBuildFile; fileRef = 65BC81161DF8D8BB00331165 /* VisualInstancesProperties.h */; };
		65EE9A981E15AA89008C2091 /* VisualInstancesProperties.mm in Sources */ = {isa = PBXBuildFile; fileRef = 65BC81171DF8D8BB00331165 /* VisualInstancesProperties.mm */; };
		65EE9A991E15AA89008C2091 /* Scene.h in Sources */ = {isa = PBXBuildFile; fileRef = 65BC81181DF8D8BB00331165 /* Scene.h */; };
		65EE9A9A1E15AA89008C2091 /* Scene.mm in Sources */ = {isa = PBXBuildFile; fileRef = 65BC81191DF8D8BB00331165 /* Scene.mm */; };
		65EE9A9B1E15AA89008C2091 /* Screen.h in Sources */ = {isa = PBXBuildFile; fileRef = 65BC811A1DF8D8BB00331165 /* Screen.h */; };
		65EE9A9C1E15AA89008C2091 /* Screen.mm in Sources */ = {isa = PBXBuildFile; fileRef = 65BC811B1DF8D8BB00331165 /* Screen.mm */; };
		65EE9A9D1E15AA89008C2091 /* Set.h in Sources */ = {isa = PBXBuildFile; fileRef = 65BC811C1DF8D8BB00331165 /* Set.h */; };
		65EE9A9E1E15AA89008C2091 /* Set.mm in Sources */ = {isa = PBXBuildFile; fileRef = 65BC811D1DF8D8BB00331165 /* Set.mm */; };
		65EE9A9F1E15AA89008C2091 /* SyphonOutputManager.h in Sources */ = {isa = PBXBuildFile; fileRef = 65BC811E1DF8D8BB00331165 /* SyphonOutputManager.h */; };
		65EE9AA01E15AA89008C2091 /* SyphonOutputManager.mm in Sources */ = {isa = PBXBuildFile; fileRef = 65BC811F1DF8D8BB00331165 /* SyphonOutputManager.mm */; };
		65EE9AA11E15AA89008C2091 /* Visual.h in Sources */ = {isa = PBXBuildFile; fileRef = 65BC81201DF8D8BB00331165 /* Visual.h */; };
		65EE9AA21E15AA89008C2091 /* Visual.mm in Sources */ = {isa = PBXBuildFile; fileRef = 65BC81211DF8D8BB00331165 /* Visual.mm */; };
		65EE9AA31E15AA89008C2091 /* VisualCamera.h in Sources */ = {isa = PBXBuildFile; fileRef = 65BC81221DF8D8BB00331165 /* VisualCamera.h */; };
		65EE9AA41E15AA89008C2091 /* VisualCamera.mm in Sources */ = {isa = PBXBuildFile; fileRef = 65BC81231DF8D8BB00331165 /* VisualCamera.mm */; };
		65EE9AA51E15AA89008C2091 /* VisualInstance.h in Sources */ = {isa = PBXBuildFile; fileRef = 65BC81241DF8D8BB00331165 /* VisualInstance.h */; };
		65EE9AA61E15AA89008C2091 /* VisualInstance.mm in Sources */ = {isa = PBXBuildFile; fileRef = 65BC81251DF8D8BB00331165 /* VisualInstance.mm */; };
		65EE9AA71E15AA89008C2091 /* VisualSyphon.h in Sources */ = {isa = PBXBuildFile; fileRef = 65BC81261DF8D8BB00331165 /* VisualSyphon.h */; };
		65EE9AA81E15AA89008C2091 /* VisualSyphon.mm in Sources */ = {isa = PBXBuildFile; fileRef = 65BC81271DF8D8BB00331165 /* VisualSyphon.mm */; };
		65EE9AA91E15AA89008C2091 /* VisualVideo.h in Sources */ = {isa = PBXBuildFile; fileRef = 65BC81281DF8D8BB00331165 /* VisualVideo.h */; };
		65EE9AAA1E15AA89008C2091 /* VisualVideo.mm in Sources */ = {isa = PBXBuildFile; fileRef = 65BC81291DF8D8BB00331165 /* VisualVideo.mm */; };
		65EF0A1B1F424DC900C5FB69 /* Visuals.mm in Sources */ = {isa = PBXBuildFile; fileRef = 65EF0A191F424DC900C5FB69 /* Visuals.mm */; };
		65EF0A1C1F424DC900C5FB69 /* Visuals.mm in Sources */ = {isa = PBXBuildFile; fileRef = 65EF0A191F424DC900C5FB69 /* Visuals.mm */; };
		65EF0A1D1F424DC900C5FB69 /* Visuals.h in Headers */ = {isa = PBXBuildFile; fileRef = 65EF0A1A1F424DC900C5FB69 /* Visuals.h */; };
		65F6C5411F42F08A00270C51 /* README.md in Sources */ = {isa = PBXBuildFile; fileRef = 65F6C5401F42F08A00270C51 /* README.md */; };
/* End PBXBuildFile section */

/* Begin PBXContainerItemProxy section */
		65E896751E733026000D470B /* PBXContainerItemProxy */ = {
			isa = PBXContainerItemProxy;
			containerPortal = E4B69B4C0A3A1720003C02F2 /* Project object */;
			proxyType = 1;
			remoteGlobalIDString = 65A1865F1DF8DF9200BE0219;
			remoteInfo = ArbutusLib;
		};
/* End PBXContainerItemProxy section */

/* Begin PBXCopyFilesBuildPhase section */
		6504CA6D1ECE4DF200355E4A /* CopyFiles */ = {
			isa = PBXCopyFilesBuildPhase;
			buildActionMask = 2147483647;
			dstPath = "";
			dstSubfolderSpec = 16;
			files = (
				6504CA6E1ECE4E0000355E4A /* Loop001.mp4 in CopyFiles */,
			);
			runOnlyForDeploymentPostprocessing = 0;
		};
		65CCD0341F2C7DC700EB2AC5 /* CopyFiles */ = {
			isa = PBXCopyFilesBuildPhase;
			buildActionMask = 2147483647;
			dstPath = "";
			dstSubfolderSpec = 16;
			files = (
			);
			runOnlyForDeploymentPostprocessing = 0;
		};
		65E8965A1E72F3FF000D470B /* Copy Files */ = {
			isa = PBXCopyFilesBuildPhase;
			buildActionMask = 12;
			dstPath = "";
			dstSubfolderSpec = 16;
			files = (
				65E6BD461F464E83008E4F9E /* libfmodex.dylib in Copy Files */,
				65E6BD481F464F4E008E4F9E /* Syphon.framework in Copy Files */,
			);
			name = "Copy Files";
			runOnlyForDeploymentPostprocessing = 0;
		};
/* End PBXCopyFilesBuildPhase section */

/* Begin PBXFileReference section */
		6504CA6B1ECE4DCC00355E4A /* Loop001.mp4 */ = {isa = PBXFileReference; lastKnownFileType = file; path = Loop001.mp4; sourceTree = "<group>"; };
		6511F61A1F388F7000B750C2 /* VisualInstancesPropertiesTest.cpp */ = {isa = PBXFileReference; fileEncoding = 4; lastKnownFileType = sourcecode.cpp.cpp; name = VisualInstancesPropertiesTest.cpp; path = Properties/VisualInstancesPropertiesTest.cpp; sourceTree = "<group>"; };
		651E5BA71F2E1673008B4FEF /* Utils.cpp */ = {isa = PBXFileReference; fileEncoding = 4; lastKnownFileType = sourcecode.cpp.cpp; path = Utils.cpp; sourceTree = "<group>"; };
		65324F9B1F324187007C9FCF /* SetFile.cpp */ = {isa = PBXFileReference; fileEncoding = 4; lastKnownFileType = sourcecode.cpp.cpp; path = SetFile.cpp; sourceTree = "<group>"; };
		65324F9C1F324187007C9FCF /* SetFile.hpp */ = {isa = PBXFileReference; fileEncoding = 4; lastKnownFileType = sourcecode.cpp.h; path = SetFile.hpp; sourceTree = "<group>"; };
		65324FAB1F35D280007C9FCF /* JsonLoad.cpp */ = {isa = PBXFileReference; fileEncoding = 4; lastKnownFileType = sourcecode.cpp.cpp; path = JsonLoad.cpp; sourceTree = "<group>"; };
		65324FB61F373E62007C9FCF /* test002.json */ = {isa = PBXFileReference; fileEncoding = 4; lastKnownFileType = text.json; name = test002.json; path = Fixtures/FileHandling/test002.json; sourceTree = "<group>"; };
		655BFAF81E7355BD00B74446 /* CoreMIDI.framework */ = {isa = PBXFileReference; lastKnownFileType = wrapper.framework; name = CoreMIDI.framework; path = System/Library/Frameworks/CoreMIDI.framework; sourceTree = SDKROOT; };
		655BFB011E73673000B74446 /* Layer.cpp */ = {isa = PBXFileReference; fileEncoding = 4; lastKnownFileType = sourcecode.cpp.cpp; path = Layer.cpp; sourceTree = "<group>"; };
		657E13F91E85D6D900DDE6D2 /* Utils.h */ = {isa = PBXFileReference; fileEncoding = 4; lastKnownFileType = sourcecode.c.h; path = Utils.h; sourceTree = "<group>"; };
		659E25D51E70BCAE00217A12 /* CoreVideo.framework */ = {isa = PBXFileReference; lastKnownFileType = wrapper.framework; name = CoreVideo.framework; path = System/Library/Frameworks/CoreVideo.framework; sourceTree = SDKROOT; };
		65A186601DF8DF9200BE0219 /* libArbutusLib.a */ = {isa = PBXFileReference; explicitFileType = archive.ar; includeInIndex = 0; path = libArbutusLib.a; sourceTree = BUILT_PRODUCTS_DIR; };
		65BC80FC1DF8D8BB00331165 /* Action.h */ = {isa = PBXFileReference; lastKnownFileType = sourcecode.c.h; path = Action.h; sourceTree = "<group>"; };
		65BC80FD1DF8D8BB00331165 /* Action.mm */ = {isa = PBXFileReference; lastKnownFileType = sourcecode.cpp.objcpp; path = Action.mm; sourceTree = "<group>"; };
		65BC80FE1DF8D8BB00331165 /* AppProtocol.h */ = {isa = PBXFileReference; lastKnownFileType = sourcecode.c.h; path = AppProtocol.h; sourceTree = "<group>"; };
		65BC80FF1DF8D8BB00331165 /* Controller.h */ = {isa = PBXFileReference; lastKnownFileType = sourcecode.c.h; path = Controller.h; sourceTree = "<group>"; };
		65BC81001DF8D8BB00331165 /* Controller.mm */ = {isa = PBXFileReference; lastKnownFileType = sourcecode.cpp.objcpp; path = Controller.mm; sourceTree = "<group>"; };
		65BC81021DF8D8BB00331165 /* Engine.mm */ = {isa = PBXFileReference; lastKnownFileType = sourcecode.cpp.objcpp; path = Engine.mm; sourceTree = "<group>"; };
		65BC81051DF8D8BB00331165 /* FreeFrameFilters.h */ = {isa = PBXFileReference; lastKnownFileType = sourcecode.c.h; path = FreeFrameFilters.h; sourceTree = "<group>"; };
		65BC81061DF8D8BB00331165 /* FreeFrameFilters.mm */ = {isa = PBXFileReference; lastKnownFileType = sourcecode.cpp.objcpp; path = FreeFrameFilters.mm; sourceTree = "<group>"; };
		65BC81071DF8D8BB00331165 /* Layer.h */ = {isa = PBXFileReference; lastKnownFileType = sourcecode.c.h; path = Layer.h; sourceTree = "<group>"; };
		65BC81081DF8D8BB00331165 /* Layer.mm */ = {isa = PBXFileReference; lastKnownFileType = sourcecode.cpp.objcpp; path = Layer.mm; sourceTree = "<group>"; };
		65BC81091DF8D8BB00331165 /* Metronome.h */ = {isa = PBXFileReference; lastKnownFileType = sourcecode.c.h; path = Metronome.h; sourceTree = "<group>"; };
		65BC810A1DF8D8BB00331165 /* Metronome.mm */ = {isa = PBXFileReference; lastKnownFileType = sourcecode.cpp.objcpp; path = Metronome.mm; sourceTree = "<group>"; };
		65BC810B1DF8D8BB00331165 /* Midi.h */ = {isa = PBXFileReference; lastKnownFileType = sourcecode.c.h; path = Midi.h; sourceTree = "<group>"; };
		65BC810C1DF8D8BB00331165 /* Midi.mm */ = {isa = PBXFileReference; lastKnownFileType = sourcecode.cpp.objcpp; path = Midi.mm; sourceTree = "<group>"; };
		65BC810D1DF8D8BB00331165 /* Osc.h */ = {isa = PBXFileReference; lastKnownFileType = sourcecode.c.h; path = Osc.h; sourceTree = "<group>"; };
		65BC810E1DF8D8BB00331165 /* Osc.mm */ = {isa = PBXFileReference; lastKnownFileType = sourcecode.cpp.objcpp; path = Osc.mm; sourceTree = "<group>"; };
		65BC81101DF8D8BB00331165 /* LayerProperties.h */ = {isa = PBXFileReference; lastKnownFileType = sourcecode.c.h; path = LayerProperties.h; sourceTree = "<group>"; };
		65BC81111DF8D8BB00331165 /* LayerProperties.mm */ = {isa = PBXFileReference; lastKnownFileType = sourcecode.cpp.objcpp; path = LayerProperties.mm; sourceTree = "<group>"; };
		65BC81121DF8D8BB00331165 /* Properties.h */ = {isa = PBXFileReference; lastKnownFileType = sourcecode.c.h; path = Properties.h; sourceTree = "<group>"; };
		65BC81131DF8D8BB00331165 /* Properties.mm */ = {isa = PBXFileReference; lastKnownFileType = sourcecode.cpp.objcpp; path = Properties.mm; sourceTree = "<group>"; };
		65BC81141DF8D8BB00331165 /* SetProperties.h */ = {isa = PBXFileReference; lastKnownFileType = sourcecode.c.h; path = SetProperties.h; sourceTree = "<group>"; };
		65BC81151DF8D8BB00331165 /* SetProperties.mm */ = {isa = PBXFileReference; lastKnownFileType = sourcecode.cpp.objcpp; path = SetProperties.mm; sourceTree = "<group>"; };
		65BC81161DF8D8BB00331165 /* VisualInstancesProperties.h */ = {isa = PBXFileReference; lastKnownFileType = sourcecode.c.h; path = VisualInstancesProperties.h; sourceTree = "<group>"; };
		65BC81171DF8D8BB00331165 /* VisualInstancesProperties.mm */ = {isa = PBXFileReference; lastKnownFileType = sourcecode.cpp.objcpp; path = VisualInstancesProperties.mm; sourceTree = "<group>"; };
		65BC81181DF8D8BB00331165 /* Scene.h */ = {isa = PBXFileReference; lastKnownFileType = sourcecode.c.h; path = Scene.h; sourceTree = "<group>"; };
		65BC81191DF8D8BB00331165 /* Scene.mm */ = {isa = PBXFileReference; lastKnownFileType = sourcecode.cpp.objcpp; path = Scene.mm; sourceTree = "<group>"; };
		65BC811A1DF8D8BB00331165 /* Screen.h */ = {isa = PBXFileReference; lastKnownFileType = sourcecode.c.h; path = Screen.h; sourceTree = "<group>"; };
		65BC811B1DF8D8BB00331165 /* Screen.mm */ = {isa = PBXFileReference; lastKnownFileType = sourcecode.cpp.objcpp; path = Screen.mm; sourceTree = "<group>"; };
		65BC811C1DF8D8BB00331165 /* Set.h */ = {isa = PBXFileReference; lastKnownFileType = sourcecode.c.h; path = Set.h; sourceTree = "<group>"; };
		65BC811D1DF8D8BB00331165 /* Set.mm */ = {isa = PBXFileReference; lastKnownFileType = sourcecode.cpp.objcpp; path = Set.mm; sourceTree = "<group>"; };
		65BC811E1DF8D8BB00331165 /* SyphonOutputManager.h */ = {isa = PBXFileReference; lastKnownFileType = sourcecode.c.h; path = SyphonOutputManager.h; sourceTree = "<group>"; };
		65BC811F1DF8D8BB00331165 /* SyphonOutputManager.mm */ = {isa = PBXFileReference; lastKnownFileType = sourcecode.cpp.objcpp; path = SyphonOutputManager.mm; sourceTree = "<group>"; };
		65BC81201DF8D8BB00331165 /* Visual.h */ = {isa = PBXFileReference; lastKnownFileType = sourcecode.c.h; path = Visual.h; sourceTree = "<group>"; };
		65BC81211DF8D8BB00331165 /* Visual.mm */ = {isa = PBXFileReference; lastKnownFileType = sourcecode.cpp.objcpp; path = Visual.mm; sourceTree = "<group>"; };
		65BC81221DF8D8BB00331165 /* VisualCamera.h */ = {isa = PBXFileReference; lastKnownFileType = sourcecode.c.h; path = VisualCamera.h; sourceTree = "<group>"; };
		65BC81231DF8D8BB00331165 /* VisualCamera.mm */ = {isa = PBXFileReference; lastKnownFileType = sourcecode.cpp.objcpp; path = VisualCamera.mm; sourceTree = "<group>"; };
		65BC81241DF8D8BB00331165 /* VisualInstance.h */ = {isa = PBXFileReference; lastKnownFileType = sourcecode.c.h; path = VisualInstance.h; sourceTree = "<group>"; };
		65BC81251DF8D8BB00331165 /* VisualInstance.mm */ = {isa = PBXFileReference; lastKnownFileType = sourcecode.cpp.objcpp; path = VisualInstance.mm; sourceTree = "<group>"; };
		65BC81261DF8D8BB00331165 /* VisualSyphon.h */ = {isa = PBXFileReference; lastKnownFileType = sourcecode.c.h; path = VisualSyphon.h; sourceTree = "<group>"; };
		65BC81271DF8D8BB00331165 /* VisualSyphon.mm */ = {isa = PBXFileReference; lastKnownFileType = sourcecode.cpp.objcpp; path = VisualSyphon.mm; sourceTree = "<group>"; };
		65BC81281DF8D8BB00331165 /* VisualVideo.h */ = {isa = PBXFileReference; lastKnownFileType = sourcecode.c.h; path = VisualVideo.h; sourceTree = "<group>"; };
		65BC81291DF8D8BB00331165 /* VisualVideo.mm */ = {isa = PBXFileReference; lastKnownFileType = sourcecode.cpp.objcpp; path = VisualVideo.mm; sourceTree = "<group>"; };
		65BC812F1DF8D94600331165 /* Syphon.framework */ = {isa = PBXFileReference; lastKnownFileType = wrapper.framework; path = Syphon.framework; sourceTree = "<group>"; };
		65BC81311DF8D94600331165 /* SyphonNameboundClient.h */ = {isa = PBXFileReference; lastKnownFileType = sourcecode.c.h; path = SyphonNameboundClient.h; sourceTree = "<group>"; };
		65BC81321DF8D94600331165 /* SyphonNameboundClient.m */ = {isa = PBXFileReference; lastKnownFileType = sourcecode.c.objc; path = SyphonNameboundClient.m; sourceTree = "<group>"; };
		65BC81341DF8D94600331165 /* ofxSyphon.h */ = {isa = PBXFileReference; lastKnownFileType = sourcecode.c.h; path = ofxSyphon.h; sourceTree = "<group>"; };
		65BC81351DF8D94600331165 /* ofxSyphonClient.h */ = {isa = PBXFileReference; lastKnownFileType = sourcecode.c.h; path = ofxSyphonClient.h; sourceTree = "<group>"; };
		65BC81361DF8D94600331165 /* ofxSyphonClient.mm */ = {isa = PBXFileReference; lastKnownFileType = sourcecode.cpp.objcpp; path = ofxSyphonClient.mm; sourceTree = "<group>"; };
		65BC81371DF8D94600331165 /* ofxSyphonServer.h */ = {isa = PBXFileReference; lastKnownFileType = sourcecode.c.h; path = ofxSyphonServer.h; sourceTree = "<group>"; };
		65BC81381DF8D94600331165 /* ofxSyphonServer.mm */ = {isa = PBXFileReference; lastKnownFileType = sourcecode.cpp.objcpp; path = ofxSyphonServer.mm; sourceTree = "<group>"; };
		65BC81391DF8D94600331165 /* ofxSyphonServerDirectory.h */ = {isa = PBXFileReference; lastKnownFileType = sourcecode.c.h; path = ofxSyphonServerDirectory.h; sourceTree = "<group>"; };
		65BC813A1DF8D94600331165 /* ofxSyphonServerDirectory.mm */ = {isa = PBXFileReference; lastKnownFileType = sourcecode.cpp.objcpp; path = ofxSyphonServerDirectory.mm; sourceTree = "<group>"; };
		65BC81401DF8D96500331165 /* IpEndpointName.cpp */ = {isa = PBXFileReference; lastKnownFileType = sourcecode.cpp.cpp; path = IpEndpointName.cpp; sourceTree = "<group>"; };
		65BC81411DF8D96500331165 /* IpEndpointName.h */ = {isa = PBXFileReference; lastKnownFileType = sourcecode.c.h; path = IpEndpointName.h; sourceTree = "<group>"; };
		65BC81421DF8D96500331165 /* NetworkingUtils.h */ = {isa = PBXFileReference; lastKnownFileType = sourcecode.c.h; path = NetworkingUtils.h; sourceTree = "<group>"; };
		65BC81431DF8D96500331165 /* PacketListener.h */ = {isa = PBXFileReference; lastKnownFileType = sourcecode.c.h; path = PacketListener.h; sourceTree = "<group>"; };
		65BC81451DF8D96500331165 /* NetworkingUtils.cpp */ = {isa = PBXFileReference; lastKnownFileType = sourcecode.cpp.cpp; path = NetworkingUtils.cpp; sourceTree = "<group>"; };
		65BC81461DF8D96500331165 /* UdpSocket.cpp */ = {isa = PBXFileReference; lastKnownFileType = sourcecode.cpp.cpp; path = UdpSocket.cpp; sourceTree = "<group>"; };
		65BC81471DF8D96500331165 /* TimerListener.h */ = {isa = PBXFileReference; lastKnownFileType = sourcecode.c.h; path = TimerListener.h; sourceTree = "<group>"; };
		65BC81481DF8D96500331165 /* UdpSocket.h */ = {isa = PBXFileReference; lastKnownFileType = sourcecode.c.h; path = UdpSocket.h; sourceTree = "<group>"; };
		65BC814A1DF8D96500331165 /* NetworkingUtils.cpp */ = {isa = PBXFileReference; lastKnownFileType = sourcecode.cpp.cpp; path = NetworkingUtils.cpp; sourceTree = "<group>"; };
		65BC814B1DF8D96500331165 /* UdpSocket.cpp */ = {isa = PBXFileReference; lastKnownFileType = sourcecode.cpp.cpp; path = UdpSocket.cpp; sourceTree = "<group>"; };
		65BC814D1DF8D96500331165 /* MessageMappingOscPacketListener.h */ = {isa = PBXFileReference; lastKnownFileType = sourcecode.c.h; path = MessageMappingOscPacketListener.h; sourceTree = "<group>"; };
		65BC814E1DF8D96500331165 /* OscException.h */ = {isa = PBXFileReference; lastKnownFileType = sourcecode.c.h; path = OscException.h; sourceTree = "<group>"; };
		65BC814F1DF8D96500331165 /* OscHostEndianness.h */ = {isa = PBXFileReference; lastKnownFileType = sourcecode.c.h; path = OscHostEndianness.h; sourceTree = "<group>"; };
		65BC81501DF8D96500331165 /* OscOutboundPacketStream.cpp */ = {isa = PBXFileReference; lastKnownFileType = sourcecode.cpp.cpp; path = OscOutboundPacketStream.cpp; sourceTree = "<group>"; };
		65BC81511DF8D96500331165 /* OscOutboundPacketStream.h */ = {isa = PBXFileReference; lastKnownFileType = sourcecode.c.h; path = OscOutboundPacketStream.h; sourceTree = "<group>"; };
		65BC81521DF8D96500331165 /* OscPacketListener.h */ = {isa = PBXFileReference; lastKnownFileType = sourcecode.c.h; path = OscPacketListener.h; sourceTree = "<group>"; };
		65BC81531DF8D96500331165 /* OscPrintReceivedElements.cpp */ = {isa = PBXFileReference; lastKnownFileType = sourcecode.cpp.cpp; path = OscPrintReceivedElements.cpp; sourceTree = "<group>"; };
		65BC81541DF8D96500331165 /* OscPrintReceivedElements.h */ = {isa = PBXFileReference; lastKnownFileType = sourcecode.c.h; path = OscPrintReceivedElements.h; sourceTree = "<group>"; };
		65BC81551DF8D96500331165 /* OscReceivedElements.cpp */ = {isa = PBXFileReference; lastKnownFileType = sourcecode.cpp.cpp; path = OscReceivedElements.cpp; sourceTree = "<group>"; };
		65BC81561DF8D96500331165 /* OscReceivedElements.h */ = {isa = PBXFileReference; lastKnownFileType = sourcecode.c.h; path = OscReceivedElements.h; sourceTree = "<group>"; };
		65BC81571DF8D96500331165 /* OscTypes.cpp */ = {isa = PBXFileReference; lastKnownFileType = sourcecode.cpp.cpp; path = OscTypes.cpp; sourceTree = "<group>"; };
		65BC81581DF8D96500331165 /* OscTypes.h */ = {isa = PBXFileReference; lastKnownFileType = sourcecode.c.h; path = OscTypes.h; sourceTree = "<group>"; };
		65BC815A1DF8D96500331165 /* ofxOsc.h */ = {isa = PBXFileReference; lastKnownFileType = sourcecode.c.h; path = ofxOsc.h; sourceTree = "<group>"; };
		65BC815B1DF8D96500331165 /* ofxOscArg.h */ = {isa = PBXFileReference; lastKnownFileType = sourcecode.c.h; path = ofxOscArg.h; sourceTree = "<group>"; };
		65BC815C1DF8D96500331165 /* ofxOscBundle.cpp */ = {isa = PBXFileReference; lastKnownFileType = sourcecode.cpp.cpp; path = ofxOscBundle.cpp; sourceTree = "<group>"; };
		65BC815D1DF8D96500331165 /* ofxOscBundle.h */ = {isa = PBXFileReference; lastKnownFileType = sourcecode.c.h; path = ofxOscBundle.h; sourceTree = "<group>"; };
		65BC815E1DF8D96500331165 /* ofxOscMessage.cpp */ = {isa = PBXFileReference; lastKnownFileType = sourcecode.cpp.cpp; path = ofxOscMessage.cpp; sourceTree = "<group>"; };
		65BC815F1DF8D96500331165 /* ofxOscMessage.h */ = {isa = PBXFileReference; lastKnownFileType = sourcecode.c.h; path = ofxOscMessage.h; sourceTree = "<group>"; };
		65BC81601DF8D96500331165 /* ofxOscParameterSync.cpp */ = {isa = PBXFileReference; lastKnownFileType = sourcecode.cpp.cpp; path = ofxOscParameterSync.cpp; sourceTree = "<group>"; };
		65BC81611DF8D96500331165 /* ofxOscParameterSync.h */ = {isa = PBXFileReference; lastKnownFileType = sourcecode.c.h; path = ofxOscParameterSync.h; sourceTree = "<group>"; };
		65BC81621DF8D96500331165 /* ofxOscReceiver.cpp */ = {isa = PBXFileReference; lastKnownFileType = sourcecode.cpp.cpp; path = ofxOscReceiver.cpp; sourceTree = "<group>"; };
		65BC81631DF8D96500331165 /* ofxOscReceiver.h */ = {isa = PBXFileReference; lastKnownFileType = sourcecode.c.h; path = ofxOscReceiver.h; sourceTree = "<group>"; };
		65BC81641DF8D96500331165 /* ofxOscSender.cpp */ = {isa = PBXFileReference; lastKnownFileType = sourcecode.cpp.cpp; path = ofxOscSender.cpp; sourceTree = "<group>"; };
		65BC81651DF8D96500331165 /* ofxOscSender.h */ = {isa = PBXFileReference; lastKnownFileType = sourcecode.c.h; path = ofxOscSender.h; sourceTree = "<group>"; };
		65BC81691DF8D9CA00331165 /* ofxRtMidiIn.cpp */ = {isa = PBXFileReference; lastKnownFileType = sourcecode.cpp.cpp; path = ofxRtMidiIn.cpp; sourceTree = "<group>"; };
		65BC816A1DF8D9CA00331165 /* ofxRtMidiIn.h */ = {isa = PBXFileReference; lastKnownFileType = sourcecode.c.h; path = ofxRtMidiIn.h; sourceTree = "<group>"; };
		65BC816B1DF8D9CA00331165 /* ofxRtMidiOut.cpp */ = {isa = PBXFileReference; lastKnownFileType = sourcecode.cpp.cpp; path = ofxRtMidiOut.cpp; sourceTree = "<group>"; };
		65BC816C1DF8D9CA00331165 /* ofxRtMidiOut.h */ = {isa = PBXFileReference; lastKnownFileType = sourcecode.c.h; path = ofxRtMidiOut.h; sourceTree = "<group>"; };
		65BC81731DF8D9CA00331165 /* ofxPGMidiContext.h */ = {isa = PBXFileReference; lastKnownFileType = sourcecode.c.h; path = ofxPGMidiContext.h; sourceTree = "<group>"; };
		65BC81741DF8D9CA00331165 /* ofxPGMidiContext.mm */ = {isa = PBXFileReference; lastKnownFileType = sourcecode.cpp.objcpp; path = ofxPGMidiContext.mm; sourceTree = "<group>"; };
		65BC81751DF8D9CA00331165 /* ofxPGMidiDelegate.h */ = {isa = PBXFileReference; lastKnownFileType = sourcecode.c.h; path = ofxPGMidiDelegate.h; sourceTree = "<group>"; };
		65BC81761DF8D9CA00331165 /* ofxPGMidiDelegate.mm */ = {isa = PBXFileReference; lastKnownFileType = sourcecode.cpp.objcpp; path = ofxPGMidiDelegate.mm; sourceTree = "<group>"; };
		65BC81771DF8D9CA00331165 /* ofxPGMidiIn.h */ = {isa = PBXFileReference; lastKnownFileType = sourcecode.c.h; path = ofxPGMidiIn.h; sourceTree = "<group>"; };
		65BC81781DF8D9CA00331165 /* ofxPGMidiIn.mm */ = {isa = PBXFileReference; lastKnownFileType = sourcecode.cpp.objcpp; path = ofxPGMidiIn.mm; sourceTree = "<group>"; };
		65BC81791DF8D9CA00331165 /* ofxPGMidiOut.h */ = {isa = PBXFileReference; lastKnownFileType = sourcecode.c.h; path = ofxPGMidiOut.h; sourceTree = "<group>"; };
		65BC817A1DF8D9CA00331165 /* ofxPGMidiOut.mm */ = {isa = PBXFileReference; lastKnownFileType = sourcecode.cpp.objcpp; path = ofxPGMidiOut.mm; sourceTree = "<group>"; };
		65BC817B1DF8D9CA00331165 /* ofxPGMidiSourceDelegate.h */ = {isa = PBXFileReference; lastKnownFileType = sourcecode.c.h; path = ofxPGMidiSourceDelegate.h; sourceTree = "<group>"; };
		65BC817C1DF8D9CA00331165 /* ofxPGMidiSourceDelegate.mm */ = {isa = PBXFileReference; lastKnownFileType = sourcecode.cpp.objcpp; path = ofxPGMidiSourceDelegate.mm; sourceTree = "<group>"; };
		65BC81871DF8D9CA00331165 /* ofxBaseMidi.cpp */ = {isa = PBXFileReference; lastKnownFileType = sourcecode.cpp.cpp; path = ofxBaseMidi.cpp; sourceTree = "<group>"; };
		65BC81881DF8D9CA00331165 /* ofxBaseMidi.h */ = {isa = PBXFileReference; lastKnownFileType = sourcecode.c.h; path = ofxBaseMidi.h; sourceTree = "<group>"; };
		65BC81891DF8D9CA00331165 /* ofxMidi.cpp */ = {isa = PBXFileReference; lastKnownFileType = sourcecode.cpp.cpp; path = ofxMidi.cpp; sourceTree = "<group>"; };
		65BC818A1DF8D9CA00331165 /* ofxMidi.h */ = {isa = PBXFileReference; lastKnownFileType = sourcecode.c.h; path = ofxMidi.h; sourceTree = "<group>"; };
		65BC818B1DF8D9CA00331165 /* ofxMidiConstants.h */ = {isa = PBXFileReference; lastKnownFileType = sourcecode.c.h; path = ofxMidiConstants.h; sourceTree = "<group>"; };
		65BC818C1DF8D9CA00331165 /* ofxMidiIn.cpp */ = {isa = PBXFileReference; lastKnownFileType = sourcecode.cpp.cpp; path = ofxMidiIn.cpp; sourceTree = "<group>"; };
		65BC818D1DF8D9CA00331165 /* ofxMidiIn.h */ = {isa = PBXFileReference; lastKnownFileType = sourcecode.c.h; path = ofxMidiIn.h; sourceTree = "<group>"; };
		65BC818E1DF8D9CA00331165 /* ofxMidiMessage.cpp */ = {isa = PBXFileReference; lastKnownFileType = sourcecode.cpp.cpp; path = ofxMidiMessage.cpp; sourceTree = "<group>"; };
		65BC818F1DF8D9CA00331165 /* ofxMidiMessage.h */ = {isa = PBXFileReference; lastKnownFileType = sourcecode.c.h; path = ofxMidiMessage.h; sourceTree = "<group>"; };
		65BC81901DF8D9CA00331165 /* ofxMidiOut.cpp */ = {isa = PBXFileReference; lastKnownFileType = sourcecode.cpp.cpp; path = ofxMidiOut.cpp; sourceTree = "<group>"; };
		65BC81911DF8D9CA00331165 /* ofxMidiOut.h */ = {isa = PBXFileReference; lastKnownFileType = sourcecode.c.h; path = ofxMidiOut.h; sourceTree = "<group>"; };
		65BC81921DF8D9CA00331165 /* ofxMidiTypes.h */ = {isa = PBXFileReference; lastKnownFileType = sourcecode.c.h; path = ofxMidiTypes.h; sourceTree = "<group>"; };
		65BC819A1DF8D9D600331165 /* ofxXmlSettings.cpp */ = {isa = PBXFileReference; lastKnownFileType = sourcecode.cpp.cpp; path = ofxXmlSettings.cpp; sourceTree = "<group>"; };
		65BC819B1DF8D9D600331165 /* ofxXmlSettings.h */ = {isa = PBXFileReference; lastKnownFileType = sourcecode.c.h; path = ofxXmlSettings.h; sourceTree = "<group>"; };
		65C1EB161E6E1D16003F731D /* readme */ = {isa = PBXFileReference; lastKnownFileType = text; path = readme; sourceTree = "<group>"; };
		65C1EB171E6E1D16003F731D /* RtMidi.cpp */ = {isa = PBXFileReference; lastKnownFileType = sourcecode.cpp.cpp; path = RtMidi.cpp; sourceTree = "<group>"; };
		65C1EB181E6E1D16003F731D /* RtMidi.h */ = {isa = PBXFileReference; lastKnownFileType = sourcecode.c.h; path = RtMidi.h; sourceTree = "<group>"; };
		65CCD0361F2C7E3B00EB2AC5 /* test001.json */ = {isa = PBXFileReference; fileEncoding = 4; lastKnownFileType = text.json; name = test001.json; path = Fixtures/FileHandling/test001.json; sourceTree = "<group>"; };
		65CCD0381F2C7EA600EB2AC5 /* JsonLoadTest.cpp */ = {isa = PBXFileReference; fileEncoding = 4; lastKnownFileType = sourcecode.cpp.cpp; name = JsonLoadTest.cpp; path = FileHandling/JsonLoadTest.cpp; sourceTree = "<group>"; };
		65CCD0461F2CACA900EB2AC5 /* Engine.h */ = {isa = PBXFileReference; fileEncoding = 4; lastKnownFileType = sourcecode.c.h; path = Engine.h; sourceTree = "<group>"; };
		65CCD04D1F2CC30400EB2AC5 /* EngineProperties.mm */ = {isa = PBXFileReference; fileEncoding = 4; lastKnownFileType = sourcecode.cpp.objcpp; path = EngineProperties.mm; sourceTree = "<group>"; };
		65CCD04E1F2CC30400EB2AC5 /* EngineProperties.h */ = {isa = PBXFileReference; fileEncoding = 4; lastKnownFileType = sourcecode.c.h; path = EngineProperties.h; sourceTree = "<group>"; };
		65D3A5CD1F2A9B8600CE6885 /* JsonLoad.hpp */ = {isa = PBXFileReference; fileEncoding = 4; lastKnownFileType = sourcecode.cpp.h; path = JsonLoad.hpp; sourceTree = "<group>"; };
		65D3A5D31F2A9BCF00CE6885 /* JsonSave.cpp */ = {isa = PBXFileReference; fileEncoding = 4; lastKnownFileType = sourcecode.cpp.cpp; path = JsonSave.cpp; sourceTree = "<group>"; };
		65D3A5D41F2A9BCF00CE6885 /* JsonSave.hpp */ = {isa = PBXFileReference; fileEncoding = 4; lastKnownFileType = sourcecode.cpp.h; path = JsonSave.hpp; sourceTree = "<group>"; };
		65D3A5D91F2AA13100CE6885 /* JsonSaveTest.cpp */ = {isa = PBXFileReference; fileEncoding = 4; lastKnownFileType = sourcecode.cpp.cpp; name = JsonSaveTest.cpp; path = FileHandling/JsonSaveTest.cpp; sourceTree = "<group>"; };
		65E21BC61EC6764F006D1C37 /* ofApp.cpp */ = {isa = PBXFileReference; fileEncoding = 4; lastKnownFileType = sourcecode.cpp.cpp; path = ofApp.cpp; sourceTree = "<group>"; };
		65E21BC71EC6764F006D1C37 /* ofApp.h */ = {isa = PBXFileReference; fileEncoding = 4; lastKnownFileType = sourcecode.c.h; path = ofApp.h; sourceTree = "<group>"; };
		65E6BD361F44691E008E4F9E /* tinyxml.cpp */ = {isa = PBXFileReference; fileEncoding = 4; lastKnownFileType = sourcecode.cpp.cpp; name = tinyxml.cpp; path = Vendor/ofxXmlSettings/libs/tinyxml.cpp; sourceTree = SOURCE_ROOT; };
		65E6BD371F44691E008E4F9E /* tinyxml.h */ = {isa = PBXFileReference; fileEncoding = 4; lastKnownFileType = sourcecode.c.h; name = tinyxml.h; path = Vendor/ofxXmlSettings/libs/tinyxml.h; sourceTree = SOURCE_ROOT; };
		65E6BD381F44691E008E4F9E /* tinyxmlerror.cpp */ = {isa = PBXFileReference; fileEncoding = 4; lastKnownFileType = sourcecode.cpp.cpp; name = tinyxmlerror.cpp; path = Vendor/ofxXmlSettings/libs/tinyxmlerror.cpp; sourceTree = SOURCE_ROOT; };
		65E6BD391F44691E008E4F9E /* tinyxmlparser.cpp */ = {isa = PBXFileReference; fileEncoding = 4; lastKnownFileType = sourcecode.cpp.cpp; name = tinyxmlparser.cpp; path = Vendor/ofxXmlSettings/libs/tinyxmlparser.cpp; sourceTree = SOURCE_ROOT; };
		65E6BD431F463A15008E4F9E /* openFrameworksDebug.a */ = {isa = PBXFileReference; lastKnownFileType = archive.ar; name = openFrameworksDebug.a; path = ../of_v0.9.3_osx_release/libs/openFrameworksCompiled/lib/osx/openFrameworksDebug.a; sourceTree = "<group>"; };
		65E6BD451F464E83008E4F9E /* libfmodex.dylib */ = {isa = PBXFileReference; lastKnownFileType = "compiled.mach-o.dylib"; name = libfmodex.dylib; path = Vendor/fmodex/libfmodex.dylib; sourceTree = "<group>"; };
		65E6BD471F464F4E008E4F9E /* Syphon.framework */ = {isa = PBXFileReference; lastKnownFileType = wrapper.framework; name = Syphon.framework; path = Vendor/ofxSyphon/libs/Syphon/lib/osx/Syphon.framework; sourceTree = "<group>"; };
		65E896531E72E85B000D470B /* makedocs.sh */ = {isa = PBXFileReference; lastKnownFileType = text.script.sh; path = makedocs.sh; sourceTree = "<group>"; };
		65E896561E72F36F000D470B /* ofApp.cpp */ = {isa = PBXFileReference; lastKnownFileType = sourcecode.cpp.cpp; path = ofApp.cpp; sourceTree = "<group>"; };
		65E896571E72F36F000D470B /* ofApp.h */ = {isa = PBXFileReference; lastKnownFileType = sourcecode.c.h; path = ofApp.h; sourceTree = "<group>"; };
		65E896631E72F420000D470B /* Catch Tests */ = {isa = PBXFileReference; explicitFileType = "compiled.mach-o.executable"; includeInIndex = 0; path = "Catch Tests"; sourceTree = BUILT_PRODUCTS_DIR; };
		65E896651E730453000D470B /* main.cpp */ = {isa = PBXFileReference; fileEncoding = 4; lastKnownFileType = sourcecode.cpp.cpp; path = main.cpp; sourceTree = "<group>"; };
		65E8966A1E73098F000D470B /* Engine.cpp */ = {isa = PBXFileReference; fileEncoding = 4; lastKnownFileType = sourcecode.cpp.cpp; path = Engine.cpp; sourceTree = "<group>"; };
		65E8966C1E730C45000D470B /* LayerProperties.cpp */ = {isa = PBXFileReference; fileEncoding = 4; lastKnownFileType = sourcecode.cpp.cpp; path = LayerProperties.cpp; sourceTree = "<group>"; };
		65E8967B1E73311F000D470B /* Foundation.framework */ = {isa = PBXFileReference; lastKnownFileType = wrapper.framework; name = Foundation.framework; path = System/Library/Frameworks/Foundation.framework; sourceTree = SDKROOT; };
		65E896851E733920000D470B /* Syphon.framework */ = {isa = PBXFileReference; lastKnownFileType = wrapper.framework; name = Syphon.framework; path = ../../../addons/ofxSyphon/libs/Syphon/lib/osx/Syphon.framework; sourceTree = "<group>"; };
		65E896871E733975000D470B /* libfmodex.dylib */ = {isa = PBXFileReference; lastKnownFileType = "compiled.mach-o.dylib"; name = libfmodex.dylib; path = ../../../libs/fmodex/lib/osx/libfmodex.dylib; sourceTree = "<group>"; };
		65EF0A191F424DC900C5FB69 /* Visuals.mm */ = {isa = PBXFileReference; fileEncoding = 4; lastKnownFileType = sourcecode.cpp.objcpp; path = Visuals.mm; sourceTree = "<group>"; };
		65EF0A1A1F424DC900C5FB69 /* Visuals.h */ = {isa = PBXFileReference; fileEncoding = 4; lastKnownFileType = sourcecode.c.h; path = Visuals.h; sourceTree = "<group>"; };
		65F6C5401F42F08A00270C51 /* README.md */ = {isa = PBXFileReference; fileEncoding = 4; lastKnownFileType = net.daringfireball.markdown; path = README.md; sourceTree = "<group>"; };
		65F6C5461F43AA6900270C51 /* ofxMidiMessage.cpp */ = {isa = PBXFileReference; lastKnownFileType = sourcecode.cpp.cpp; name = ofxMidiMessage.cpp; path = ../../../XCode/ArbutusEngine/Vendor/ofxMidi/src/ofxMidiMessage.cpp; sourceTree = "<group>"; };
		65F6C5481F43AA9100270C51 /* ofxMidi.cpp */ = {isa = PBXFileReference; lastKnownFileType = sourcecode.cpp.cpp; name = ofxMidi.cpp; path = ../../../XCode/ArbutusEngine/Vendor/ofxMidi/src/ofxMidi.cpp; sourceTree = "<group>"; };
		65F6C54A1F43AA9A00270C51 /* ofxMidiOut.cpp */ = {isa = PBXFileReference; lastKnownFileType = sourcecode.cpp.cpp; name = ofxMidiOut.cpp; path = ../../../XCode/ArbutusEngine/Vendor/ofxMidi/src/ofxMidiOut.cpp; sourceTree = "<group>"; };
		65F6C54C1F43AAA600270C51 /* ofxMidiIn.cpp */ = {isa = PBXFileReference; lastKnownFileType = sourcecode.cpp.cpp; name = ofxMidiIn.cpp; path = ../../../XCode/ArbutusEngine/Vendor/ofxMidi/src/ofxMidiIn.cpp; sourceTree = "<group>"; };
		E4B6FCAD0C3E899E008CF71C /* openFrameworks-Info.plist */ = {isa = PBXFileReference; fileEncoding = 30; lastKnownFileType = text.plist.xml; path = "openFrameworks-Info.plist"; sourceTree = "<group>"; };
		E4EB6923138AFD0F00A09F29 /* Project.xcconfig */ = {isa = PBXFileReference; fileEncoding = 4; lastKnownFileType = text.xcconfig; path = Project.xcconfig; sourceTree = "<group>"; };
/* End PBXFileReference section */

/* Begin PBXFrameworksBuildPhase section */
		65A1865D1DF8DF9200BE0219 /* Frameworks */ = {
			isa = PBXFrameworksBuildPhase;
			buildActionMask = 2147483647;
			files = (
			);
			runOnlyForDeploymentPostprocessing = 0;
		};
		65E896591E72F3FF000D470B /* Frameworks */ = {
			isa = PBXFrameworksBuildPhase;
			buildActionMask = 2147483647;
			files = (
				655BFAF91E7355BD00B74446 /* CoreMIDI.framework in Frameworks */,
				65E896811E733454000D470B /* Foundation.framework in Frameworks */,
				65E8967F1E733433000D470B /* libArbutusLib.a in Frameworks */,
				65E896821E73347B000D470B /* Syphon.framework in Frameworks */,
			);
			runOnlyForDeploymentPostprocessing = 0;
		};
/* End PBXFrameworksBuildPhase section */

/* Begin PBXGroup section */
		6504CA6A1ECE4DCC00355E4A /* Test Data */ = {
			isa = PBXGroup;
			children = (
				6504CA6B1ECE4DCC00355E4A /* Loop001.mp4 */,
			);
			name = "Test Data";
			path = TestData;
			sourceTree = "<group>";
		};
		6511F6181F388F2400B750C2 /* Properties */ = {
			isa = PBXGroup;
			children = (
				6511F61A1F388F7000B750C2 /* VisualInstancesPropertiesTest.cpp */,
			);
			name = Properties;
			sourceTree = "<group>";
		};
		651767101F2BF3720011D409 /* Fixtures */ = {
			isa = PBXGroup;
			children = (
				651767121F2BF3830011D409 /* FileHandling */,
			);
			name = Fixtures;
			sourceTree = "<group>";
		};
		651767121F2BF3830011D409 /* FileHandling */ = {
			isa = PBXGroup;
			children = (
				65CCD0361F2C7E3B00EB2AC5 /* test001.json */,
				65324FB61F373E62007C9FCF /* test002.json */,
			);
			name = FileHandling;
			sourceTree = "<group>";
		};
		659E25D41E70BCAE00217A12 /* Frameworks */ = {
			isa = PBXGroup;
			children = (
				65E6BD431F463A15008E4F9E /* openFrameworksDebug.a */,
				65E896871E733975000D470B /* libfmodex.dylib */,
				65E896851E733920000D470B /* Syphon.framework */,
				655BFAF81E7355BD00B74446 /* CoreMIDI.framework */,
				65E8967B1E73311F000D470B /* Foundation.framework */,
				659E25D51E70BCAE00217A12 /* CoreVideo.framework */,
			);
			name = Frameworks;
			sourceTree = "<group>";
		};
		65BC80FA1DF8D8BB00331165 /* Library */ = {
			isa = PBXGroup;
			children = (
				65BC80FB1DF8D8BB00331165 /* Engine */,
			);
			path = Library;
			sourceTree = "<group>";
		};
		65BC80FB1DF8D8BB00331165 /* Engine */ = {
			isa = PBXGroup;
			children = (
				65CCD0451F2CAA7800EB2AC5 /* Main */,
				65CCD0441F2CA94700EB2AC5 /* Misc */,
				65CCD0431F2CA73400EB2AC5 /* Effects */,
				65CCD0421F2CA6FE00EB2AC5 /* Outputs */,
				65BC810F1DF8D8BB00331165 /* Properties */,
				65CCD03E1F2CA11300EB2AC5 /* Visuals */,
				65D3A5D21F2A9B8D00CE6885 /* FileHandling */,
				65CCD0411F2CA6EC00EB2AC5 /* Inputs */,
				65BC81021DF8D8BB00331165 /* Engine.mm */,
				65CCD0461F2CACA900EB2AC5 /* Engine.h */,
				65CCD0401F2CA5CC00EB2AC5 /* __Deprecated */,
			);
			path = Engine;
			sourceTree = "<group>";
		};
		65BC810F1DF8D8BB00331165 /* Properties */ = {
			isa = PBXGroup;
			children = (
				65BC81101DF8D8BB00331165 /* LayerProperties.h */,
				65BC81111DF8D8BB00331165 /* LayerProperties.mm */,
				65BC81121DF8D8BB00331165 /* Properties.h */,
				65BC81131DF8D8BB00331165 /* Properties.mm */,
				65BC81141DF8D8BB00331165 /* SetProperties.h */,
				65BC81151DF8D8BB00331165 /* SetProperties.mm */,
				65BC81161DF8D8BB00331165 /* VisualInstancesProperties.h */,
				65BC81171DF8D8BB00331165 /* VisualInstancesProperties.mm */,
				65CCD04D1F2CC30400EB2AC5 /* EngineProperties.mm */,
				65CCD04E1F2CC30400EB2AC5 /* EngineProperties.h */,
			);
			path = Properties;
			sourceTree = "<group>";
		};
		65BC812A1DF8D8E400331165 /* ofxSyphon */ = {
			isa = PBXGroup;
			children = (
				65BC812B1DF8D94600331165 /* libs */,
				65BC81331DF8D94600331165 /* src */,
			);
			name = ofxSyphon;
			sourceTree = "<group>";
		};
		65BC812B1DF8D94600331165 /* libs */ = {
			isa = PBXGroup;
			children = (
				65BC812C1DF8D94600331165 /* Syphon */,
			);
			name = libs;
			path = ofxSyphon/libs;
			sourceTree = "<group>";
		};
		65BC812C1DF8D94600331165 /* Syphon */ = {
			isa = PBXGroup;
			children = (
				65BC812D1DF8D94600331165 /* lib */,
				65BC81301DF8D94600331165 /* src */,
			);
			path = Syphon;
			sourceTree = "<group>";
		};
		65BC812D1DF8D94600331165 /* lib */ = {
			isa = PBXGroup;
			children = (
				65BC812E1DF8D94600331165 /* osx */,
			);
			path = lib;
			sourceTree = "<group>";
		};
		65BC812E1DF8D94600331165 /* osx */ = {
			isa = PBXGroup;
			children = (
				65BC812F1DF8D94600331165 /* Syphon.framework */,
			);
			path = osx;
			sourceTree = "<group>";
		};
		65BC81301DF8D94600331165 /* src */ = {
			isa = PBXGroup;
			children = (
				65BC81311DF8D94600331165 /* SyphonNameboundClient.h */,
				65BC81321DF8D94600331165 /* SyphonNameboundClient.m */,
			);
			path = src;
			sourceTree = "<group>";
		};
		65BC81331DF8D94600331165 /* src */ = {
			isa = PBXGroup;
			children = (
				65BC81341DF8D94600331165 /* ofxSyphon.h */,
				65BC81351DF8D94600331165 /* ofxSyphonClient.h */,
				65BC81361DF8D94600331165 /* ofxSyphonClient.mm */,
				65BC81371DF8D94600331165 /* ofxSyphonServer.h */,
				65BC81381DF8D94600331165 /* ofxSyphonServer.mm */,
				65BC81391DF8D94600331165 /* ofxSyphonServerDirectory.h */,
				65BC813A1DF8D94600331165 /* ofxSyphonServerDirectory.mm */,
			);
			name = src;
			path = ofxSyphon/src;
			sourceTree = "<group>";
		};
		65BC813B1DF8D95600331165 /* ofxOsc */ = {
			isa = PBXGroup;
			children = (
				65BC81591DF8D96500331165 /* src */,
				65BC813C1DF8D96500331165 /* libs */,
			);
			path = ofxOsc;
			sourceTree = "<group>";
		};
		65BC813C1DF8D96500331165 /* libs */ = {
			isa = PBXGroup;
			children = (
				65BC813D1DF8D96500331165 /* oscpack */,
			);
			path = libs;
			sourceTree = "<group>";
		};
		65BC813D1DF8D96500331165 /* oscpack */ = {
			isa = PBXGroup;
			children = (
				65BC813E1DF8D96500331165 /* src */,
			);
			path = oscpack;
			sourceTree = "<group>";
		};
		65BC813E1DF8D96500331165 /* src */ = {
			isa = PBXGroup;
			children = (
				65BC813F1DF8D96500331165 /* ip */,
				65BC814C1DF8D96500331165 /* osc */,
			);
			path = src;
			sourceTree = "<group>";
		};
		65BC813F1DF8D96500331165 /* ip */ = {
			isa = PBXGroup;
			children = (
				65BC81401DF8D96500331165 /* IpEndpointName.cpp */,
				65BC81411DF8D96500331165 /* IpEndpointName.h */,
				65BC81421DF8D96500331165 /* NetworkingUtils.h */,
				65BC81431DF8D96500331165 /* PacketListener.h */,
				65BC81441DF8D96500331165 /* posix */,
				65BC81471DF8D96500331165 /* TimerListener.h */,
				65BC81481DF8D96500331165 /* UdpSocket.h */,
				65BC81491DF8D96500331165 /* win32 */,
			);
			path = ip;
			sourceTree = "<group>";
		};
		65BC81441DF8D96500331165 /* posix */ = {
			isa = PBXGroup;
			children = (
				65BC81451DF8D96500331165 /* NetworkingUtils.cpp */,
				65BC81461DF8D96500331165 /* UdpSocket.cpp */,
			);
			path = posix;
			sourceTree = "<group>";
		};
		65BC81491DF8D96500331165 /* win32 */ = {
			isa = PBXGroup;
			children = (
				65BC814A1DF8D96500331165 /* NetworkingUtils.cpp */,
				65BC814B1DF8D96500331165 /* UdpSocket.cpp */,
			);
			path = win32;
			sourceTree = "<group>";
		};
		65BC814C1DF8D96500331165 /* osc */ = {
			isa = PBXGroup;
			children = (
				65BC814D1DF8D96500331165 /* MessageMappingOscPacketListener.h */,
				65BC814E1DF8D96500331165 /* OscException.h */,
				65BC814F1DF8D96500331165 /* OscHostEndianness.h */,
				65BC81501DF8D96500331165 /* OscOutboundPacketStream.cpp */,
				65BC81511DF8D96500331165 /* OscOutboundPacketStream.h */,
				65BC81521DF8D96500331165 /* OscPacketListener.h */,
				65BC81531DF8D96500331165 /* OscPrintReceivedElements.cpp */,
				65BC81541DF8D96500331165 /* OscPrintReceivedElements.h */,
				65BC81551DF8D96500331165 /* OscReceivedElements.cpp */,
				65BC81561DF8D96500331165 /* OscReceivedElements.h */,
				65BC81571DF8D96500331165 /* OscTypes.cpp */,
				65BC81581DF8D96500331165 /* OscTypes.h */,
			);
			path = osc;
			sourceTree = "<group>";
		};
		65BC81591DF8D96500331165 /* src */ = {
			isa = PBXGroup;
			children = (
				65BC815A1DF8D96500331165 /* ofxOsc.h */,
				65BC815B1DF8D96500331165 /* ofxOscArg.h */,
				65BC815C1DF8D96500331165 /* ofxOscBundle.cpp */,
				65BC815D1DF8D96500331165 /* ofxOscBundle.h */,
				65BC815E1DF8D96500331165 /* ofxOscMessage.cpp */,
				65BC815F1DF8D96500331165 /* ofxOscMessage.h */,
				65BC81601DF8D96500331165 /* ofxOscParameterSync.cpp */,
				65BC81611DF8D96500331165 /* ofxOscParameterSync.h */,
				65BC81621DF8D96500331165 /* ofxOscReceiver.cpp */,
				65BC81631DF8D96500331165 /* ofxOscReceiver.h */,
				65BC81641DF8D96500331165 /* ofxOscSender.cpp */,
				65BC81651DF8D96500331165 /* ofxOscSender.h */,
			);
			path = src;
			sourceTree = "<group>";
		};
		65BC81661DF8D9A300331165 /* ofxMidi */ = {
			isa = PBXGroup;
			children = (
				65BC81671DF8D9CA00331165 /* src */,
			);
			name = ofxMidi;
			sourceTree = "<group>";
		};
		65BC81671DF8D9CA00331165 /* src */ = {
			isa = PBXGroup;
			children = (
				65BC81681DF8D9CA00331165 /* desktop */,
				65BC81721DF8D9CA00331165 /* ios */,
				65BC81871DF8D9CA00331165 /* ofxBaseMidi.cpp */,
				65BC81881DF8D9CA00331165 /* ofxBaseMidi.h */,
				65BC81891DF8D9CA00331165 /* ofxMidi.cpp */,
				65BC818A1DF8D9CA00331165 /* ofxMidi.h */,
				65BC818B1DF8D9CA00331165 /* ofxMidiConstants.h */,
				65BC818C1DF8D9CA00331165 /* ofxMidiIn.cpp */,
				65BC818D1DF8D9CA00331165 /* ofxMidiIn.h */,
				65BC818E1DF8D9CA00331165 /* ofxMidiMessage.cpp */,
				65BC818F1DF8D9CA00331165 /* ofxMidiMessage.h */,
				65BC81901DF8D9CA00331165 /* ofxMidiOut.cpp */,
				65BC81911DF8D9CA00331165 /* ofxMidiOut.h */,
				65BC81921DF8D9CA00331165 /* ofxMidiTypes.h */,
				65F6C54C1F43AAA600270C51 /* ofxMidiIn.cpp */,
				65F6C54A1F43AA9A00270C51 /* ofxMidiOut.cpp */,
				65F6C5481F43AA9100270C51 /* ofxMidi.cpp */,
				65F6C5461F43AA6900270C51 /* ofxMidiMessage.cpp */,
			);
			name = src;
			path = ofxMidi/src;
			sourceTree = "<group>";
		};
		65BC81681DF8D9CA00331165 /* desktop */ = {
			isa = PBXGroup;
			children = (
				65BC81691DF8D9CA00331165 /* ofxRtMidiIn.cpp */,
				65BC816A1DF8D9CA00331165 /* ofxRtMidiIn.h */,
				65BC816B1DF8D9CA00331165 /* ofxRtMidiOut.cpp */,
				65BC816C1DF8D9CA00331165 /* ofxRtMidiOut.h */,
				65C1EB151E6E1D16003F731D /* rtmidi */,
			);
			path = desktop;
			sourceTree = "<group>";
		};
		65BC81721DF8D9CA00331165 /* ios */ = {
			isa = PBXGroup;
			children = (
				65BC81731DF8D9CA00331165 /* ofxPGMidiContext.h */,
				65BC81741DF8D9CA00331165 /* ofxPGMidiContext.mm */,
				65BC81751DF8D9CA00331165 /* ofxPGMidiDelegate.h */,
				65BC81761DF8D9CA00331165 /* ofxPGMidiDelegate.mm */,
				65BC81771DF8D9CA00331165 /* ofxPGMidiIn.h */,
				65BC81781DF8D9CA00331165 /* ofxPGMidiIn.mm */,
				65BC81791DF8D9CA00331165 /* ofxPGMidiOut.h */,
				65BC817A1DF8D9CA00331165 /* ofxPGMidiOut.mm */,
				65BC817B1DF8D9CA00331165 /* ofxPGMidiSourceDelegate.h */,
				65BC817C1DF8D9CA00331165 /* ofxPGMidiSourceDelegate.mm */,
			);
			path = ios;
			sourceTree = "<group>";
		};
		65BC81931DF8D9D600331165 /* ofxXmlSettings */ = {
			isa = PBXGroup;
			children = (
				65BC81941DF8D9D600331165 /* libs */,
				65BC81991DF8D9D600331165 /* src */,
			);
			path = ofxXmlSettings;
			sourceTree = "<group>";
		};
		65BC81941DF8D9D600331165 /* libs */ = {
			isa = PBXGroup;
			children = (
				65E6BD361F44691E008E4F9E /* tinyxml.cpp */,
				65E6BD371F44691E008E4F9E /* tinyxml.h */,
				65E6BD381F44691E008E4F9E /* tinyxmlerror.cpp */,
				65E6BD391F44691E008E4F9E /* tinyxmlparser.cpp */,
			);
			name = libs;
			path = Vendor/ofxXmlSettings/libs;
			sourceTree = "<group>";
		};
		65BC81991DF8D9D600331165 /* src */ = {
			isa = PBXGroup;
			children = (
				65BC819A1DF8D9D600331165 /* ofxXmlSettings.cpp */,
				65BC819B1DF8D9D600331165 /* ofxXmlSettings.h */,
			);
			path = src;
			sourceTree = "<group>";
		};
		65C1EB151E6E1D16003F731D /* rtmidi */ = {
			isa = PBXGroup;
			children = (
				65C1EB161E6E1D16003F731D /* readme */,
				65C1EB171E6E1D16003F731D /* RtMidi.cpp */,
				65C1EB181E6E1D16003F731D /* RtMidi.h */,
			);
			name = rtmidi;
			path = ../../libs/rtmidi;
			sourceTree = "<group>";
		};
		65CCD03E1F2CA11300EB2AC5 /* Visuals */ = {
			isa = PBXGroup;
			children = (
				65BC81201DF8D8BB00331165 /* Visual.h */,
				65BC81211DF8D8BB00331165 /* Visual.mm */,
				65BC81221DF8D8BB00331165 /* VisualCamera.h */,
				65BC81231DF8D8BB00331165 /* VisualCamera.mm */,
				65BC81241DF8D8BB00331165 /* VisualInstance.h */,
				65BC81251DF8D8BB00331165 /* VisualInstance.mm */,
				65BC81261DF8D8BB00331165 /* VisualSyphon.h */,
				65BC81271DF8D8BB00331165 /* VisualSyphon.mm */,
				65BC81281DF8D8BB00331165 /* VisualVideo.h */,
				65BC81291DF8D8BB00331165 /* VisualVideo.mm */,
				65EF0A191F424DC900C5FB69 /* Visuals.mm */,
				65EF0A1A1F424DC900C5FB69 /* Visuals.h */,
			);
			path = Visuals;
			sourceTree = "<group>";
		};
		65CCD0401F2CA5CC00EB2AC5 /* __Deprecated */ = {
			isa = PBXGroup;
			children = (
			);
			name = __Deprecated;
			sourceTree = "<group>";
		};
		65CCD0411F2CA6EC00EB2AC5 /* Inputs */ = {
			isa = PBXGroup;
			children = (
				65BC80FF1DF8D8BB00331165 /* Controller.h */,
				65BC81001DF8D8BB00331165 /* Controller.mm */,
				65BC810B1DF8D8BB00331165 /* Midi.h */,
				65BC810C1DF8D8BB00331165 /* Midi.mm */,
				65BC810D1DF8D8BB00331165 /* Osc.h */,
				65BC810E1DF8D8BB00331165 /* Osc.mm */,
			);
			path = Inputs;
			sourceTree = "<group>";
		};
		65CCD0421F2CA6FE00EB2AC5 /* Outputs */ = {
			isa = PBXGroup;
			children = (
				65BC811E1DF8D8BB00331165 /* SyphonOutputManager.h */,
				65BC811F1DF8D8BB00331165 /* SyphonOutputManager.mm */,
			);
			path = Outputs;
			sourceTree = "<group>";
		};
		65CCD0431F2CA73400EB2AC5 /* Effects */ = {
			isa = PBXGroup;
			children = (
				65BC81051DF8D8BB00331165 /* FreeFrameFilters.h */,
				65BC81061DF8D8BB00331165 /* FreeFrameFilters.mm */,
			);
			path = Effects;
			sourceTree = "<group>";
		};
		65CCD0441F2CA94700EB2AC5 /* Misc */ = {
			isa = PBXGroup;
			children = (
				65BC80FE1DF8D8BB00331165 /* AppProtocol.h */,
				65BC81091DF8D8BB00331165 /* Metronome.h */,
				65BC810A1DF8D8BB00331165 /* Metronome.mm */,
				657E13F91E85D6D900DDE6D2 /* Utils.h */,
				651E5BA71F2E1673008B4FEF /* Utils.cpp */,
			);
			path = Misc;
			sourceTree = "<group>";
		};
		65CCD0451F2CAA7800EB2AC5 /* Main */ = {
			isa = PBXGroup;
			children = (
				65BC80FC1DF8D8BB00331165 /* Action.h */,
				65BC80FD1DF8D8BB00331165 /* Action.mm */,
				65BC811C1DF8D8BB00331165 /* Set.h */,
				65BC811D1DF8D8BB00331165 /* Set.mm */,
				65BC81181DF8D8BB00331165 /* Scene.h */,
				65BC81191DF8D8BB00331165 /* Scene.mm */,
				65BC811A1DF8D8BB00331165 /* Screen.h */,
				65BC811B1DF8D8BB00331165 /* Screen.mm */,
				65BC81071DF8D8BB00331165 /* Layer.h */,
				65BC81081DF8D8BB00331165 /* Layer.mm */,
			);
			path = Main;
			sourceTree = "<group>";
		};
		65D3A5D21F2A9B8D00CE6885 /* FileHandling */ = {
			isa = PBXGroup;
			children = (
				65324FAB1F35D280007C9FCF /* JsonLoad.cpp */,
				65D3A5CD1F2A9B8600CE6885 /* JsonLoad.hpp */,
				65D3A5D31F2A9BCF00CE6885 /* JsonSave.cpp */,
				65D3A5D41F2A9BCF00CE6885 /* JsonSave.hpp */,
				65324F9B1F324187007C9FCF /* SetFile.cpp */,
				65324F9C1F324187007C9FCF /* SetFile.hpp */,
			);
			path = FileHandling;
			sourceTree = "<group>";
		};
		65D3A5D81F2AA0FA00CE6885 /* FileHandling */ = {
			isa = PBXGroup;
			children = (
				65D3A5D91F2AA13100CE6885 /* JsonSaveTest.cpp */,
				65CCD0381F2C7EA600EB2AC5 /* JsonLoadTest.cpp */,
			);
			name = FileHandling;
			sourceTree = "<group>";
		};
		65E896521E72E839000D470B /* scripts */ = {
			isa = PBXGroup;
			children = (
				65E896531E72E85B000D470B /* makedocs.sh */,
			);
			name = scripts;
			sourceTree = "<group>";
		};
		65E896551E72F36F000D470B /* Frontend */ = {
			isa = PBXGroup;
			children = (
				65E896561E72F36F000D470B /* ofApp.cpp */,
				65E896571E72F36F000D470B /* ofApp.h */,
			);
			path = Frontend;
			sourceTree = "<group>";
		};
		65E896641E730453000D470B /* CatchCpp */ = {
			isa = PBXGroup;
			children = (
				6511F6181F388F2400B750C2 /* Properties */,
				651767101F2BF3720011D409 /* Fixtures */,
				65D3A5D81F2AA0FA00CE6885 /* FileHandling */,
				65E21BC61EC6764F006D1C37 /* ofApp.cpp */,
				65E21BC71EC6764F006D1C37 /* ofApp.h */,
				65E896651E730453000D470B /* main.cpp */,
				65E8966A1E73098F000D470B /* Engine.cpp */,
				65E8966C1E730C45000D470B /* LayerProperties.cpp */,
				655BFB011E73673000B74446 /* Layer.cpp */,
			);
			name = CatchCpp;
			path = src/CatchCpp;
			sourceTree = "<group>";
		};
		6948EE371B920CB800B5AC1A /* local_addons */ = {
			isa = PBXGroup;
			children = (
			);
			name = local_addons;
			sourceTree = "<group>";
		};
		BB4B014C10F69532006C3DED /* addons */ = {
			isa = PBXGroup;
			children = (
				65BC81931DF8D9D600331165 /* ofxXmlSettings */,
				65BC81661DF8D9A300331165 /* ofxMidi */,
				65BC813B1DF8D95600331165 /* ofxOsc */,
				65BC812A1DF8D8E400331165 /* ofxSyphon */,
			);
			name = addons;
			path = Vendor;
			sourceTree = "<group>";
		};
		E4B69B4A0A3A1720003C02F2 = {
			isa = PBXGroup;
			children = (
				65E6BD471F464F4E008E4F9E /* Syphon.framework */,
				65E6BD451F464E83008E4F9E /* libfmodex.dylib */,
				65F6C5401F42F08A00270C51 /* README.md */,
				E4B6FCAD0C3E899E008CF71C /* openFrameworks-Info.plist */,
				E4EB6923138AFD0F00A09F29 /* Project.xcconfig */,
				E4B69E1C0A3A1BDC003C02F2 /* src */,
				65E896641E730453000D470B /* CatchCpp */,
				BB4B014C10F69532006C3DED /* addons */,
				6948EE371B920CB800B5AC1A /* local_addons */,
				659E25D41E70BCAE00217A12 /* Frameworks */,
				65E896521E72E839000D470B /* scripts */,
				65A186601DF8DF9200BE0219 /* libArbutusLib.a */,
				65E896631E72F420000D470B /* Catch Tests */,
				6504CA6A1ECE4DCC00355E4A /* Test Data */,
			);
			sourceTree = "<group>";
		};
		E4B69E1C0A3A1BDC003C02F2 /* src */ = {
			isa = PBXGroup;
			children = (
				65E896551E72F36F000D470B /* Frontend */,
				65BC80FA1DF8D8BB00331165 /* Library */,
			);
			path = src;
			sourceTree = SOURCE_ROOT;
		};
/* End PBXGroup section */

/* Begin PBXHeadersBuildPhase section */
		65A1865E1DF8DF9200BE0219 /* Headers */ = {
			isa = PBXHeadersBuildPhase;
			buildActionMask = 2147483647;
			files = (
				65CCD0471F2CACA900EB2AC5 /* Engine.h in Headers */,
				65EF0A1D1F424DC900C5FB69 /* Visuals.h in Headers */,
				65D3A5D01F2A9B8600CE6885 /* JsonLoad.hpp in Headers */,
				657E13FA1E85D6D900DDE6D2 /* Utils.h in Headers */,
				65324F9F1F324187007C9FCF /* SetFile.hpp in Headers */,
				65CCD0501F2CC30400EB2AC5 /* EngineProperties.h in Headers */,
				65D3A5D71F2A9BCF00CE6885 /* JsonSave.hpp in Headers */,
			);
			runOnlyForDeploymentPostprocessing = 0;
		};
/* End PBXHeadersBuildPhase section */

/* Begin PBXNativeTarget section */
		65A1865F1DF8DF9200BE0219 /* ArbutusLib */ = {
			isa = PBXNativeTarget;
			buildConfigurationList = 65A1866A1DF8DF9200BE0219 /* Build configuration list for PBXNativeTarget "ArbutusLib" */;
			buildPhases = (
				65A1865C1DF8DF9200BE0219 /* Sources */,
				65A1865D1DF8DF9200BE0219 /* Frameworks */,
				65A1865E1DF8DF9200BE0219 /* Headers */,
				65E896691E730647000D470B /* ShellScript */,
			);
			buildRules = (
			);
			dependencies = (
			);
			name = ArbutusLib;
			productName = ArbutusLib;
			productReference = 65A186601DF8DF9200BE0219 /* libArbutusLib.a */;
			productType = "com.apple.product-type.library.static";
		};
		65E8965B1E72F3FF000D470B /* Catch Tests */ = {
			isa = PBXNativeTarget;
			buildConfigurationList = 65E896601E72F400000D470B /* Build configuration list for PBXNativeTarget "Catch Tests" */;
			buildPhases = (
				65F6C5451F43A6E000270C51 /* ShellScript */,
				65E896581E72F3FF000D470B /* Sources */,
				65E896591E72F3FF000D470B /* Frameworks */,
				65E8965A1E72F3FF000D470B /* Copy Files */,
				65E896841E73377E000D470B /* ShellScript */,
				6504CA6D1ECE4DF200355E4A /* CopyFiles */,
				65CCD0341F2C7DC700EB2AC5 /* CopyFiles */,
			);
			buildRules = (
			);
			dependencies = (
				65E896761E733026000D470B /* PBXTargetDependency */,
			);
			name = "Catch Tests";
			productName = catch;
			productReference = 65E896631E72F420000D470B /* Catch Tests */;
			productType = "com.apple.product-type.tool";
		};
/* End PBXNativeTarget section */

/* Begin PBXProject section */
		E4B69B4C0A3A1720003C02F2 /* Project object */ = {
			isa = PBXProject;
			attributes = {
				LastUpgradeCheck = 0810;
				TargetAttributes = {
					65A1865F1DF8DF9200BE0219 = {
						CreatedOnToolsVersion = 8.1;
						ProvisioningStyle = Automatic;
					};
					65E8965B1E72F3FF000D470B = {
						CreatedOnToolsVersion = 8.2.1;
						ProvisioningStyle = Automatic;
					};
				};
			};
			buildConfigurationList = E4B69B4D0A3A1720003C02F2 /* Build configuration list for PBXProject "ArbutusEngine" */;
			compatibilityVersion = "Xcode 3.2";
			developmentRegion = English;
			hasScannedForEncodings = 0;
			knownRegions = (
				English,
				Japanese,
				French,
				German,
			);
			mainGroup = E4B69B4A0A3A1720003C02F2;
			productRefGroup = E4B69B4A0A3A1720003C02F2;
			projectDirPath = "";
			projectRoot = "";
			targets = (
				65A1865F1DF8DF9200BE0219 /* ArbutusLib */,
				65E8965B1E72F3FF000D470B /* Catch Tests */,
			);
		};
/* End PBXProject section */

/* Begin PBXShellScriptBuildPhase section */
		65E896691E730647000D470B /* ShellScript */ = {
			isa = PBXShellScriptBuildPhase;
			buildActionMask = 2147483647;
			files = (
			);
			inputPaths = (
			);
			outputPaths = (
			);
			runOnlyForDeploymentPostprocessing = 0;
			shellPath = /bin/sh;
			shellScript = "echo \"copying lib fmodex\"\nrsync -aved \"$OF_LIBS_PATH\"/fmodex/lib/osx/libfmodex.dylib \"$TARGET_BUILD_DIR\";\n";
		};
		65E896841E73377E000D470B /* ShellScript */ = {
			isa = PBXShellScriptBuildPhase;
			buildActionMask = 2147483647;
			files = (
			);
			inputPaths = (
			);
			outputPaths = (
			);
			runOnlyForDeploymentPostprocessing = 0;
			shellPath = /bin/sh;
			shellScript = "echo \"Copying fixtures\"\ncp -R src/CatchCpp/Fixtures \"$TARGET_BUILD_DIR\"";
		};
		65F6C5451F43A6E000270C51 /* ShellScript */ = {
			isa = PBXShellScriptBuildPhase;
			buildActionMask = 2147483647;
			files = (
			);
			inputPaths = (
			);
			outputPaths = (
			);
			runOnlyForDeploymentPostprocessing = 0;
			shellPath = /bin/sh;
			shellScript = "echo \"Creating Vendors folder\"\nmkdir Vendor\n\necho \"Copy ofxMidi files\"\ncp -R \"$OF_ADDONS_PATH/ofxMidi\" Vendor/ofxMidi\n\necho \"Copy ofxSyphon files\"\ncp -R \"$OF_ADDONS_PATH/ofxSyphon\" Vendor/ofxSyphon\n\necho \"Copy ofxXmlSettings files\"\ncp -R \"$OF_ADDONS_PATH/ofxXmlSettings\" Vendor/ofxXmlSettings\n\necho \"Copy ofxOsc files\"\ncp -R \"$OF_ADDONS_PATH/ofxOsc\" Vendor/ofxOsc\n\necho \"Copying needed files\"\nmkdir Vendor/fmodex\ncp \"$OF_PATH/libs/fmodex/lib/osx/libfmodex.dylib\" Vendor/fmodex/\n";
		};
/* End PBXShellScriptBuildPhase section */

/* Begin PBXSourcesBuildPhase section */
		65A1865C1DF8DF9200BE0219 /* Sources */ = {
			isa = PBXSourcesBuildPhase;
			buildActionMask = 2147483647;
			files = (
				65EE9A7E1E15AA89008C2091 /* Action.h in Sources */,
				65EE9A7F1E15AA89008C2091 /* Action.mm in Sources */,
				65EE9A801E15AA89008C2091 /* AppProtocol.h in Sources */,
				65CCD04F1F2CC30400EB2AC5 /* EngineProperties.mm in Sources */,
				65EE9A811E15AA89008C2091 /* Controller.h in Sources */,
				65EE9A821E15AA89008C2091 /* Controller.mm in Sources */,
				65EE9A841E15AA89008C2091 /* Engine.mm in Sources */,
				65EE9A871E15AA89008C2091 /* FreeFrameFilters.h in Sources */,
				65EE9A881E15AA89008C2091 /* FreeFrameFilters.mm in Sources */,
				65EE9A891E15AA89008C2091 /* Layer.h in Sources */,
				65EE9A8A1E15AA89008C2091 /* Layer.mm in Sources */,
				65EE9A8B1E15AA89008C2091 /* Metronome.h in Sources */,
				65F6C5411F42F08A00270C51 /* README.md in Sources */,
				65EE9A8C1E15AA89008C2091 /* Metronome.mm in Sources */,
				65EE9A8D1E15AA89008C2091 /* Midi.h in Sources */,
				65EE9A8E1E15AA89008C2091 /* Midi.mm in Sources */,
				65D3A5D51F2A9BCF00CE6885 /* JsonSave.cpp in Sources */,
				65EE9A8F1E15AA89008C2091 /* Osc.h in Sources */,
				65EE9A901E15AA89008C2091 /* Osc.mm in Sources */,
				65EE9A911E15AA89008C2091 /* LayerProperties.h in Sources */,
				65D3A5DB1F2AA13100CE6885 /* JsonSaveTest.cpp in Sources */,
				65EE9A921E15AA89008C2091 /* LayerProperties.mm in Sources */,
				65EE9A931E15AA89008C2091 /* Properties.h in Sources */,
				65EE9A941E15AA89008C2091 /* Properties.mm in Sources */,
				65EE9A951E15AA89008C2091 /* SetProperties.h in Sources */,
				65EE9A961E15AA89008C2091 /* SetProperties.mm in Sources */,
				65EE9A971E15AA89008C2091 /* VisualInstancesProperties.h in Sources */,
				65EE9A981E15AA89008C2091 /* VisualInstancesProperties.mm in Sources */,
				65EE9A991E15AA89008C2091 /* Scene.h in Sources */,
				65EE9A9A1E15AA89008C2091 /* Scene.mm in Sources */,
				65EE9A9B1E15AA89008C2091 /* Screen.h in Sources */,
				65EE9A9C1E15AA89008C2091 /* Screen.mm in Sources */,
				65EE9A9D1E15AA89008C2091 /* Set.h in Sources */,
				65EE9A9E1E15AA89008C2091 /* Set.mm in Sources */,
				65EE9A9F1E15AA89008C2091 /* SyphonOutputManager.h in Sources */,
				65EE9AA01E15AA89008C2091 /* SyphonOutputManager.mm in Sources */,
				65EE9AA11E15AA89008C2091 /* Visual.h in Sources */,
				65EE9AA21E15AA89008C2091 /* Visual.mm in Sources */,
				65324F9D1F324187007C9FCF /* SetFile.cpp in Sources */,
				65EE9AA31E15AA89008C2091 /* VisualCamera.h in Sources */,
				65324FAC1F35D280007C9FCF /* JsonLoad.cpp in Sources */,
				65EE9AA41E15AA89008C2091 /* VisualCamera.mm in Sources */,
				65EE9AA51E15AA89008C2091 /* VisualInstance.h in Sources */,
				65EE9AA61E15AA89008C2091 /* VisualInstance.mm in Sources */,
				651E5BA81F2E1673008B4FEF /* Utils.cpp in Sources */,
				65EE9AA71E15AA89008C2091 /* VisualSyphon.h in Sources */,
				65EE9AA81E15AA89008C2091 /* VisualSyphon.mm in Sources */,
				65EE9AA91E15AA89008C2091 /* VisualVideo.h in Sources */,
				65EE9AAA1E15AA89008C2091 /* VisualVideo.mm in Sources */,
				65EF0A1B1F424DC900C5FB69 /* Visuals.mm in Sources */,
			);
			runOnlyForDeploymentPostprocessing = 0;
		};
		65E896581E72F3FF000D470B /* Sources */ = {
			isa = PBXSourcesBuildPhase;
			buildActionMask = 2147483647;
			files = (
				65E6BD3F1F446BB5008E4F9E /* NetworkingUtils.cpp in Sources */,
				65E6BD3E1F4469DB008E4F9E /* ofxXmlSettings.cpp in Sources */,
				65E6BD321F4467A0008E4F9E /* ofxMidiMessage.cpp in Sources */,
				65E6BD331F4467B1008E4F9E /* ofxMidi.cpp in Sources */,
				65E6BD341F4467C1008E4F9E /* ofxMidiIn.cpp in Sources */,
				65E6BD351F4467C5008E4F9E /* ofxMidiOut.cpp in Sources */,
				65E896931E7342BC000D470B /* ofxSyphonServer.mm in Sources */,
				65E896941E734340000D470B /* ofxSyphonClient.mm in Sources */,
				65E896A11E734F37000D470B /* RtMidi.cpp in Sources */,
				65E896911E733DD2000D470B /* ofxOscMessage.cpp in Sources */,
				65E896921E734275000D470B /* ofxOscReceiver.cpp in Sources */,
				655BFAFB1E735A3D00B74446 /* IpEndpointName.cpp in Sources */,
				65E6BD3A1F44691E008E4F9E /* tinyxml.cpp in Sources */,
				65E6BD3B1F44691E008E4F9E /* tinyxmlerror.cpp in Sources */,
				65E8969F1E734F02000D470B /* OscPrintReceivedElements.cpp in Sources */,
				65E896A01E734F05000D470B /* OscOutboundPacketStream.cpp in Sources */,
				65E8969E1E734EFF000D470B /* OscReceivedElements.cpp in Sources */,
				65E6BD3C1F44691E008E4F9E /* tinyxmlparser.cpp in Sources */,
				65E8969D1E734EEF000D470B /* OscTypes.cpp in Sources */,
				655BFAFA1E7358C000B74446 /* UdpSocket.cpp in Sources */,
				655BFAFD1E735BC100B74446 /* SyphonNameboundClient.m in Sources */,
				65E8969B1E734EB6000D470B /* ofxRtMidiIn.cpp in Sources */,
				65E8969C1E734ED7000D470B /* ofxRtMidiOut.cpp in Sources */,
				65E8969A1E734482000D470B /* ofxBaseMidi.cpp in Sources */,
				65E896661E730453000D470B /* main.cpp in Sources */,
				65E896891E733C88000D470B /* LayerProperties.cpp in Sources */,
				651E5BA91F2E1673008B4FEF /* Utils.cpp in Sources */,
				655BFB001E735F3E00B74446 /* Engine.cpp in Sources */,
				65D3A5DC1F2AA13100CE6885 /* JsonSaveTest.cpp in Sources */,
				655BFB021E73673000B74446 /* Layer.cpp in Sources */,
				65E21BC81EC6764F006D1C37 /* ofApp.cpp in Sources */,
				65CCD0391F2C7EA600EB2AC5 /* JsonLoadTest.cpp in Sources */,
				65D3A5D61F2A9BCF00CE6885 /* JsonSave.cpp in Sources */,
				6511F61B1F388F7000B750C2 /* VisualInstancesPropertiesTest.cpp in Sources */,
				65324FAD1F35D280007C9FCF /* JsonLoad.cpp in Sources */,
				65324F9E1F324187007C9FCF /* SetFile.cpp in Sources */,
				65EF0A1C1F424DC900C5FB69 /* Visuals.mm in Sources */,
			);
			runOnlyForDeploymentPostprocessing = 0;
		};
/* End PBXSourcesBuildPhase section */

/* Begin PBXTargetDependency section */
		65E896761E733026000D470B /* PBXTargetDependency */ = {
			isa = PBXTargetDependency;
			target = 65A1865F1DF8DF9200BE0219 /* ArbutusLib */;
			targetProxy = 65E896751E733026000D470B /* PBXContainerItemProxy */;
		};
/* End PBXTargetDependency section */

/* Begin XCBuildConfiguration section */
		65A186681DF8DF9200BE0219 /* Debug */ = {
			isa = XCBuildConfiguration;
			buildSettings = {
				ALWAYS_SEARCH_USER_PATHS = NO;
				CLANG_ANALYZER_NONNULL = YES;
				CLANG_CXX_LANGUAGE_STANDARD = "gnu++0x";
				CLANG_CXX_LIBRARY = "libc++";
				CLANG_ENABLE_MODULES = YES;
				CLANG_ENABLE_OBJC_ARC = YES;
				CLANG_WARN_BOOL_CONVERSION = YES;
				CLANG_WARN_CONSTANT_CONVERSION = YES;
				CLANG_WARN_DIRECT_OBJC_ISA_USAGE = YES_ERROR;
				CLANG_WARN_DOCUMENTATION_COMMENTS = YES;
				CLANG_WARN_EMPTY_BODY = YES;
				CLANG_WARN_ENUM_CONVERSION = YES;
				CLANG_WARN_INFINITE_RECURSION = YES;
				CLANG_WARN_INT_CONVERSION = YES;
				CLANG_WARN_OBJC_ROOT_CLASS = YES_ERROR;
				CLANG_WARN_SUSPICIOUS_MOVES = YES;
				CLANG_WARN_UNREACHABLE_CODE = YES;
				CLANG_WARN__DUPLICATE_METHOD_MATCH = YES;
				CODE_SIGN_IDENTITY = "-";
				DEBUG_INFORMATION_FORMAT = dwarf;
				ENABLE_STRICT_OBJC_MSGSEND = YES;
				ENABLE_TESTABILITY = YES;
				EXECUTABLE_PREFIX = lib;
				GCC_C_LANGUAGE_STANDARD = gnu99;
				GCC_DYNAMIC_NO_PIC = NO;
				GCC_ENABLE_CPP_EXCEPTIONS = YES;
				GCC_ENABLE_CPP_RTTI = YES;
				GCC_NO_COMMON_BLOCKS = YES;
				GCC_PREPROCESSOR_DEFINITIONS = (
					"DEBUG=1",
					"$(inherited)",
				);
				GCC_WARN_64_TO_32_BIT_CONVERSION = YES;
				GCC_WARN_ABOUT_RETURN_TYPE = YES_ERROR;
				GCC_WARN_UNDECLARED_SELECTOR = YES;
				GCC_WARN_UNINITIALIZED_AUTOS = YES_AGGRESSIVE;
				GCC_WARN_UNUSED_FUNCTION = YES;
				GCC_WARN_UNUSED_VARIABLE = YES;
				HEADER_SEARCH_PATHS = (
					"$(OF_LIBS_PATH)/openframeworks/**",
					"$(OF_LIBS_PATH)/glew/include",
					"$(OF_LIBS_PATH)/tess2/include/**",
					"$(OF_LIBS_PATH)/boost/include/",
					"$(OF_LIBS_PATH)/utf8cpp/include",
					"$(OF_LIBS_PATH)/poco/include",
					"$(OF_LIBS_PATH)/rtAudio/include",
					"$(OF_LIBS_PATH)/FreeImage/include",
					"$(OF_LIBS_PATH)/freetype/include",
					"$(OF_LIBS_PATH)/glut/include",
					"$(OF_LIBS_PATH)/cairo/include/**",
					"$(OF_LIBS_PATH)/fmodex/include",
					"$(OF_LIBS_PATH)/glfw/include",
					"$(OF_LIBS_PATH)/openssl/include",
					"$(OF_ADDONS_PATH)/ofxMidi/src",
					"$(OF_ADDONS_PATH)/ofxMidi/libs/rtmidi",
					"$(OF_ADDONS_PATH)/ofxXmlSettings/src",
					"$(OF_ADDONS_PATH)/ofxXmlSettings/libs",
					"$(OF_ADDONS_PATH)/ofxOsc/src",
					"$(OF_ADDONS_PATH)/ofxOsc/libs/oscpack/src/osc",
					"$(OF_ADDONS_PATH)/ofxOsc/libs/oscpack/src/ip",
					"$(OF_ADDONS_PATH)/ofxSyphon/src",
					"$(SRCROOT)/libs/**",
					src,
				);
				MACOSX_DEPLOYMENT_TARGET = 10.11;
				MTL_ENABLE_DEBUG_INFO = YES;
				OF_ADDONS_PATH = "$(OF_PATH)/addons";
				OF_LIBS_PATH = "$(OF_PATH)/libs";
				PRODUCT_NAME = "$(TARGET_NAME)";
			};
			name = Debug;
		};
		65A186691DF8DF9200BE0219 /* Release */ = {
			isa = XCBuildConfiguration;
			buildSettings = {
				ALWAYS_SEARCH_USER_PATHS = NO;
				CLANG_ANALYZER_NONNULL = YES;
				CLANG_CXX_LANGUAGE_STANDARD = "gnu++0x";
				CLANG_CXX_LIBRARY = "libc++";
				CLANG_ENABLE_MODULES = YES;
				CLANG_ENABLE_OBJC_ARC = YES;
				CLANG_WARN_BOOL_CONVERSION = YES;
				CLANG_WARN_CONSTANT_CONVERSION = YES;
				CLANG_WARN_DIRECT_OBJC_ISA_USAGE = YES_ERROR;
				CLANG_WARN_DOCUMENTATION_COMMENTS = YES;
				CLANG_WARN_EMPTY_BODY = YES;
				CLANG_WARN_ENUM_CONVERSION = YES;
				CLANG_WARN_INFINITE_RECURSION = YES;
				CLANG_WARN_INT_CONVERSION = YES;
				CLANG_WARN_OBJC_ROOT_CLASS = YES_ERROR;
				CLANG_WARN_SUSPICIOUS_MOVES = YES;
				CLANG_WARN_UNREACHABLE_CODE = YES;
				CLANG_WARN__DUPLICATE_METHOD_MATCH = YES;
				CODE_SIGN_IDENTITY = "-";
				COPY_PHASE_STRIP = NO;
				DEBUG_INFORMATION_FORMAT = "dwarf-with-dsym";
				ENABLE_NS_ASSERTIONS = NO;
				ENABLE_STRICT_OBJC_MSGSEND = YES;
				EXECUTABLE_PREFIX = lib;
				GCC_C_LANGUAGE_STANDARD = gnu99;
				GCC_ENABLE_CPP_EXCEPTIONS = YES;
				GCC_ENABLE_CPP_RTTI = YES;
				GCC_NO_COMMON_BLOCKS = YES;
				GCC_WARN_64_TO_32_BIT_CONVERSION = YES;
				GCC_WARN_ABOUT_RETURN_TYPE = YES_ERROR;
				GCC_WARN_UNDECLARED_SELECTOR = YES;
				GCC_WARN_UNINITIALIZED_AUTOS = YES_AGGRESSIVE;
				GCC_WARN_UNUSED_FUNCTION = YES;
				GCC_WARN_UNUSED_VARIABLE = YES;
				HEADER_SEARCH_PATHS = (
					"$(OF_LIBS_PATH)/openframeworks/**",
					"$(OF_LIBS_PATH)/glew/include",
					"$(OF_LIBS_PATH)/tess2/include/**",
					"$(OF_LIBS_PATH)/boost/include/",
					"$(OF_LIBS_PATH)/utf8cpp/include",
					"$(OF_LIBS_PATH)/poco/include",
					"$(OF_LIBS_PATH)/rtAudio/include",
					"$(OF_LIBS_PATH)/FreeImage/include",
					"$(OF_LIBS_PATH)/freetype/include",
					"$(OF_LIBS_PATH)/glut/include",
					"$(OF_LIBS_PATH)/cairo/include/**",
					"$(OF_LIBS_PATH)/fmodex/include",
					"$(OF_LIBS_PATH)/glfw/include",
					"$(OF_LIBS_PATH)/openssl/include",
					"$(OF_ADDONS_PATH)/ofxMidi/src",
					"$(OF_ADDONS_PATH)/ofxMidi/libs/rtmidi",
					"$(OF_ADDONS_PATH)/ofxXmlSettings/src",
					"$(OF_ADDONS_PATH)/ofxXmlSettings/libs",
					"$(OF_ADDONS_PATH)/ofxOsc/src",
					"$(OF_ADDONS_PATH)/ofxOsc/libs/oscpack/src/osc",
					"$(OF_ADDONS_PATH)/ofxOsc/libs/oscpack/src/ip",
					"$(OF_ADDONS_PATH)/ofxSyphon/src",
					"$(SRCROOT)/libs/**",
					src,
				);
				MACOSX_DEPLOYMENT_TARGET = 10.11;
				MTL_ENABLE_DEBUG_INFO = NO;
				OF_ADDONS_PATH = "$(OF_PATH)/addons";
				OF_LIBS_PATH = "$(OF_PATH)/libs";
				PRODUCT_NAME = "$(TARGET_NAME)";
			};
			name = Release;
		};
		65E896611E72F400000D470B /* Debug */ = {
			isa = XCBuildConfiguration;
			buildSettings = {
				ALWAYS_SEARCH_USER_PATHS = YES;
				CLANG_ANALYZER_NONNULL = YES;
				CLANG_CXX_LANGUAGE_STANDARD = "gnu++0x";
				CLANG_CXX_LIBRARY = "libc++";
				CLANG_ENABLE_MODULES = NO;
				CLANG_ENABLE_OBJC_ARC = NO;
				CLANG_WARN_BOOL_CONVERSION = YES;
				CLANG_WARN_CONSTANT_CONVERSION = YES;
				CLANG_WARN_DIRECT_OBJC_ISA_USAGE = YES_ERROR;
				CLANG_WARN_DOCUMENTATION_COMMENTS = YES;
				CLANG_WARN_EMPTY_BODY = YES;
				CLANG_WARN_ENUM_CONVERSION = YES;
				CLANG_WARN_INFINITE_RECURSION = YES;
				CLANG_WARN_INT_CONVERSION = YES;
				CLANG_WARN_OBJC_ROOT_CLASS = YES_ERROR;
				CLANG_WARN_SUSPICIOUS_MOVE = YES;
				CLANG_WARN_UNREACHABLE_CODE = YES;
				CLANG_WARN__DUPLICATE_METHOD_MATCH = YES;
				CODE_SIGN_IDENTITY = "-";
				DEBUG_INFORMATION_FORMAT = dwarf;
				ENABLE_STRICT_OBJC_MSGSEND = NO;
				FRAMEWORK_SEARCH_PATHS = (
					"$(inherited)",
					"$(FRAMEWORK_SEARCH_PATHS_QUOTED_FOR_TARGET_1)",
					"\"$(SRCROOT)/../../../addons/ofxSyphon/libs/Syphon/lib/osx\"",
					"\"$(OF_ADDONS_PATH)/ofxSyphon/libs/Syphon/lib/osx/Syphon.framework\"",
					"\"$(OF_PATH)/libs/openFrameworksCompiled/lib/osx/\"",
				);
				FRAMEWORK_SEARCH_PATHS_QUOTED_FOR_TARGET_1 = "$(OF_PATH)/libs/glut/lib/osx\"";
				GCC_C_LANGUAGE_STANDARD = "compiler-default";
				GCC_DYNAMIC_NO_PIC = NO;
				GCC_NO_COMMON_BLOCKS = NO;
				GCC_PREPROCESSOR_DEFINITIONS = (
					"DEBUG=1",
					"$(inherited)",
				);
				GCC_WARN_64_TO_32_BIT_CONVERSION = YES;
				GCC_WARN_ABOUT_RETURN_TYPE = YES_ERROR;
				GCC_WARN_UNDECLARED_SELECTOR = YES;
				GCC_WARN_UNINITIALIZED_AUTOS = YES_AGGRESSIVE;
				GCC_WARN_UNUSED_FUNCTION = YES;
				GCC_WARN_UNUSED_VARIABLE = YES;
				HEADER_SEARCH_PATHS = (
					"$(OF_LIBS_PATH)/openframeworks/**",
					src,
					"\"$(SRCROOT)/libs\"/**",
					"\"$(SRCROOT)/src/Library/Engine\"",
					"\"$(SRCROOT)/../../../addons/ofxOsc/libs/oscpack/src\"/**",
					"$(OF_LIBS_PATH)/boost/include/",
					"$(OF_LIBS_PATH)/utf8cpp/include",
					"$(OF_LIBS_PATH)/poco/include",
					"$(OF_LIBS_PATH)/rtAudio/include",
					"$(OF_LIBS_PATH)/FreeImage/include",
					"$(OF_LIBS_PATH)/freetype/include",
					"$(OF_LIBS_PATH)/glut/include",
					"$(OF_LIBS_PATH)/cairo/include/**",
					"$(OF_LIBS_PATH)/fmodex/include",
					"$(OF_LIBS_PATH)/glfw/include",
					"$(OF_LIBS_PATH)/openssl/include",
					"$(OF_ADDONS_PATH)/ofxMidi/src",
					"$(OF_ADDONS_PATH)/ofxMidi/libs/rtmidi",
					"$(OF_ADDONS_PATH)/ofxXmlSettings/src",
					"$(OF_ADDONS_PATH)/ofxXmlSettings/libs",
					"$(OF_ADDONS_PATH)/ofxOsc/src",
					"$(OF_ADDONS_PATH)/ofxOsc/libs/oscpack/src/osc",
					"$(OF_ADDONS_PATH)/ofxOsc/libs/oscpack/src/**",
					"$(OF_ADDONS_PATH)/ofxSyphon/src",
					"$(SRCROOT)/libs/**",
					src,
					"$(OF_LIBS_PATH)/glew/include",
					"$(OF_LIBS_PATH)/tess2/include/**",
					"\"$(SRCROOT)/Vendor/ofxSyphon/libs/Syphon/src\"",
				);
				LIBRARY_SEARCH_PATHS = (
					"$(inherited)",
					"\"$(OF_PATH)/libs/openFrameworksCompiled/lib/osx/\"",
				);
				LIB_BOOST_FS = "\"$(OF_PATH)/libs/boost/lib/osx/boost_filesystem.a\"";
				LIB_BOOST_SYSTEM = "\"$(OF_PATH)/libs/boost/lib/osx/boost_system.a\"";
				LIB_CAIRO1 = "\"$(OF_PATH)/libs/cairo/lib/osx/cairo-script-interpreter.a\"";
				LIB_CAIRO2 = "\"$(OF_PATH)/libs/cairo/lib/osx/cairo.a\"";
				LIB_CAIRO3 = "\"$(OF_PATH)/libs/cairo/lib/osx/pixman-1.a\"";
				LIB_FMODEX = "\"$(OF_PATH)/libs/fmodex/lib/osx/libfmodex.dylib\"";
				LIB_FREEIMAGE = "\"$(OF_PATH)/libs/FreeImage/lib/osx/freeimage.a\"";
				LIB_FREETYPE = "\"$(OF_PATH)/libs/freetype/lib/osx/freetype.a\"";
				LIB_GLEW = "\"$(OF_PATH)/libs/glew/lib/osx/glew.a\"";
				LIB_GLFW = "\"$(OF_PATH)/libs/glfw/lib/osx/glfw3.a\"";
				LIB_GLUT = "\"$(OF_PATH)/libs/glut/lib/osx/GLUT.framework/Versions/A/GLUT\"";
				LIB_OPENSSL1 = "\"$(OF_PATH)/libs/openssl/lib/osx/crypto.a\"";
				LIB_OPENSSL2 = "\"$(OF_PATH)/libs/openssl/lib/osx/ssl.a\"";
				LIB_POCO = "$(LIB_POCO_0) $(LIB_POCO_1) $(LIB_POCO_2) $(LIB_POCO_3) $(LIB_POCO_4) $(LIB_POCO_5) $(LIB_POCO_6) $(LIB_POCO_7) $(LIB_POCO_8) $(LIB_POCO_9)";
				LIB_POCO_0 = "\"$(OF_PATH)/libs/poco/lib/osx/PocoCrypto.a\"";
				LIB_POCO_1 = "\"$(OF_PATH)/libs/poco/lib/osx/PocoData.a\"";
				LIB_POCO_2 = "\"$(OF_PATH)/libs/poco/lib/osx/PocoDataSQLite.a\"";
				LIB_POCO_3 = "\"$(OF_PATH)/libs/poco/lib/osx/PocoJSON.a\"";
				LIB_POCO_4 = "\"$(OF_PATH)/libs/poco/lib/osx/PocoUtil.a\"";
				LIB_POCO_5 = "\"$(OF_PATH)/libs/poco/lib/osx/PocoXML.a\"";
				LIB_POCO_6 = "\"$(OF_PATH)/libs/poco/lib/osx/PocoNet.a\"";
				LIB_POCO_7 = "\"$(OF_PATH)/libs/poco/lib/osx/PocoNetSSL.a\"";
				LIB_POCO_8 = "\"$(OF_PATH)/libs/poco/lib/osx/PocoZip.a\"";
				LIB_POCO_9 = "\"$(OF_PATH)/libs/poco/lib/osx/PocoFoundation.a\"";
				LIB_RTAUDIO = "\"$(OF_PATH)/libs/rtAudio/lib/osx/rtAudio.a\"";
				LIB_TESS = "\"$(OF_PATH)/libs/tess2/lib/osx/tess2.a\"";
				MACH_O_TYPE = mh_execute;
				MACOSX_DEPLOYMENT_TARGET = 10.11;
				MTL_ENABLE_DEBUG_INFO = YES;
				OF_CORE_FRAMEWORKS = "$(OF_PATH)/libs/openFrameworksCompiled/lib/osx/openFrameworksDebug.a -framework Accelerate -framework AGL -framework AppKit -framework ApplicationServices -framework AudioToolbox -framework AVFoundation -framework Cocoa -framework CoreAudio -framework CoreFoundation -framework CoreMedia -framework CoreServices -framework CoreVideo -framework IOKit -framework OpenGL -framework QuartzCore -framework QuickTime -framework QTKit -framework GLUT";
				OTHER_LDFLAGS = (
					"$(OF_CORE_LIBS)",
					"$(OF_CORE_FRAMEWORKS)",
				);
				PRODUCT_NAME = "$(TARGET_NAME)";
			};
			name = Debug;
		};
		65E896621E72F400000D470B /* Release */ = {
			isa = XCBuildConfiguration;
			buildSettings = {
				ALWAYS_SEARCH_USER_PATHS = YES;
				CLANG_ANALYZER_NONNULL = YES;
				CLANG_CXX_LANGUAGE_STANDARD = "gnu++0x";
				CLANG_CXX_LIBRARY = "libc++";
				CLANG_ENABLE_MODULES = NO;
				CLANG_ENABLE_OBJC_ARC = NO;
				CLANG_WARN_BOOL_CONVERSION = YES;
				CLANG_WARN_CONSTANT_CONVERSION = YES;
				CLANG_WARN_DIRECT_OBJC_ISA_USAGE = YES_ERROR;
				CLANG_WARN_DOCUMENTATION_COMMENTS = YES;
				CLANG_WARN_EMPTY_BODY = YES;
				CLANG_WARN_ENUM_CONVERSION = YES;
				CLANG_WARN_INFINITE_RECURSION = YES;
				CLANG_WARN_INT_CONVERSION = YES;
				CLANG_WARN_OBJC_ROOT_CLASS = YES_ERROR;
				CLANG_WARN_SUSPICIOUS_MOVE = YES;
				CLANG_WARN_UNREACHABLE_CODE = YES;
				CLANG_WARN__DUPLICATE_METHOD_MATCH = YES;
				CODE_SIGN_IDENTITY = "-";
				COPY_PHASE_STRIP = NO;
				DEBUG_INFORMATION_FORMAT = "dwarf-with-dsym";
				ENABLE_NS_ASSERTIONS = NO;
				ENABLE_STRICT_OBJC_MSGSEND = NO;
				FRAMEWORK_SEARCH_PATHS = (
					"$(inherited)",
					"$(FRAMEWORK_SEARCH_PATHS_QUOTED_FOR_TARGET_1)",
					"\"$(SRCROOT)/../../../addons/ofxSyphon/libs/Syphon/lib/osx\"",
					"\"$(OF_ADDONS_PATH)/ofxSyphon/libs/Syphon/lib/osx/Syphon.framework\"",
					"\"$(OF_PATH)/libs/openFrameworksCompiled/lib/osx/\"",
				);
				FRAMEWORK_SEARCH_PATHS_QUOTED_FOR_TARGET_1 = "$(OF_PATH)/libs/glut/lib/osx\"";
				GCC_C_LANGUAGE_STANDARD = "compiler-default";
				GCC_NO_COMMON_BLOCKS = NO;
				GCC_WARN_64_TO_32_BIT_CONVERSION = YES;
				GCC_WARN_ABOUT_RETURN_TYPE = YES_ERROR;
				GCC_WARN_UNDECLARED_SELECTOR = YES;
				GCC_WARN_UNINITIALIZED_AUTOS = YES_AGGRESSIVE;
				GCC_WARN_UNUSED_FUNCTION = YES;
				GCC_WARN_UNUSED_VARIABLE = YES;
				HEADER_SEARCH_PATHS = (
					"$(OF_LIBS_PATH)/openframeworks/**",
					src,
					"\"$(SRCROOT)/libs\"/**",
					"\"$(SRCROOT)/src/Library/Engine\"",
					"\"$(SRCROOT)/../../../addons/ofxOsc/libs/oscpack/src\"/**",
					"$(OF_LIBS_PATH)/boost/include/",
					"$(OF_LIBS_PATH)/utf8cpp/include",
					"$(OF_LIBS_PATH)/poco/include",
					"$(OF_LIBS_PATH)/rtAudio/include",
					"$(OF_LIBS_PATH)/FreeImage/include",
					"$(OF_LIBS_PATH)/freetype/include",
					"$(OF_LIBS_PATH)/glut/include",
					"$(OF_LIBS_PATH)/cairo/include/**",
					"$(OF_LIBS_PATH)/fmodex/include",
					"$(OF_LIBS_PATH)/glfw/include",
					"$(OF_LIBS_PATH)/openssl/include",
					"$(OF_ADDONS_PATH)/ofxMidi/src",
					"$(OF_ADDONS_PATH)/ofxMidi/libs/rtmidi",
					"$(OF_ADDONS_PATH)/ofxXmlSettings/src",
					"$(OF_ADDONS_PATH)/ofxXmlSettings/libs",
					"$(OF_ADDONS_PATH)/ofxOsc/src",
					"$(OF_ADDONS_PATH)/ofxOsc/libs/oscpack/src/osc",
					"$(OF_ADDONS_PATH)/ofxOsc/libs/oscpack/src/**",
					"$(OF_ADDONS_PATH)/ofxSyphon/src",
					"$(SRCROOT)/libs/**",
					src,
					"$(OF_LIBS_PATH)/glew/include",
					"$(OF_LIBS_PATH)/tess2/include/**",
					"\"$(SRCROOT)/Vendor/ofxSyphon/libs/Syphon/src\"",
				);
				LIBRARY_SEARCH_PATHS = (
					"$(inherited)",
					"\"$(OF_PATH)/libs/openFrameworksCompiled/lib/osx/\"",
				);
				LIB_BOOST_FS = "\"$(OF_PATH)/libs/boost/lib/osx/boost_filesystem.a\"";
				LIB_BOOST_SYSTEM = "\"$(OF_PATH)/libs/boost/lib/osx/boost_system.a\"";
				LIB_CAIRO1 = "\"$(OF_PATH)/libs/cairo/lib/osx/cairo-script-interpreter.a\"";
				LIB_CAIRO2 = "\"$(OF_PATH)/libs/cairo/lib/osx/cairo.a\"";
				LIB_CAIRO3 = "\"$(OF_PATH)/libs/cairo/lib/osx/pixman-1.a\"";
				LIB_FMODEX = "\"$(OF_PATH)/libs/fmodex/lib/osx/libfmodex.dylib\"";
				LIB_FREEIMAGE = "\"$(OF_PATH)/libs/FreeImage/lib/osx/freeimage.a\"";
				LIB_FREETYPE = "\"$(OF_PATH)/libs/freetype/lib/osx/freetype.a\"";
				LIB_GLEW = "\"$(OF_PATH)/libs/glew/lib/osx/glew.a\"";
				LIB_GLFW = "\"$(OF_PATH)/libs/glfw/lib/osx/glfw3.a\"";
				LIB_GLUT = "\"$(OF_PATH)/libs/glut/lib/osx/GLUT.framework/Versions/A/GLUT\"";
				LIB_OPENSSL1 = "\"$(OF_PATH)/libs/openssl/lib/osx/crypto.a\"";
				LIB_OPENSSL2 = "\"$(OF_PATH)/libs/openssl/lib/osx/ssl.a\"";
				LIB_POCO = "$(LIB_POCO_0) $(LIB_POCO_1) $(LIB_POCO_2) $(LIB_POCO_3) $(LIB_POCO_4) $(LIB_POCO_5) $(LIB_POCO_6) $(LIB_POCO_7) $(LIB_POCO_8) $(LIB_POCO_9)";
				LIB_POCO_0 = "\"$(OF_PATH)/libs/poco/lib/osx/PocoCrypto.a\"";
				LIB_POCO_1 = "\"$(OF_PATH)/libs/poco/lib/osx/PocoData.a\"";
				LIB_POCO_2 = "\"$(OF_PATH)/libs/poco/lib/osx/PocoDataSQLite.a\"";
				LIB_POCO_3 = "\"$(OF_PATH)/libs/poco/lib/osx/PocoJSON.a\"";
				LIB_POCO_4 = "\"$(OF_PATH)/libs/poco/lib/osx/PocoUtil.a\"";
				LIB_POCO_5 = "\"$(OF_PATH)/libs/poco/lib/osx/PocoXML.a\"";
				LIB_POCO_6 = "\"$(OF_PATH)/libs/poco/lib/osx/PocoNet.a\"";
				LIB_POCO_7 = "\"$(OF_PATH)/libs/poco/lib/osx/PocoNetSSL.a\"";
				LIB_POCO_8 = "\"$(OF_PATH)/libs/poco/lib/osx/PocoZip.a\"";
				LIB_POCO_9 = "\"$(OF_PATH)/libs/poco/lib/osx/PocoFoundation.a\"";
				LIB_RTAUDIO = "\"$(OF_PATH)/libs/rtAudio/lib/osx/rtAudio.a\"";
				LIB_TESS = "\"$(OF_PATH)/libs/tess2/lib/osx/tess2.a\"";
				MACH_O_TYPE = mh_execute;
				MACOSX_DEPLOYMENT_TARGET = 10.11;
				MTL_ENABLE_DEBUG_INFO = NO;
				OF_CORE_FRAMEWORKS = "$(OF_PATH)/libs/openFrameworksCompiled/lib/osx/openFrameworksDebug.a -framework Accelerate -framework AGL -framework AppKit -framework ApplicationServices -framework AudioToolbox -framework AVFoundation -framework Cocoa -framework CoreAudio -framework CoreFoundation -framework CoreMedia -framework CoreServices -framework CoreVideo -framework IOKit -framework OpenGL -framework QuartzCore -framework QuickTime -framework QTKit -framework GLUT";
				OTHER_LDFLAGS = (
					"$(OF_CORE_LIBS)",
					"$(OF_CORE_FRAMEWORKS)",
				);
				PRODUCT_NAME = "$(TARGET_NAME)";
			};
			name = Release;
		};
		E4B69B4E0A3A1720003C02F2 /* Debug */ = {
			isa = XCBuildConfiguration;
			baseConfigurationReference = E4EB6923138AFD0F00A09F29 /* Project.xcconfig */;
			buildSettings = {
				CLANG_ANALYZER_LOCALIZABILITY_NONLOCALIZED = YES;
				CONFIGURATION_BUILD_DIR = "$(SRCROOT)/bin/";
				COPY_PHASE_STRIP = NO;
				DEAD_CODE_STRIPPING = YES;
				ENABLE_TESTABILITY = YES;
				GCC_AUTO_VECTORIZATION = YES;
				GCC_ENABLE_SSE3_EXTENSIONS = YES;
				GCC_ENABLE_SUPPLEMENTAL_SSE3_INSTRUCTIONS = YES;
				GCC_INLINES_ARE_PRIVATE_EXTERN = NO;
				GCC_OPTIMIZATION_LEVEL = 0;
				GCC_SYMBOLS_PRIVATE_EXTERN = NO;
				GCC_WARN_ABOUT_DEPRECATED_FUNCTIONS = YES;
				GCC_WARN_ABOUT_INVALID_OFFSETOF_MACRO = NO;
				GCC_WARN_ALLOW_INCOMPLETE_PROTOCOL = NO;
				GCC_WARN_UNINITIALIZED_AUTOS = NO;
				GCC_WARN_UNUSED_VALUE = NO;
				GCC_WARN_UNUSED_VARIABLE = NO;
				HEADER_SEARCH_PATHS = (
					"$(OF_PATH)/libs/openframeworks/**",
					"$(OF_PATH)/libs/glew/include/**",
					src,
				);
				MACOSX_DEPLOYMENT_TARGET = 10.8;
				OF_ADDONS_PATH = "$(OF_PATH)/addons";
				OF_CORE_LIBS = "$(LIB_POCO) $(LIB_TESS) $(LIB_GLEW) $(LIB_CAIRO1) $(LIB_CAIRO2) $(LIB_CAIRO3) $(LIB_FMODEX) $(LIB_RTAUDIO) $(LIB_OPENSSL1) $(LIB_OPENSSL2) $(LIB_GLFW) $(LIB_FREEIMAGE) $(LIB_FREETYPE) $(LIB_BOOST_FS) $(LIB_BOOST_SYSTEM)";
				OF_LIBS_PATH = "$(OF_PATH)/libs";
				OF_PATH = ../of_v0.9.8_osx_release;
				ONLY_ACTIVE_ARCH = YES;
				OTHER_CPLUSPLUSFLAGS = (
					"-D__MACOSX_CORE__",
					"-mtune=native",
				);
				SDKROOT = macosx;
			};
			name = Debug;
		};
		E4B69B4F0A3A1720003C02F2 /* Release */ = {
			isa = XCBuildConfiguration;
			baseConfigurationReference = E4EB6923138AFD0F00A09F29 /* Project.xcconfig */;
			buildSettings = {
				CLANG_ANALYZER_LOCALIZABILITY_NONLOCALIZED = YES;
				CONFIGURATION_BUILD_DIR = "$(SRCROOT)/bin/";
				COPY_PHASE_STRIP = YES;
				DEAD_CODE_STRIPPING = YES;
				GCC_AUTO_VECTORIZATION = YES;
				GCC_ENABLE_SSE3_EXTENSIONS = YES;
				GCC_ENABLE_SUPPLEMENTAL_SSE3_INSTRUCTIONS = YES;
				GCC_INLINES_ARE_PRIVATE_EXTERN = NO;
				GCC_OPTIMIZATION_LEVEL = 3;
				GCC_SYMBOLS_PRIVATE_EXTERN = NO;
				GCC_UNROLL_LOOPS = YES;
				GCC_WARN_ABOUT_DEPRECATED_FUNCTIONS = YES;
				GCC_WARN_ABOUT_INVALID_OFFSETOF_MACRO = NO;
				GCC_WARN_ALLOW_INCOMPLETE_PROTOCOL = NO;
				GCC_WARN_UNINITIALIZED_AUTOS = NO;
				GCC_WARN_UNUSED_VALUE = NO;
				GCC_WARN_UNUSED_VARIABLE = NO;
				HEADER_SEARCH_PATHS = (
					"$(OF_PATH)/libs/openframeworks/**",
					"$(OF_PATH)/libs/glew/include/**",
					src,
				);
				MACOSX_DEPLOYMENT_TARGET = 10.8;
				OF_ADDONS_PATH = "$(OF_PATH)/addons";
				OF_CORE_LIBS = "$(LIB_POCO) $(LIB_TESS) $(LIB_GLEW) $(LIB_CAIRO1) $(LIB_CAIRO2) $(LIB_CAIRO3) $(LIB_FMODEX) $(LIB_RTAUDIO) $(LIB_OPENSSL1) $(LIB_OPENSSL2) $(LIB_GLFW) $(LIB_FREEIMAGE) $(LIB_FREETYPE) $(LIB_BOOST_FS) $(LIB_BOOST_SYSTEM)";
				OF_LIBS_PATH = "$(OF_PATH)/libs";
				OF_PATH = ../of_v0.9.8_osx_release;
				OTHER_CPLUSPLUSFLAGS = (
					"-D__MACOSX_CORE__",
					"-mtune=native",
				);
				SDKROOT = macosx;
			};
			name = Release;
		};
/* End XCBuildConfiguration section */

/* Begin XCConfigurationList section */
		65A1866A1DF8DF9200BE0219 /* Build configuration list for PBXNativeTarget "ArbutusLib" */ = {
			isa = XCConfigurationList;
			buildConfigurations = (
				65A186681DF8DF9200BE0219 /* Debug */,
				65A186691DF8DF9200BE0219 /* Release */,
			);
			defaultConfigurationIsVisible = 0;
			defaultConfigurationName = Release;
		};
		65E896601E72F400000D470B /* Build configuration list for PBXNativeTarget "Catch Tests" */ = {
			isa = XCConfigurationList;
			buildConfigurations = (
				65E896611E72F400000D470B /* Debug */,
				65E896621E72F400000D470B /* Release */,
			);
			defaultConfigurationIsVisible = 0;
			defaultConfigurationName = Release;
		};
		E4B69B4D0A3A1720003C02F2 /* Build configuration list for PBXProject "ArbutusEngine" */ = {
			isa = XCConfigurationList;
			buildConfigurations = (
				E4B69B4E0A3A1720003C02F2 /* Debug */,
				E4B69B4F0A3A1720003C02F2 /* Release */,
			);
			defaultConfigurationIsVisible = 0;
			defaultConfigurationName = Release;
		};
/* End XCConfigurationList section */
	};
	rootObject = E4B69B4C0A3A1720003C02F2 /* Project object */;
}
